# Generated by conda-lock.
# platform: linux-64
# input_hash: f778c078035a62ba754d59c9d8536ba934d228b594ec369416f1f742d84e44b2
@EXPLICIT
https://conda.anaconda.org/conda-forge/noarch/kernel-headers_linux-64-3.10.0-he073ed8_18.conda#ad8527bf134a90e1c9ed35fa0b64318c
https://conda.anaconda.org/conda-forge/linux-64/libopentelemetry-cpp-headers-1.27.0-ha770c72_1.conda#6cc68cbbe88746be8beaf027d6c64ad3
https://conda.anaconda.org/conda-forge/linux-64/nlohmann_json-3.12.0-h54a6638_1.conda#16c2a0e9c4a166e53632cfca4f68d020
https://conda.anaconda.org/conda-forge/noarch/python_abi-3.10-8_cp310.conda#05e00f3b21e88bb3d658ac700b2ce58c
https://conda.anaconda.org/conda-forge/noarch/tzdata-2026c-h151e31d_0.conda#fcb489df604d100968b737f2cb6076c6
https://conda.anaconda.org/conda-forge/noarch/ca-certificates-2026.7.22-hbd8a1cb_0.conda#0f51e2391ade309db462a55611263e9c
https://conda.anaconda.org/conda-forge/noarch/libgcc-devel_linux-64-14.3.0-hf649bbc_120.conda#a19545f77b60b60b10385b6a654e3943
https://conda.anaconda.org/conda-forge/linux-64/libgomp-16.1.0-he0feb66_1.conda#88f2d91cb1533194c323534253094d23
https://conda.anaconda.org/conda-forge/noarch/libstdcxx-devel_linux-64-14.3.0-h9f08a49_120.conda#0cb29441b705f9a0b251289168265642
https://conda.anaconda.org/conda-forge/linux-64/libzlib-1.3.2-h25fd6f3_3.conda#0de0122d9570a8ab637c6b73db268389
https://conda.anaconda.org/conda-forge/noarch/sysroot_linux-64-2.17-h0157908_18.conda#460eba7851277ec1fd80a1a24080787a
https://conda.anaconda.org/conda-forge/linux-64/_openmp_mutex-4.5-20_gnu.conda#a9f577daf3de00bca7c3c76c0ecbd1de
https://conda.anaconda.org/conda-forge/linux-64/zlib-1.3.2-h25fd6f3_3.conda#6acb86426229f96f93e5468d1df3a5e8
https://conda.anaconda.org/conda-forge/linux-64/zstd-1.5.7-hb78ec9c_6.conda#4a13eeac0b5c8e5b8ab496e6c4ddd829
https://conda.anaconda.org/conda-forge/linux-64/ld_impl_linux-64-2.46.1-default_hbd61a6d_102.conda#449500f2c089da11c40f5c21312e3e07
https://conda.anaconda.org/conda-forge/linux-64/libgcc-16.1.0-ha9f2e26_1.conda#5a7d954665c707c93311657cd779c705
https://conda.anaconda.org/conda-forge/linux-64/aws-c-common-0.14.2-hb03c661_0.conda#f3e0b2e044485ae90d4a59c77e7a0182
https://conda.anaconda.org/conda-forge/linux-64/binutils_impl_linux-64-2.46.1-default_hfdba357_102.conda#a0c5e0b7f58c8ceeb08e5bc41251d5a2
https://conda.anaconda.org/conda-forge/linux-64/bzip2-1.0.8-hda65f42_9.conda#d2ffd7602c02f2b316fd921d39876885
https://conda.anaconda.org/conda-forge/linux-64/c-ares-1.34.8-hb03c661_0.conda#6130ad6705adc993b5d8482b7f66e01f
https://conda.anaconda.org/conda-forge/linux-64/keyutils-1.6.3-hb9d3cd8_0.conda#b38117a3c920364aff79f870c984b4a3
https://conda.anaconda.org/conda-forge/linux-64/libbrotlicommon-1.2.0-hb03c661_1.conda#72c8fd1af66bd67bf580645b426513ed
https://conda.anaconda.org/conda-forge/linux-64/libdeflate-1.25-h17f619e_0.conda#6c77a605a7a689d17d4819c0f8ac9a00
https://conda.anaconda.org/conda-forge/linux-64/libexpat-2.8.1-hecca717_1.conda#b24d3c612f71e7aa74158d92106318b2
https://conda.anaconda.org/conda-forge/linux-64/libffi-3.7.0-h3435931_0.conda#0abe40a9880086ca4d2e5daf09dceff9
https://conda.anaconda.org/conda-forge/linux-64/libgcc-ng-16.1.0-h69a702a_1.conda#7ed870c014a6f23c7dfafda53d2763a9
https://conda.anaconda.org/conda-forge/linux-64/libgfortran5-16.1.0-h79bb938_1.conda#dd51ed33e8c70995f8e33cc9dc537297
https://conda.anaconda.org/conda-forge/linux-64/libiconv-1.18-h3b78370_2.conda#915f5995e94f60e9a4826e0b0920ee88
https://conda.anaconda.org/conda-forge/linux-64/libjpeg-turbo-3.2.0-hb03c661_0.conda#466badda5536d85ddc63ee9404f29735
https://conda.anaconda.org/conda-forge/linux-64/liblzma-5.8.3-hb03c661_0.conda#b88d90cad08e6bc8ad540cb310a761fb
https://conda.anaconda.org/conda-forge/linux-64/libnsl-2.0.1-hb9d3cd8_1.conda#d864d34357c3b65a4b731f78c0801dc4
https://conda.anaconda.org/conda-forge/linux-64/libpng-1.6.58-h421ea60_0.conda#eba48a68a1a2b9d3c0d9511548db85db
https://conda.anaconda.org/conda-forge/linux-64/libstdcxx-16.1.0-h934c35e_1.conda#aed6cf89adc1e9b846e4367ac538e434
https://conda.anaconda.org/conda-forge/linux-64/libutf8proc-2.11.3-hfe17d71_0.conda#1247168fe4a0b8912e3336bccdbf98a5
https://conda.anaconda.org/conda-forge/linux-64/libuuid-2.42.2-h5347b49_0.conda#01bb81d12c957de066ea7362007df642
https://conda.anaconda.org/conda-forge/linux-64/libwebp-base-1.6.0-hd42ef1d_0.conda#aea31d2e5b1091feca96fcfe945c3cf9
https://conda.anaconda.org/conda-forge/linux-64/make-4.4.1-hb9d3cd8_2.conda#33405d2a66b1411db9f7242c8b97c9e7
https://conda.anaconda.org/conda-forge/linux-64/ncurses-6.6-hdb14827_0.conda#fc21868a1a5aacc937e7a18747acb8a5
https://conda.anaconda.org/conda-forge/linux-64/openssl-3.6.3-h35e630c_0.conda#79dd2074b5cd5c5c6b2930514a11e22d
https://conda.anaconda.org/conda-forge/linux-64/pthread-stubs-0.4-hb9d3cd8_1002.conda#b3c17d95b5a10c6e64a21fa17573e70e
https://conda.anaconda.org/conda-forge/linux-64/tk-8.6.13-noxft_hd70dff1_3.conda#48a1049e710857572fc2a832aa394d9f
https://conda.anaconda.org/conda-forge/linux-64/xorg-libxau-1.0.12-hb03c661_1.conda#b2895afaf55bf96a8c8282a2e47a5de0
https://conda.anaconda.org/conda-forge/linux-64/xorg-libxdmcp-1.1.5-hb03c661_1.conda#1dafce8548e38671bea82e3f5c6ce22f
https://conda.anaconda.org/conda-forge/linux-64/aws-c-cal-0.9.14-h2aa3ae6_4.conda#9c6072e7b882d35ac956c07e493d6a9e
https://conda.anaconda.org/conda-forge/linux-64/aws-c-compression-0.3.2-h720e601_4.conda#c9be3f5854f349ae77a1a174b59e11a8
https://conda.anaconda.org/conda-forge/linux-64/aws-c-sdkutils-0.2.7-h720e601_2.conda#816f62fa82532118ebb2398382090945
https://conda.anaconda.org/conda-forge/linux-64/aws-checksums-0.2.10-h720e601_4.conda#24ee781effc5779206a80139323c9caf
https://conda.anaconda.org/conda-forge/linux-64/binutils_linux-64-2.46.1-default_h4852527_102.conda#32fd07abe84eb14f17c7f5cc6fa8df82
https://conda.anaconda.org/conda-forge/linux-64/gflags-2.3.1-h54a6638_0.conda#04be12e7dd050aaf364ece2393988e85
https://conda.anaconda.org/conda-forge/linux-64/icu-78.3-h54a6638_2.conda#4ef4b977bb216a3001a3334696a80850
https://conda.anaconda.org/conda-forge/linux-64/lerc-4.2.0-hdb68285_0.conda#fb9d356b1a57d6d54768be7ebd5fce09
https://conda.anaconda.org/conda-forge/linux-64/libabseil-20260526.0-cxx17_h7b12aa8_1.conda#c4393db381bffa0a83a8d9e47b238106
https://conda.anaconda.org/conda-forge/linux-64/libbrotlidec-1.2.0-hb03c661_1.conda#366b40a69f0ad6072561c1d09301c886
https://conda.anaconda.org/conda-forge/linux-64/libbrotlienc-1.2.0-hb03c661_1.conda#4ffbb341c8b616aa2494b6afb26a0c5f
https://conda.anaconda.org/conda-forge/linux-64/libedit-3.1.20250104-pl5321h7949ede_0.conda#c277e0a4d549b03ac1e9d6cbbe3d017b
https://conda.anaconda.org/conda-forge/linux-64/libev-4.33-hd590300_2.conda#172bf1cd1ff8629f2b1179945ed45055
https://conda.anaconda.org/conda-forge/linux-64/libevent-2.1.12-hf998b51_1.conda#a1cfcc585f0c42bf8d5546bb1dfb668d
https://conda.anaconda.org/conda-forge/linux-64/libfreetype6-2.14.3-h73754d4_0.conda#fb16b4b69e3f1dcfe79d80db8fd0c55d
https://conda.anaconda.org/conda-forge/linux-64/libgfortran-16.1.0-h69a702a_1.conda#2fbed65cc90cf0724e1ec4de13696737
https://conda.anaconda.org/conda-forge/linux-64/libsanitizer-14.3.0-h91d2232_20.conda#1a94c6901b312ea415d280502e11e73f
https://conda.anaconda.org/conda-forge/linux-64/libssh2-1.11.1-hcf80075_0.conda#eecce068c7e4eddeb169591baac20ac4
https://conda.anaconda.org/conda-forge/linux-64/libstdcxx-ng-16.1.0-hdf11a46_1.conda#c94f06123272d8e129d4acf3a25ffb35
https://conda.anaconda.org/conda-forge/linux-64/libxcb-1.17.0-h8a09558_0.conda#92ed62436b625154323d40d5f2f11dd7
https://conda.anaconda.org/conda-forge/linux-64/libxcrypt-4.4.36-hd590300_1.conda#5aa797f8787fe7a17d1b0821485b5adc
https://conda.anaconda.org/conda-forge/linux-64/lz4-c-1.10.0-h5888daf_1.conda#9de5350a85c4a20c685259b889aa6393
https://conda.anaconda.org/conda-forge/linux-64/readline-8.3-h853b02a_0.conda#d7d95fc8287ea7bf33e0e7116d2b95ec
https://conda.anaconda.org/conda-forge/linux-64/s2n-1.7.5-h7e3ee7f_1.conda#fa1c00d999e83ec20173c9775f71a1f1
https://conda.anaconda.org/conda-forge/linux-64/snappy-1.2.2-h03e3b7b_1.conda#98b6c9dc80eb87b2519b97bcf7e578dd
https://conda.anaconda.org/conda-forge/linux-64/zlib-ng-2.3.3-hceb46e0_1.conda#2aadb0d17215603a82a2a6b0afd9a4cb
https://conda.anaconda.org/conda-forge/linux-64/aws-c-io-0.27.3-h6f4d18d_1.conda#bd19b685b88557830f1a617a6d404eb2
https://conda.anaconda.org/conda-forge/linux-64/brotli-bin-1.2.0-hb03c661_1.conda#af39b9a8711d4a8d437b52c1d78eb6a1
https://conda.anaconda.org/conda-forge/linux-64/gcc_impl_linux-64-14.3.0-h054831b_20.conda#3dea03c0b8e4347049c729287bce1d49
https://conda.anaconda.org/conda-forge/linux-64/glog-0.7.1-hb7133d2_1.conda#6941f96b8a8056677d79b4f5a2c4aaca
https://conda.anaconda.org/conda-forge/linux-64/krb5-1.22.2-hbde042b_1.conda#54157a1c8c0bb70f62dd0b17fba7e7f2
https://conda.anaconda.org/conda-forge/linux-64/libcrc32c-1.1.2-h9c3ff4c_0.tar.bz2#c965a5aa0d5c1c37ffc62dff36e28400
https://conda.anaconda.org/conda-forge/linux-64/libfreetype-2.14.3-ha770c72_0.conda#e289f3d17880e44b633ba911d57a321b
https://conda.anaconda.org/conda-forge/linux-64/libnghttp2-1.68.1-h877daf1_0.conda#2a45e7f8af083626f009645a6481f12d
https://conda.anaconda.org/conda-forge/linux-64/libopenblas-0.3.33-pthreads_h94d23a6_0.conda#2d3278b721e40468295ca755c3b84070
https://conda.anaconda.org/conda-forge/linux-64/libprotobuf-7.35.1-h2840a7c_2.conda#729db8acaadb9a5e5bb2dc3d9ac84ae4
https://conda.anaconda.org/conda-forge/linux-64/libpsl-0.22.0-hf670292_2.conda#f4bb2168fb76b16a31ac27e0a372d2e3
https://conda.anaconda.org/conda-forge/linux-64/libre2-11-2025.11.05-h60473fc_2.conda#ee5c400d37b79db5d32a69ed1a79fc0b
https://conda.anaconda.org/conda-forge/linux-64/libsqlite-3.53.4-hf4e2dac_0.conda#df088a279cd5e6fd2790b4c196434da1
https://conda.anaconda.org/conda-forge/linux-64/libthrift-0.22.0-h7d032f7_2.conda#b6e326fbe1e3948da50ec29cee0380db
https://conda.anaconda.org/conda-forge/linux-64/libtiff-4.7.2-h9d88235_0.conda#c1fcb4a88bc15a9f77ad8d27d7af1df9
https://conda.anaconda.org/conda-forge/linux-64/libxml2-16-2.15.3-hca6bf5a_0.conda#e79d2c2f24b027aa8d5ab1b1ba3061e7
https://conda.anaconda.org/conda-forge/linux-64/qhull-2020.2-h434a139_5.conda#353823361b1d27eb3960efb076dfcaf6
https://conda.anaconda.org/conda-forge/linux-64/aws-c-event-stream-0.7.1-h6ffeea8_4.conda#204d1e8d60c3ae839bd1898e4c7742c8
https://conda.anaconda.org/conda-forge/linux-64/aws-c-http-0.11.0-h38ae05a_4.conda#97f2799ae6ff7b6f52dfa321fef9676b
https://conda.anaconda.org/conda-forge/linux-64/brotli-1.2.0-hed03a55_1.conda#8ccf913aaba749a5496c17629d859ed1
https://conda.anaconda.org/conda-forge/linux-64/freetype-2.14.3-ha770c72_0.conda#8462b5322567212beeb025f3519fb3e2
https://conda.anaconda.org/conda-forge/linux-64/gcc_linux-64-14.3.0-h50e9bb6_28.conda#e1023d5c1fe4b3567b3fed605055ca9c
https://conda.anaconda.org/conda-forge/linux-64/gxx_impl_linux-64-14.3.0-h99ea42b_20.conda#87c70ebae07297b78b4ae1a9438944e6
https://conda.anaconda.org/conda-forge/linux-64/lcms2-2.19.1-h0c24ade_1.conda#8b3ce45e929cd8e8e5f4d18586b56d8b
https://conda.anaconda.org/conda-forge/linux-64/libblas-3.11.0-8_h4a7cf45_openblas.conda#00fc660ab1b2f5ca07e92b4900d10c79
https://conda.anaconda.org/conda-forge/linux-64/libcurl-8.21.0-hae6b9f4_2.conda#f9c59d277a16ec8f272b2d5dd2ec3335
https://conda.anaconda.org/conda-forge/linux-64/libxml2-2.15.3-h49c6c72_0.conda#995d8c8bad2a3cc8db14675a153dec2b
https://conda.anaconda.org/conda-forge/linux-64/openjpeg-2.5.4-h55fea9a_0.conda#11b3379b191f63139e29c0d19dee24cd
https://conda.anaconda.org/conda-forge/linux-64/orc-2.3.1-h443056b_0.conda#1280a5f8270f30b89cc8373ecfe8899d
https://conda.anaconda.org/conda-forge/linux-64/python-3.10.20-h267e890_1_cpython.conda#c5eace1c2d8dae0bb08c094617ea8cc7
https://conda.anaconda.org/conda-forge/linux-64/re2-2025.11.05-h94463f1_2.conda#d83f2ee212d217a6d745a00e5be84671
https://conda.anaconda.org/conda-forge/linux-64/aws-c-auth-0.10.4-hb7a77c6_1.conda#4347d5ffdf34adf9c5edd10837727d96
https://conda.anaconda.org/conda-forge/linux-64/aws-c-mqtt-0.16.0-h21f4ec5_2.conda#9728195c2f600ef427a1964ee193e707
https://conda.anaconda.org/conda-forge/linux-64/azure-core-cpp-1.16.3-h206d751_0.conda#0cabc152dc8896c3a4c4aebf2b308627
https://conda.anaconda.org/conda-forge/noarch/cloudpickle-3.1.2-pyhcf101f3_1.conda#61b8078a0905b12529abc622406cb62c
https://conda.anaconda.org/conda-forge/noarch/cycler-0.12.1-pyhcf101f3_2.conda#4c2a8fef270f6c69591889b93f9f55c1
https://conda.anaconda.org/conda-forge/noarch/fsspec-2026.7.0-pyhd8ed1ab_0.conda#b9176565976c773a0739bd83deaf06cc
https://conda.anaconda.org/conda-forge/linux-64/gxx_linux-64-14.3.0-h3ba8f88_28.conda#e4f3255737e8407459f18162ecc1c61c
https://conda.anaconda.org/conda-forge/linux-64/kiwisolver-1.5.0-py310haaf941d_0.conda#8993ab7e5dce89147288dd78686e790c
https://conda.anaconda.org/conda-forge/linux-64/libcblas-3.11.0-8_h0358290_openblas.conda#33a413f1095f8325e5c30fde3b0d2445
https://conda.anaconda.org/conda-forge/linux-64/libgrpc-1.82.1-h792040b_0.conda#aa4571fc3bcf18ad12370429aa991223
https://conda.anaconda.org/conda-forge/linux-64/libhwloc-2.13.0-default_he001693_1000.conda#c197985b58bc813d26b42881f0021c82
https://conda.anaconda.org/conda-forge/linux-64/liblapack-3.11.0-8_h47877c9_openblas.conda#809be8ba8712c77bc7d44c2d99390dc4
https://conda.anaconda.org/conda-forge/linux-64/llvmlite-0.48.0-py310hfa4cad4_1.conda#176ffbfe7ea3b0242992fdc29619c931
https://conda.anaconda.org/conda-forge/noarch/munkres-1.1.4-pyhd8ed1ab_1.conda#37293a85a0f4f77bbd9cf7aaefc62609
https://conda.anaconda.org/conda-forge/noarch/narwhals-2.24.0-pyhcf101f3_0.conda#42ef6cbb3e1d0e6689b9dd160f560eae
https://conda.anaconda.org/conda-forge/noarch/packaging-26.2-pyhc364b38_0.conda#4c06a92e74452cfa53623a81592e8934
https://conda.anaconda.org/conda-forge/linux-64/pillow-12.3.0-py310h5a73078_0.conda#fb6f1c4063f0df1df2e7f6853bd22f8d
https://conda.anaconda.org/conda-forge/linux-64/prometheus-cpp-1.3.0-ha5d0236_0.conda#a83f6a2fdc079e643237887a37460668
https://conda.anaconda.org/conda-forge/noarch/pyparsing-3.3.2-pyhcf101f3_0.conda#3687cc0b82a8b4c17e1f0eb7e47163d5
https://conda.anaconda.org/conda-forge/noarch/python-tzdata-2026.3-pyhd8ed1ab_0.conda#eefc8d916bd2e708d76d40398ef9a1ee
https://conda.anaconda.org/conda-forge/noarch/pytz-2026.3.post1-pyhcf101f3_0.conda#eb2fb9070c0232e96ae5515d8b28e4f9
https://conda.anaconda.org/conda-forge/noarch/scikit-base-0.13.0-pyhc455866_0.conda#bd37443d1704c81a2412d94faaaae7de
https://conda.anaconda.org/conda-forge/noarch/setuptools-83.0.0-pyh332efcf_0.conda#6bf6acbab2499830180ec88c3aff2fa4
https://conda.anaconda.org/conda-forge/noarch/six-1.17.0-pyhe01879c_1.conda#3339e3b65d58accf4ca4fb8748ab16b3
https://conda.anaconda.org/conda-forge/noarch/threadpoolctl-3.6.0-pyhecae5ae_0.conda#9d64911b31d57ca443e9f1e36b04385f
https://conda.anaconda.org/conda-forge/noarch/tqdm-4.70.0-pyh8f84b5b_0.conda#00953c3b729e03b0ae21f49fdf3441bb
https://conda.anaconda.org/conda-forge/linux-64/unicodedata2-17.0.1-py310h7c4b9e2_0.conda#234e9858dd691d3f597147e22cbf16cf
https://conda.anaconda.org/conda-forge/noarch/zipp-4.1.0-pyhcf101f3_0.conda#ba3dcdc8584155c97c648ae9c044b7a3
https://conda.anaconda.org/conda-forge/linux-64/aws-c-s3-0.12.8-h46fcd08_1.conda#706aa99414d18db5b23475b45cc93a0b
https://conda.anaconda.org/conda-forge/linux-64/azure-identity-cpp-1.13.3-h71f81a8_2.conda#f4fc754ec17176046988c46a54962a8c
https://conda.anaconda.org/conda-forge/linux-64/azure-storage-common-cpp-12.14.0-hf596fc9_1.conda#7896f4a6ee78538e2d0261e3b36dfa69
https://conda.anaconda.org/conda-forge/linux-64/fonttools-4.63.0-py310h3406613_0.conda#73c9e3870ca97be05c96962a1606b288
https://conda.anaconda.org/conda-forge/noarch/importlib_resources-7.1.0-pyhd8ed1ab_0.conda#0ba6225c279baf7ea9473a62ea0ec9ae
https://conda.anaconda.org/conda-forge/noarch/joblib-1.5.3-pyhd8ed1ab_0.conda#615de2a4d97af50c350e5cf160149e77
https://conda.anaconda.org/conda-forge/linux-64/libopentelemetry-cpp-1.27.0-h3133023_1.conda#f749f223bede1bac7724e49d686ac598
https://conda.anaconda.org/conda-forge/linux-64/numpy-2.2.6-py310hefbff90_0.conda#b0cea2c364bf65cd19e023040eeab05d
https://conda.anaconda.org/conda-forge/noarch/python-dateutil-2.9.0.post0-pyhe01879c_2.conda#5b8d21249ff20967101ffa321cab24e8
https://conda.anaconda.org/conda-forge/linux-64/tbb-2023.0.0-hab88423_2.conda#7073b15f9364ebc118998601ac6ca6a6
https://conda.anaconda.org/conda-forge/noarch/wheel-0.47.0-pyhd8ed1ab_0.conda#d0e3b2f0030cf4fca58bde71d246e94c
https://conda.anaconda.org/conda-forge/linux-64/aws-crt-cpp-0.40.1-h102d43b_3.conda#3315ce09371baf6d70248b8927aa9866
https://conda.anaconda.org/conda-forge/linux-64/azure-storage-blobs-cpp-12.18.0-h74b55db_1.conda#43151a3b0a8e037747d79a82dff9f967
https://conda.anaconda.org/conda-forge/linux-64/contourpy-1.3.2-py310h3788b33_0.conda#b6420d29123c7c823de168f49ccdfe6a
https://conda.anaconda.org/conda-forge/linux-64/coreforecast-0.0.18-py310h03d9f68_0.conda#c920d69926dc881e26818afd8e5c30bd
https://conda.anaconda.org/conda-forge/noarch/holidays-0.101-pyhcf101f3_0.conda#37923b49cd43a78944ebf20fac75fce4
https://conda.anaconda.org/conda-forge/linux-64/libgoogle-cloud-3.7.0-hbc29df5_0.conda#767b70cdcd4bd5547be6db59a5f8c897
https://conda.anaconda.org/conda-forge/linux-64/numba-0.66.0-py310h1039bb9_0.conda#ab4a35cd9c1d64cae3832ebfe284e7cd
https://conda.anaconda.org/conda-forge/linux-64/pandas-2.3.3-py310h0158d43_2.conda#0610ed073acc4737d036125a5a6dbae2
https://conda.anaconda.org/conda-forge/noarch/patsy-1.0.2-pyhcf101f3_0.conda#8678577a52161cc4e1c93fcc18e8a646
https://conda.anaconda.org/conda-forge/noarch/pip-26.1.2-pyh8b19718_0.conda#511fbc2c63d2c73650ad1755e4d357ba
https://conda.anaconda.org/conda-forge/linux-64/scipy-1.15.2-py310h1d65ade_0.conda#8c29cd33b64b2eb78597fa28b5595c8d
https://conda.anaconda.org/conda-forge/noarch/stanio-0.5.1-pyhd8ed1ab_1.conda#a4b46bbc8e0159f7970afef0ca758fdd
https://conda.anaconda.org/conda-forge/linux-64/tbb-devel-2023.0.0-hab88423_2.conda#64a1e69ab772dd965d78be2734212667
https://conda.anaconda.org/conda-forge/linux-64/aws-sdk-cpp-1.11.833-hc7390e0_9.conda#c65efa87d532339a090c87093097bf09
https://conda.anaconda.org/conda-forge/linux-64/azure-storage-files-datalake-cpp-12.16.0-h1f05bef_1.conda#70972c9cb0893d6499dd4118415a966b
https://conda.anaconda.org/conda-forge/linux-64/cmdstan-2.37.0-hca57ec4_1.conda#4de2d78691c4b8057b6ed3eff0bfb7a4
https://conda.anaconda.org/conda-forge/linux-64/libgoogle-cloud-storage-3.7.0-hdbdcf42_0.conda#44823876c0c3d9a9d522c891929037e8
https://conda.anaconda.org/conda-forge/linux-64/matplotlib-base-3.10.9-py310hfde16b3_0.conda#182cef60d49535a1d8c3db692dbf053d
https://conda.anaconda.org/conda-forge/linux-64/ruptures-1.1.10-py310hf779ad0_0.conda#a835c807eae295d4f71744f177cd92ea
https://conda.anaconda.org/conda-forge/linux-64/scikit-learn-1.7.2-py310h228f341_0.conda#0f3e3324506bd3e67934eda9895f37a7
https://conda.anaconda.org/conda-forge/linux-64/statsmodels-0.14.6-py310hf779ad0_0.conda#cf3a8f8254f0aecb41d09fb2e33763be
https://conda.anaconda.org/conda-forge/noarch/utilsforecast-0.2.16-pyhd8ed1ab_0.conda#b71267d48352df4356bd1c353abc290d
https://conda.anaconda.org/conda-forge/noarch/cmdstanpy-1.3.0-pyhd8ed1ab_0.conda#c44f1676a19ea9bc30d1f0be70a356dc
https://conda.anaconda.org/conda-forge/linux-64/libarrow-25.0.0-h32b7842_3_cpu.conda#afdfa6620932b96e4b74fd2e9c453e6d
https://conda.anaconda.org/conda-forge/linux-64/sktime-0.40.1-py310hff52083_0.conda#78c827ab16f3838f9418b8000a00ed25
https://conda.anaconda.org/conda-forge/linux-64/libarrow-compute-25.0.0-h53684a4_3_cpu.conda#41af8eb51e72db32521ba04d31b7ed94
https://conda.anaconda.org/conda-forge/linux-64/libparquet-25.0.0-h7376487_3_cpu.conda#6df15a1aec4afbefc201bdc2b04fc85c
https://conda.anaconda.org/conda-forge/linux-64/prophet-1.3.0-py310h285ab35_1.conda#0d04aa4d7c08ff34f26652def0a2270e
https://conda.anaconda.org/conda-forge/linux-64/libarrow-acero-25.0.0-h635bf11_3_cpu.conda#eb368348b7519180f55e5b64c24bd6e8
https://conda.anaconda.org/conda-forge/linux-64/pyarrow-core-25.0.0-py310h382fff3_0_cpu.conda#23933ceaa84f0bda59107f321aa740f9
https://conda.anaconda.org/conda-forge/linux-64/libarrow-dataset-25.0.0-h635bf11_3_cpu.conda#90acc7f6b9edace63fa91278694f7344
https://conda.anaconda.org/conda-forge/linux-64/libarrow-substrait-25.0.0-h66fbfdd_3_cpu.conda#56854c4b996dd276be1fe68310a6370f
https://conda.anaconda.org/conda-forge/linux-64/pyarrow-25.0.0-py310hff52083_0.conda#52af28aba92d624cc3b8e830d5671900
https://conda.anaconda.org/conda-forge/noarch/triad-1.0.2-pyhcf101f3_0.conda#b4608921102594e611b8dfb95d4f93cd
https://conda.anaconda.org/conda-forge/noarch/adagio-0.2.6-pyhd8ed1ab_1.conda#e501931a052662243622ca1a56147f5f
https://conda.anaconda.org/conda-forge/noarch/fugue-0.9.7-pyhcf101f3_0.conda#12d96cc81c40a19039cabd9e540b71fa
https://conda.anaconda.org/conda-forge/linux-64/statsforecast-2.0.3-py310h03d9f68_0.conda#3e71fb5462fefca85377686f77d70a72
