# Generated by conda-lock.
# platform: linux-64
# input_hash: 2fe6f94567fdcc43919b98bdf2e2df2ba87a0d1dad2357de726fecafbd016caf
@EXPLICIT
https://conda.anaconda.org/conda-forge/noarch/font-ttf-dejavu-sans-mono-2.37-hab24e00_0.tar.bz2#0c96522c6bdaed4b1566d11387caaf45
https://conda.anaconda.org/conda-forge/noarch/font-ttf-inconsolata-3.000-h77eed37_0.tar.bz2#34893075a5c9e55cdafac56607368fc6
https://conda.anaconda.org/conda-forge/noarch/font-ttf-source-code-pro-2.038-h77eed37_0.tar.bz2#4d59c254e01d9cde7957100457e2d5fb
https://conda.anaconda.org/conda-forge/noarch/font-ttf-ubuntu-0.83-h77eed37_3.conda#49023d73832ef61042f6a237cb2687e7
https://conda.anaconda.org/conda-forge/noarch/python_abi-3.12-8_cp312.conda#c3efd25ac4d74b1584d2f7a57195ddf1
https://conda.anaconda.org/conda-forge/noarch/tzdata-2026c-h151e31d_0.conda#fcb489df604d100968b737f2cb6076c6
https://conda.anaconda.org/conda-forge/noarch/ca-certificates-2026.7.22-hbd8a1cb_0.conda#0f51e2391ade309db462a55611263e9c
https://conda.anaconda.org/conda-forge/noarch/fonts-conda-forge-1-hc364b38_1.conda#a7970cd949a077b7cb9696379d338681
https://conda.anaconda.org/conda-forge/linux-64/libgomp-16.1.0-he0feb66_1.conda#88f2d91cb1533194c323534253094d23
https://conda.anaconda.org/conda-forge/linux-64/libzlib-1.3.2-h25fd6f3_3.conda#0de0122d9570a8ab637c6b73db268389
https://conda.anaconda.org/conda-forge/linux-64/_openmp_mutex-4.5-20_gnu.conda#a9f577daf3de00bca7c3c76c0ecbd1de
https://conda.anaconda.org/conda-forge/noarch/fonts-conda-ecosystem-1-0.tar.bz2#fee5683a3f04bd15cbd8318b096a27ab
https://conda.anaconda.org/conda-forge/linux-64/zlib-1.3.2-h25fd6f3_3.conda#6acb86426229f96f93e5468d1df3a5e8
https://conda.anaconda.org/conda-forge/linux-64/zstd-1.5.7-hb78ec9c_6.conda#4a13eeac0b5c8e5b8ab496e6c4ddd829
https://conda.anaconda.org/conda-forge/linux-64/ld_impl_linux-64-2.46.1-default_hbd61a6d_102.conda#449500f2c089da11c40f5c21312e3e07
https://conda.anaconda.org/conda-forge/linux-64/libgcc-16.1.0-ha9f2e26_1.conda#5a7d954665c707c93311657cd779c705
https://conda.anaconda.org/conda-forge/linux-64/bzip2-1.0.8-hda65f42_9.conda#d2ffd7602c02f2b316fd921d39876885
https://conda.anaconda.org/conda-forge/linux-64/c-ares-1.34.8-hb03c661_0.conda#6130ad6705adc993b5d8482b7f66e01f
https://conda.anaconda.org/conda-forge/linux-64/fribidi-1.0.16-hb03c661_0.conda#f9f81ea472684d75b9dd8d0b328cf655
https://conda.anaconda.org/conda-forge/linux-64/giflib-5.2.2-ha257d8a_1.conda#bd7c3a8586ed0101f094962100d30a63
https://conda.anaconda.org/conda-forge/linux-64/json-c-0.18-h6688a6e_0.conda#38f5dbc9ac808e31c00650f7be1db93f
https://conda.anaconda.org/conda-forge/linux-64/keyutils-1.6.3-hb9d3cd8_0.conda#b38117a3c920364aff79f870c984b4a3
https://conda.anaconda.org/conda-forge/linux-64/libbrotlicommon-1.2.0-hb03c661_1.conda#72c8fd1af66bd67bf580645b426513ed
https://conda.anaconda.org/conda-forge/linux-64/libdeflate-1.25-h17f619e_0.conda#6c77a605a7a689d17d4819c0f8ac9a00
https://conda.anaconda.org/conda-forge/linux-64/libexpat-2.8.1-hecca717_1.conda#b24d3c612f71e7aa74158d92106318b2
https://conda.anaconda.org/conda-forge/linux-64/libffi-3.5.2-h3435931_0.conda#a360c33a5abe61c07959e449fa1453eb
https://conda.anaconda.org/conda-forge/linux-64/libgcc-ng-16.1.0-h69a702a_1.conda#7ed870c014a6f23c7dfafda53d2763a9
https://conda.anaconda.org/conda-forge/linux-64/libgfortran5-16.1.0-h79bb938_1.conda#dd51ed33e8c70995f8e33cc9dc537297
https://conda.anaconda.org/conda-forge/linux-64/libiconv-1.18-h3b78370_2.conda#915f5995e94f60e9a4826e0b0920ee88
https://conda.anaconda.org/conda-forge/linux-64/libjpeg-turbo-3.2.0-hb03c661_0.conda#466badda5536d85ddc63ee9404f29735
https://conda.anaconda.org/conda-forge/linux-64/liblzma-5.8.3-hb03c661_0.conda#b88d90cad08e6bc8ad540cb310a761fb
https://conda.anaconda.org/conda-forge/linux-64/libnsl-2.0.1-hb9d3cd8_1.conda#d864d34357c3b65a4b731f78c0801dc4
https://conda.anaconda.org/conda-forge/linux-64/libpng-1.6.58-h421ea60_0.conda#eba48a68a1a2b9d3c0d9511548db85db
https://conda.anaconda.org/conda-forge/linux-64/libstdcxx-16.1.0-h934c35e_1.conda#aed6cf89adc1e9b846e4367ac538e434
https://conda.anaconda.org/conda-forge/linux-64/libuuid-2.42.2-h5347b49_0.conda#01bb81d12c957de066ea7362007df642
https://conda.anaconda.org/conda-forge/linux-64/libwebp-base-1.6.0-hd42ef1d_0.conda#aea31d2e5b1091feca96fcfe945c3cf9
https://conda.anaconda.org/conda-forge/linux-64/lzo-2.10-h280c20c_1002.conda#45161d96307e3a447cc3eb5896cf6f8c
https://conda.anaconda.org/conda-forge/linux-64/ncurses-6.6-hdb14827_0.conda#fc21868a1a5aacc937e7a18747acb8a5
https://conda.anaconda.org/conda-forge/linux-64/openssl-3.6.3-h35e630c_0.conda#79dd2074b5cd5c5c6b2930514a11e22d
https://conda.anaconda.org/conda-forge/linux-64/pthread-stubs-0.4-hb9d3cd8_1002.conda#b3c17d95b5a10c6e64a21fa17573e70e
https://conda.anaconda.org/conda-forge/linux-64/tk-8.6.13-noxft_hd70dff1_3.conda#48a1049e710857572fc2a832aa394d9f
https://conda.anaconda.org/conda-forge/linux-64/xorg-libice-1.1.2-hb9d3cd8_0.conda#fb901ff28063514abb6046c9ec2c4a45
https://conda.anaconda.org/conda-forge/linux-64/xorg-libxau-1.0.12-hb03c661_1.conda#b2895afaf55bf96a8c8282a2e47a5de0
https://conda.anaconda.org/conda-forge/linux-64/xorg-libxdmcp-1.1.5-hb03c661_1.conda#1dafce8548e38671bea82e3f5c6ce22f
https://conda.anaconda.org/conda-forge/linux-64/geos-3.14.1-h480dda7_0.conda#4d4efd0645cd556fab54617c4ad477ef
https://conda.anaconda.org/conda-forge/linux-64/graphite2-1.3.15-hecca717_0.conda#cf09e9fc938518e91d0706572cadf17a
https://conda.anaconda.org/conda-forge/linux-64/icu-78.3-h54a6638_2.conda#4ef4b977bb216a3001a3334696a80850
https://conda.anaconda.org/conda-forge/linux-64/lerc-4.2.0-hdb68285_0.conda#fb9d356b1a57d6d54768be7ebd5fce09
https://conda.anaconda.org/conda-forge/linux-64/libbrotlidec-1.2.0-hb03c661_1.conda#366b40a69f0ad6072561c1d09301c886
https://conda.anaconda.org/conda-forge/linux-64/libbrotlienc-1.2.0-hb03c661_1.conda#4ffbb341c8b616aa2494b6afb26a0c5f
https://conda.anaconda.org/conda-forge/linux-64/libedit-3.1.20250104-pl5321h7949ede_0.conda#c277e0a4d549b03ac1e9d6cbbe3d017b
https://conda.anaconda.org/conda-forge/linux-64/libev-4.33-hd590300_2.conda#172bf1cd1ff8629f2b1179945ed45055
https://conda.anaconda.org/conda-forge/linux-64/libfreetype6-2.14.3-h73754d4_0.conda#fb16b4b69e3f1dcfe79d80db8fd0c55d
https://conda.anaconda.org/conda-forge/linux-64/libgfortran-16.1.0-h69a702a_1.conda#2fbed65cc90cf0724e1ec4de13696737
https://conda.anaconda.org/conda-forge/linux-64/libhwy-1.4.0-h3a9caae_0.conda#9544a7225c8366ea2c397aad5fb53470
https://conda.anaconda.org/conda-forge/linux-64/libssh2-1.11.1-hcf80075_0.conda#eecce068c7e4eddeb169591baac20ac4
https://conda.anaconda.org/conda-forge/linux-64/libstdcxx-ng-16.1.0-hdf11a46_1.conda#c94f06123272d8e129d4acf3a25ffb35
https://conda.anaconda.org/conda-forge/linux-64/libxcb-1.17.0-h8a09558_0.conda#92ed62436b625154323d40d5f2f11dd7
https://conda.anaconda.org/conda-forge/linux-64/libxcrypt-4.4.36-hd590300_1.conda#5aa797f8787fe7a17d1b0821485b5adc
https://conda.anaconda.org/conda-forge/linux-64/lz4-c-1.10.0-h5888daf_1.conda#9de5350a85c4a20c685259b889aa6393
https://conda.anaconda.org/conda-forge/linux-64/minizip-4.2.2-hb71707f_0.conda#88450ba743694055e218d03a2fdd561e
https://conda.anaconda.org/conda-forge/linux-64/muparser-2.3.5-h5888daf_0.conda#ab3e3db511033340e75e7002e80ce8c0
https://conda.anaconda.org/conda-forge/linux-64/pcre2-10.47-haa7fec5_0.conda#7a3bff861a6583f1889021facefc08b1
https://conda.anaconda.org/conda-forge/linux-64/pixman-0.46.4-h54a6638_2.conda#7cd77fef4da3e1ca9484394616cb71f1
https://conda.anaconda.org/conda-forge/linux-64/readline-8.3-h853b02a_0.conda#d7d95fc8287ea7bf33e0e7116d2b95ec
https://conda.anaconda.org/conda-forge/linux-64/snappy-1.2.2-h03e3b7b_1.conda#98b6c9dc80eb87b2519b97bcf7e578dd
https://conda.anaconda.org/conda-forge/linux-64/xorg-libsm-1.2.6-he73a12e_0.conda#1c74ff8c35dcadf952a16f752ca5aa49
https://conda.anaconda.org/conda-forge/linux-64/zlib-ng-2.3.3-hceb46e0_1.conda#2aadb0d17215603a82a2a6b0afd9a4cb
https://conda.anaconda.org/conda-forge/linux-64/blosc-1.21.6-he440d0b_1.conda#2c2fae981fd2afd00812c92ac47d023d
https://conda.anaconda.org/conda-forge/linux-64/brotli-bin-1.2.0-hb03c661_1.conda#af39b9a8711d4a8d437b52c1d78eb6a1
https://conda.anaconda.org/conda-forge/linux-64/freexl-2.0.0-h9dce30a_2.conda#ecb5d11305b8ba1801543002e69d2f2f
https://conda.anaconda.org/conda-forge/linux-64/krb5-1.22.2-hbde042b_1.conda#54157a1c8c0bb70f62dd0b17fba7e7f2
https://conda.anaconda.org/conda-forge/linux-64/libfreetype-2.14.3-ha770c72_0.conda#e289f3d17880e44b633ba911d57a321b
https://conda.anaconda.org/conda-forge/linux-64/libglib-2.88.2-h0d30a3d_0.conda#889febc66cd9e4190f80ef9718fa239b
https://conda.anaconda.org/conda-forge/linux-64/libjxl-0.11.2-h174a0a3_1.conda#850f48943d6b4589800a303f0de6a816
https://conda.anaconda.org/conda-forge/linux-64/libnghttp2-1.68.1-h877daf1_0.conda#2a45e7f8af083626f009645a6481f12d
https://conda.anaconda.org/conda-forge/linux-64/libopenblas-0.3.33-pthreads_h94d23a6_0.conda#2d3278b721e40468295ca755c3b84070
https://conda.anaconda.org/conda-forge/linux-64/libpsl-0.22.0-hf670292_2.conda#f4bb2168fb76b16a31ac27e0a372d2e3
https://conda.anaconda.org/conda-forge/linux-64/librttopo-1.1.0-h46dd2a8_20.conda#df81fd57eacf341588d728c97920e86d
https://conda.anaconda.org/conda-forge/linux-64/libsqlite-3.53.4-hf4e2dac_0.conda#df088a279cd5e6fd2790b4c196434da1
https://conda.anaconda.org/conda-forge/linux-64/libtiff-4.7.2-h9d88235_0.conda#c1fcb4a88bc15a9f77ad8d27d7af1df9
https://conda.anaconda.org/conda-forge/linux-64/libxml2-16-2.15.3-hca6bf5a_0.conda#e79d2c2f24b027aa8d5ab1b1ba3061e7
https://conda.anaconda.org/conda-forge/linux-64/qhull-2020.2-h434a139_5.conda#353823361b1d27eb3960efb076dfcaf6
https://conda.anaconda.org/conda-forge/linux-64/uriparser-0.9.8-hac33072_0.conda#d71d3a66528853c0a1ac2c02d79a0284
https://conda.anaconda.org/conda-forge/linux-64/xerces-c-3.3.0-hd9031aa_1.conda#66a1db55ecdb7377d2b91f54cd56eafa
https://conda.anaconda.org/conda-forge/linux-64/xorg-libx11-1.8.13-he1eb515_0.conda#861fb6ccbc677bb9a9fb2468430b9c6a
https://conda.anaconda.org/conda-forge/linux-64/brotli-1.2.0-hed03a55_1.conda#8ccf913aaba749a5496c17629d859ed1
https://conda.anaconda.org/conda-forge/linux-64/fontconfig-2.18.2-h27c8c51_0.conda#3c702747058a5d0af93fe71e559327f3
https://conda.anaconda.org/conda-forge/linux-64/freetype-2.14.3-ha770c72_0.conda#8462b5322567212beeb025f3519fb3e2
https://conda.anaconda.org/conda-forge/linux-64/lcms2-2.19.1-h0c24ade_1.conda#8b3ce45e929cd8e8e5f4d18586b56d8b
https://conda.anaconda.org/conda-forge/linux-64/libblas-3.11.0-8_h4a7cf45_openblas.conda#00fc660ab1b2f5ca07e92b4900d10c79
https://conda.anaconda.org/conda-forge/linux-64/libcurl-8.21.0-hae6b9f4_2.conda#f9c59d277a16ec8f272b2d5dd2ec3335
https://conda.anaconda.org/conda-forge/linux-64/libkml-1.3.0-haa4a5bd_1023.conda#953b7cca897e21215302dbfe2af5cd0c
https://conda.anaconda.org/conda-forge/linux-64/libxml2-2.15.3-h49c6c72_0.conda#995d8c8bad2a3cc8db14675a153dec2b
https://conda.anaconda.org/conda-forge/linux-64/openjpeg-2.5.4-h55fea9a_0.conda#11b3379b191f63139e29c0d19dee24cd
https://conda.anaconda.org/conda-forge/linux-64/python-3.12.13-hd63d673_0_cpython.conda#7eccb41177e15cc672e1babe9056018e
https://conda.anaconda.org/conda-forge/linux-64/sqlite-3.53.4-h04a0ce9_0.conda#b6db30b9cfd0cb089910ccb47a2516f9
https://conda.anaconda.org/conda-forge/linux-64/xorg-libxext-1.3.7-hb03c661_0.conda#34e54f03dfea3e7a2dcf1453a85f1085
https://conda.anaconda.org/conda-forge/linux-64/xorg-libxrender-0.9.12-hb9d3cd8_0.conda#96d57aba173e878a2089d5638016dc5e
https://conda.anaconda.org/conda-forge/noarch/affine-2.4.0-pyhd8ed1ab_1.conda#8c4061f499edec6b8ac7000f6d586829
https://conda.anaconda.org/conda-forge/noarch/attrs-26.1.0-pyhcf101f3_0.conda#c6b0543676ecb1fb2d7643941fe375f2
https://conda.anaconda.org/conda-forge/linux-64/backports.zstd-1.6.0-py312h90b7ffd_0.conda#55811da425538da800b89c0c588652fa
https://conda.anaconda.org/conda-forge/linux-64/brotli-python-1.2.0-py312hdb49522_1.conda#64088dffd7413a2dd557ce837b4cbbdb
https://conda.anaconda.org/conda-forge/linux-64/cairo-1.18.4-he90730b_1.conda#bb6c4808bfa69d6f7f6b07e5846ced37
https://conda.anaconda.org/conda-forge/noarch/certifi-2026.7.22-pyhd8ed1ab_0.conda#37e13edbe3b48f1095a9d085ef9cd83b
https://conda.anaconda.org/conda-forge/noarch/charset-normalizer-3.4.9-pyhd8ed1ab_0.conda#d154b40b109e503430979e8a8d099eaf
https://conda.anaconda.org/conda-forge/noarch/click-8.4.2-pyhc90fa1f_0.conda#2c4bd6aeb90bb157456841c3270a0d92
https://conda.anaconda.org/conda-forge/noarch/cycler-0.12.1-pyhcf101f3_2.conda#4c2a8fef270f6c69591889b93f9f55c1
https://conda.anaconda.org/conda-forge/noarch/geographiclib-2.1-pyhd8ed1ab_0.conda#43dd16b113cc7b244d923b630026ff4f
https://conda.anaconda.org/conda-forge/linux-64/greenlet-3.5.4-py312h8285ef7_0.conda#f56c99f525bdccb29a0e5b00dd6b701f
https://conda.anaconda.org/conda-forge/noarch/hpack-4.2.0-pyhd8ed1ab_0.conda#b395909221b9bd1df066e5930e18855b
https://conda.anaconda.org/conda-forge/noarch/hyperframe-6.1.0-pyhd8ed1ab_0.conda#8e6923fc12f1fe8f8c4e5c9f343256ac
https://conda.anaconda.org/conda-forge/noarch/idna-3.18-pyhcf101f3_0.conda#577b04680ae422adb86fc60d7b940659
https://conda.anaconda.org/conda-forge/linux-64/kiwisolver-1.5.0-py312h0a2e395_0.conda#cd74a9525dc74bbbf93cf8aa2fa9eb5b
https://conda.anaconda.org/conda-forge/linux-64/libarchive-3.8.9-gpl_hc2c16d8_100.conda#3988040b14a8083b1a5382d99f584e5f
https://conda.anaconda.org/conda-forge/linux-64/libcblas-3.11.0-8_h0358290_openblas.conda#33a413f1095f8325e5c30fde3b0d2445
https://conda.anaconda.org/conda-forge/linux-64/liblapack-3.11.0-8_h47877c9_openblas.conda#809be8ba8712c77bc7d44c2d99390dc4
https://conda.anaconda.org/conda-forge/linux-64/libxml2-devel-2.15.3-h49c6c72_0.conda#be70cb50dd0ecc1531c58034d38f72e0
https://conda.anaconda.org/conda-forge/linux-64/markupsafe-3.0.3-py312h8a5da7c_1.conda#93a4752d42b12943a355b682ee43285b
https://conda.anaconda.org/conda-forge/noarch/munkres-1.1.4-pyhd8ed1ab_1.conda#37293a85a0f4f77bbd9cf7aaefc62609
https://conda.anaconda.org/conda-forge/noarch/narwhals-2.24.0-pyhcf101f3_0.conda#42ef6cbb3e1d0e6689b9dd160f560eae
https://conda.anaconda.org/conda-forge/noarch/networkx-3.6.1-pyhcf101f3_0.conda#a2c1eeadae7a309daed9d62c96012a2b
https://conda.anaconda.org/conda-forge/noarch/packaging-26.2-pyhc364b38_0.conda#4c06a92e74452cfa53623a81592e8934
https://conda.anaconda.org/conda-forge/linux-64/pillow-12.3.0-py312h50c33e8_0.conda#d749d04e1965315078f29320565c595a
https://conda.anaconda.org/conda-forge/linux-64/proj-9.7.1-he0df7b0_3.conda#031e33ae075b336c0ce92b14efa886c5
https://conda.anaconda.org/conda-forge/noarch/pyparsing-3.3.2-pyhcf101f3_0.conda#3687cc0b82a8b4c17e1f0eb7e47163d5
https://conda.anaconda.org/conda-forge/noarch/pysocks-1.7.1-pyha55dd90_7.conda#461219d1a5bd61342293efa2c0c90eac
https://conda.anaconda.org/conda-forge/noarch/setuptools-83.0.0-pyh332efcf_0.conda#6bf6acbab2499830180ec88c3aff2fa4
https://conda.anaconda.org/conda-forge/noarch/six-1.17.0-pyhe01879c_1.conda#3339e3b65d58accf4ca4fb8748ab16b3
https://conda.anaconda.org/conda-forge/noarch/threadpoolctl-3.6.0-pyhecae5ae_0.conda#9d64911b31d57ca443e9f1e36b04385f
https://conda.anaconda.org/conda-forge/noarch/typing_extensions-4.16.0-pyhcf101f3_0.conda#c70ad746c22219b9700931707482992c
https://conda.anaconda.org/conda-forge/linux-64/unicodedata2-17.0.1-py312h4c3975b_0.conda#0b6c506ec1f272b685240e70a29261b8
https://conda.anaconda.org/conda-forge/noarch/xyzservices-2026.3.0-pyhd8ed1ab_0.conda#4487b9c371d0161d54b5c7bbd890c0fc
https://conda.anaconda.org/conda-forge/noarch/click-plugins-1.1.1.2-pyhd8ed1ab_0.conda#e9b05deb91c013e5224672a4ba9cf8d1
https://conda.anaconda.org/conda-forge/noarch/cligj-0.7.2-pyhd8ed1ab_2.conda#55c7804f428719241a90b152016085a1
https://conda.anaconda.org/conda-forge/linux-64/fonttools-4.63.0-py312h8a5da7c_0.conda#294fb524171e2a2748cb7fe708aba826
https://conda.anaconda.org/conda-forge/noarch/geopy-2.5.0-pyhd8ed1ab_0.conda#43372c0cbf9e460f218de5ed1543a011
https://conda.anaconda.org/conda-forge/noarch/h2-4.4.0-pyhcf101f3_0.conda#aae3214aab65ae635fbb3cc455596a86
https://conda.anaconda.org/conda-forge/noarch/jinja2-3.1.6-pyhcf101f3_1.conda#04558c96691bed63104678757beb4f8d
https://conda.anaconda.org/conda-forge/noarch/joblib-1.5.3-pyhd8ed1ab_0.conda#615de2a4d97af50c350e5cf160149e77
https://conda.anaconda.org/conda-forge/linux-64/libharfbuzz-14.2.1-h17a8019_1.conda#fb4669c3990b94ea32fbb81f433e9aa6
https://conda.anaconda.org/conda-forge/linux-64/libspatialite-5.1.0-gpl_h2abfd87_119.conda#887245164c408c289d0cb45bd508ce5f
https://conda.anaconda.org/conda-forge/noarch/mercantile-1.2.1-pyhd8ed1ab_1.conda#9820756deea38bd213240fd0556d44b8
https://conda.anaconda.org/conda-forge/linux-64/numpy-2.5.1-py312h33ff503_0.conda#3b7525d598ec0d0365ebd2378160a02f
https://conda.anaconda.org/conda-forge/linux-64/pyproj-3.7.2-py312he675c61_3.conda#c3258c31e507a81f0b52156bcca81e73
https://conda.anaconda.org/conda-forge/noarch/python-dateutil-2.9.0.post0-pyhe01879c_2.conda#5b8d21249ff20967101ffa321cab24e8
https://conda.anaconda.org/conda-forge/noarch/typing-extensions-4.16.0-h69aa097_0.conda#c680b5747e8c4c8f23dca0bb7042a8fc
https://conda.anaconda.org/conda-forge/noarch/wheel-0.47.0-pyhd8ed1ab_0.conda#d0e3b2f0030cf4fca58bde71d246e94c
https://conda.anaconda.org/conda-forge/noarch/branca-0.8.2-pyhd8ed1ab_0.conda#1fcdf88e7a8c296d3df8409bf0690db4
https://conda.anaconda.org/conda-forge/linux-64/contourpy-1.3.3-py312h0a2e395_4.conda#43c2bc96af3ae5ed9e8a10ded942aa50
https://conda.anaconda.org/conda-forge/linux-64/libgdal-core-3.12.3-he63569f_3.conda#83666e2c330f47ee6268396ee4467b63
https://conda.anaconda.org/conda-forge/linux-64/libraqm-0.11.0-h6406941_0.conda#3ac89a48d224409739dbf6200e524373
https://conda.anaconda.org/conda-forge/linux-64/pandas-3.0.5-py312h8ecdadd_1.conda#85eb29ade84d1bd97be5ec55607efb00
https://conda.anaconda.org/conda-forge/noarch/pip-26.1.2-pyh8b19718_0.conda#511fbc2c63d2c73650ad1755e4d357ba
https://conda.anaconda.org/conda-forge/linux-64/scipy-1.18.0-py312h54fa4ab_0.conda#f8d242c552b0f7f682451ce95879af5e
https://conda.anaconda.org/conda-forge/linux-64/shapely-2.1.2-py312h383787d_2.conda#69e400d3deca12ee7afd4b73a5596905
https://conda.anaconda.org/conda-forge/noarch/snuggs-1.4.7-pyhd8ed1ab_2.conda#9aa358575bbd4be126eaa5e0039f835c
https://conda.anaconda.org/conda-forge/linux-64/sqlalchemy-2.0.51-py312h5253ce2_0.conda#80530f530854c51df16c11ad2b0cb517
https://conda.anaconda.org/conda-forge/noarch/urllib3-2.7.0-pyhd8ed1ab_0.conda#cbb88288f74dbe6ada1c6c7d0a97223e
https://conda.anaconda.org/conda-forge/linux-64/fiona-1.10.1-py312h053e1f3_6.conda#a68cae58a81a937a6edcb3e4e6f0bbe7
https://conda.anaconda.org/conda-forge/linux-64/gdal-3.12.3-py312h5fc20e3_4.conda#977eac80a6c290fe0e4f687fc8d19d00
https://conda.anaconda.org/conda-forge/noarch/geoalchemy2-0.20.0-pyhd8ed1ab_0.conda#7422ceaeaca4a2b7136d47d1bf6c7442
https://conda.anaconda.org/conda-forge/noarch/geopandas-base-1.1.4-pyha770c72_0.conda#6e31007c02f361338281bb78c5b84e7c
https://conda.anaconda.org/conda-forge/linux-64/matplotlib-base-3.11.1-py312h4c94fcb_2.conda#97eb87f2704fc5212a05b5fb6202ace0
https://conda.anaconda.org/conda-forge/linux-64/pyogrio-0.12.1-py312h053e1f3_0.conda#f8e7e5ddfbdca16b65335b0b6615eb4c
https://conda.anaconda.org/conda-forge/linux-64/rasterio-1.5.0-py312hcedc861_0.conda#f0d110978a87b200a06412b56b26407c
https://conda.anaconda.org/conda-forge/noarch/requests-2.34.2-pyhcf101f3_0.conda#4a85203c1d80c1059086ae860836ffb9
https://conda.anaconda.org/conda-forge/linux-64/scikit-learn-1.9.0-np2py312h3226591_0.conda#e6e9b5795bb495325c3b4ebd451519aa
https://conda.anaconda.org/conda-forge/noarch/contextily-1.7.1-pyhd8ed1ab_0.conda#0959232bea5e66e2bd25c7c6c2b45eba
https://conda.anaconda.org/conda-forge/noarch/folium-0.20.0-pyhd8ed1ab_0.conda#a6997a7dcd6673c0692c61dfeaea14ab
https://conda.anaconda.org/conda-forge/noarch/mapclassify-2.10.0-pyhd8ed1ab_1.conda#cc293b4cad9909bf66ca117ea90d4631
https://conda.anaconda.org/conda-forge/noarch/geopandas-1.1.4-pyhd8ed1ab_0.conda#99d77e0f92f7b0b977f77cfb49c7eaf6
