# Generated by conda-lock.
# platform: osx-arm64
# input_hash: 50dbd612c83a773654f319e58b57d2bb177f10c4482b43a539f55d8a2ac2dc9a
@EXPLICIT
https://conda.anaconda.org/conda-forge/osx-arm64/aws-c-common-0.9.3-hb547adb_0.conda#aadc66cc167bd7e71c743954dfa8db45
https://conda.anaconda.org/conda-forge/osx-arm64/bzip2-1.0.8-h93a5062_5.conda#1bbc659ca658bfd49a481b5ef7a0f40f
https://conda.anaconda.org/conda-forge/osx-arm64/c-ares-1.28.1-h93a5062_0.conda#04f776a6139f7eafc2f38668570eb7db
https://conda.anaconda.org/conda-forge/osx-arm64/icu-73.2-hc8870d7_0.conda#8521bd47c0e11c5902535bb1a17c565f
https://conda.anaconda.org/conda-forge/osx-arm64/libbrotlicommon-1.1.0-hb547adb_1.conda#cd68f024df0304be41d29a9088162b02
https://conda.anaconda.org/conda-forge/osx-arm64/libcxx-16.0.6-h4653b0c_0.conda#9d7d724faf0413bf1dbc5a85935700c8
https://conda.anaconda.org/conda-forge/osx-arm64/libdeflate-1.20-h93a5062_0.conda#97efeaeba2a9a82bdf46fc6d025e3a57
https://conda.anaconda.org/conda-forge/osx-arm64/libev-4.33-h93a5062_2.conda#36d33e440c31857372a72137f78bacf5
https://conda.anaconda.org/conda-forge/osx-arm64/libexpat-2.6.2-hebf3989_0.conda#e3cde7cfa87f82f7cb13d482d5e0ad09
https://conda.anaconda.org/conda-forge/osx-arm64/libffi-3.4.2-h3422bc3_5.tar.bz2#086914b672be056eb70fd4285b6783b6
https://conda.anaconda.org/conda-forge/osx-arm64/libiconv-1.17-h0d3ecfb_2.conda#69bda57310071cf6d2b86caf11573d2d
https://conda.anaconda.org/conda-forge/osx-arm64/libjpeg-turbo-3.0.0-hb547adb_1.conda#3ff1e053dc3a2b8e36b9bfa4256a58d1
https://conda.anaconda.org/conda-forge/osx-arm64/libsodium-1.0.18-h27ca646_1.tar.bz2#90859688dbca4735b74c02af14c4c793
https://conda.anaconda.org/conda-forge/osx-arm64/libutf8proc-2.8.0-h1a8c8d9_0.tar.bz2#f8c9c41a122ab3abdf8943b13f4957ee
https://conda.anaconda.org/conda-forge/osx-arm64/libwebp-base-1.4.0-h93a5062_0.conda#c0af0edfebe780b19940e94871f1a765
https://conda.anaconda.org/conda-forge/osx-arm64/libzlib-1.3.1-h0d3ecfb_0.conda#2a2463424cc5e961a6d04bbbfb5838cf
https://conda.anaconda.org/conda-forge/osx-arm64/llvm-openmp-18.1.3-hcd81f8e_0.conda#24cbf1fb1b83056f8ba1beaac0619bf8
https://conda.anaconda.org/conda-forge/osx-arm64/ncurses-6.5-hb89a1cb_0.conda#b13ad5724ac9ae98b6b4fd87e4500ba4
https://conda.anaconda.org/conda-forge/osx-arm64/pthread-stubs-0.4-h27ca646_1001.tar.bz2#d3f26c6494d4105d4ecb85203d687102
https://conda.anaconda.org/conda-forge/noarch/python_abi-3.12-9_cp312.conda#4c32076993e6270825441d059ab5c18b
https://conda.anaconda.org/conda-forge/noarch/tzdata-2026c-h151e31d_0.conda#fcb489df604d100968b737f2cb6076c6
https://conda.anaconda.org/conda-forge/osx-arm64/xorg-libxau-1.0.11-hb547adb_0.conda#ca73dc4f01ea91e44e3ed76602c5ea61
https://conda.anaconda.org/conda-forge/osx-arm64/xorg-libxdmcp-1.1.3-h27ca646_0.tar.bz2#6738b13f7fadc18725965abdd4129c36
https://conda.anaconda.org/conda-forge/osx-arm64/xz-5.2.6-h57fd34a_0.tar.bz2#39c6b54e94014701dd157f4f576ed211
https://conda.anaconda.org/conda-forge/osx-arm64/yaml-0.2.5-h3422bc3_2.tar.bz2#4bb3f014845110883a3c5ee811fd84b4
https://conda.anaconda.org/conda-forge/osx-arm64/_openmp_mutex-4.5-8_kmp_llvm.conda#a2d706b4a7d603524133037c34f7fb76
https://conda.anaconda.org/conda-forge/osx-arm64/aws-c-cal-0.6.2-h12c43c8_2.conda#423341b3cb1db3a396657724de60f36c
https://conda.anaconda.org/conda-forge/osx-arm64/aws-c-compression-0.2.17-h12c43c8_3.conda#c339bef71fc5d6350770c3248f720218
https://conda.anaconda.org/conda-forge/osx-arm64/aws-c-sdkutils-0.1.12-h12c43c8_2.conda#59aa1ab1702812aaa2473b758194c929
https://conda.anaconda.org/conda-forge/osx-arm64/aws-checksums-0.1.17-h12c43c8_2.conda#dbbfcdd6867ab169c8eacd56583d4754
https://conda.anaconda.org/conda-forge/noarch/ca-certificates-2026.7.22-hbd8a1cb_0.conda#0f51e2391ade309db462a55611263e9c
https://conda.anaconda.org/conda-forge/osx-arm64/gflags-2.2.2-hc88da5d_1004.tar.bz2#aab9ddfad863e9ef81229a1f8852211b
https://conda.anaconda.org/conda-forge/osx-arm64/lerc-4.0.0-h9a09cb3_0.tar.bz2#de462d5aacda3b30721b512c5da4e742
https://conda.anaconda.org/conda-forge/osx-arm64/libabseil-20230802.1-cxx17_h13dd4ca_0.conda#fb6dfadc1898666616dfda242d8aea10
https://conda.anaconda.org/conda-forge/osx-arm64/libbrotlidec-1.1.0-hb547adb_1.conda#ee1a519335cc10d0ec7e097602058c0a
https://conda.anaconda.org/conda-forge/osx-arm64/libbrotlienc-1.1.0-hb547adb_1.conda#d7e077f326a98b2cc60087eaff7c730b
https://conda.anaconda.org/conda-forge/osx-arm64/libcrc32c-1.1.2-hbdafb3b_0.tar.bz2#32bd82a6a625ea6ce090a81c3d34edeb
https://conda.anaconda.org/conda-forge/osx-arm64/libedit-3.1.20191231-hc8eb9b7_2.tar.bz2#30e4362988a2623e9eb34337b83e01f9
https://conda.anaconda.org/conda-forge/osx-arm64/libpng-1.6.43-h091b4b1_0.conda#77e684ca58d82cae9deebafb95b1a2b8
https://conda.anaconda.org/conda-forge/osx-arm64/libsqlite-3.45.3-h091b4b1_0.conda#c8c1186c7f3351f6ffddb97b1f54fc58
https://conda.anaconda.org/conda-forge/osx-arm64/libxcb-1.15-hf346824_0.conda#988d5f86ab60fa6de91b3ee3a88a3af9
https://conda.anaconda.org/conda-forge/osx-arm64/libxml2-2.12.6-h35eab27_2.conda#d3a4a3d691494491a08e05f66a0aa35a
https://conda.anaconda.org/conda-forge/osx-arm64/lz4-c-1.9.4-hb7217d7_0.conda#45505bec548634f7d05e02fb25262cb9
https://conda.anaconda.org/conda-forge/osx-arm64/re2-2023.03.02-hc5e2d97_0.conda#7a851c0ab05247e3246eca2c3b243b9a
https://conda.anaconda.org/conda-forge/osx-arm64/readline-8.2-h1d1bf99_2.conda#63ef3f6e6d6d5c589e64f11263dc5676
https://conda.anaconda.org/conda-forge/osx-arm64/snappy-1.1.10-hd04f947_1.conda#1506177f0a11c04cd16f330b2f4ad21d
https://conda.anaconda.org/conda-forge/osx-arm64/tk-8.6.13-h5083fa2_1.conda#b50a57ba89c32b62428b71a875291c9b
https://conda.anaconda.org/conda-forge/osx-arm64/zstd-1.5.5-h4f39d0f_0.conda#5b212cfb7f9d71d603ad891879dc7933
https://conda.anaconda.org/conda-forge/osx-arm64/aws-c-io-0.13.32-h5bd1e48_6.conda#17e95d24c731a1de864d59e9ec521dbc
https://conda.anaconda.org/conda-forge/osx-arm64/brotli-bin-1.1.0-hb547adb_1.conda#990d04f8c017b1b77103f9a7730a5f12
https://conda.anaconda.org/conda-forge/osx-arm64/freetype-2.12.1-hadb7bae_2.conda#e6085e516a3e304ce41a8ee08b9b89ad
https://conda.anaconda.org/conda-forge/osx-arm64/glog-0.6.0-h6da1cb0_0.tar.bz2#5a570729c7709399cf8511aeeda6f989
https://conda.anaconda.org/conda-forge/osx-arm64/libgcc-16.2.0-h3cf6597_5.conda#90408ee3891a10f54795b45927b41666
https://conda.anaconda.org/conda-forge/osx-arm64/libprotobuf-4.23.4-hf590ac1_6.conda#743cb961d7a0ccd8014ee7b3e4d731db
https://conda.anaconda.org/conda-forge/osx-arm64/libtiff-4.6.0-h07db509_3.conda#28c9f8c6dd75666dfb296aea06c49cb8
https://conda.anaconda.org/conda-forge/osx-arm64/libxslt-1.1.39-h223e5b9_0.conda#560c9cacc33e927f55b998eaa0cb1732
https://conda.anaconda.org/conda-forge/osx-arm64/openssl-3.3.0-h0d3ecfb_0.conda#25b0e522c3131886a637e347b2ca0c0f
https://conda.anaconda.org/conda-forge/osx-arm64/aws-c-event-stream-0.3.2-h88fe898_1.conda#3a85cb3bbafc0ec228374328322ca747
https://conda.anaconda.org/conda-forge/osx-arm64/aws-c-http-0.7.13-he062130_1.conda#5bbf0c00da06bdae9b745a4a7c61ef92
https://conda.anaconda.org/conda-forge/osx-arm64/brotli-1.1.0-hb547adb_1.conda#a33aa58d448cbc054f887e39dd1dfaea
https://conda.anaconda.org/conda-forge/osx-arm64/krb5-1.21.2-h92f50d5_0.conda#92f1cff174a538e0722bf2efb16fc0b2
https://conda.anaconda.org/conda-forge/osx-arm64/lcms2-2.16-ha0e7c42_0.conda#66f6c134e76fe13cce8a9ea5814b5dd5
https://conda.anaconda.org/conda-forge/osx-arm64/libevent-2.1.12-h2757513_1.conda#1a109764bff3bdc7bdd84088347d71dc
https://conda.anaconda.org/conda-forge/osx-arm64/libgfortran5-16.2.0-hdb7a957_5.conda#e4e2987faf21e97c1a8d91f57c79818d
https://conda.anaconda.org/conda-forge/osx-arm64/libgrpc-1.57.0-hdbe17d8_1.conda#79e53c0f32d2c636513cd3314ef81eb8
https://conda.anaconda.org/conda-forge/osx-arm64/libnghttp2-1.52.0-hae82a92_0.conda#1d319e95a0216f801293626a00337712
https://conda.anaconda.org/conda-forge/osx-arm64/libssh2-1.11.0-h7a5bd25_0.conda#029f7dc931a3b626b94823bc77830b01
https://conda.anaconda.org/conda-forge/osx-arm64/openjpeg-2.5.2-h9f1df11_0.conda#5029846003f0bc14414b9128a1f7c84b
https://conda.anaconda.org/conda-forge/osx-arm64/orc-1.9.0-hbfdecac_2.conda#50090e3c6ce0570039cdf97650012307
https://conda.anaconda.org/conda-forge/osx-arm64/python-3.12.2-hdf0ec26_0_cpython.conda#85e91138ae921a2771f57a50120272bd
https://conda.anaconda.org/conda-forge/noarch/appnope-1.0.0-pyhcf101f3_0.conda#56d53a5e9740367f5f8cf83f995263c2
https://conda.anaconda.org/conda-forge/noarch/asttokens-3.0.2-pyhd8ed1ab_0.conda#89d495168582cb00428dad699d149624
https://conda.anaconda.org/conda-forge/noarch/attrs-26.1.0-pyhcf101f3_0.conda#c6b0543676ecb1fb2d7643941fe375f2
https://conda.anaconda.org/conda-forge/osx-arm64/aws-c-auth-0.7.4-h2ed40ff_1.conda#a897b4d99ffa78d5a24664620503ef07
https://conda.anaconda.org/conda-forge/osx-arm64/aws-c-mqtt-0.9.6-h3ffe4bb_2.conda#e5c6218bc68df45a7b7c0419f78fa5e0
https://conda.anaconda.org/conda-forge/noarch/babel-2.18.0-pyhcf101f3_1.conda#f1976ce927373500cc19d3c0b2c85177
https://conda.anaconda.org/conda-forge/osx-arm64/brotli-python-1.1.0-py312h9f69965_1.conda#1bc01b9ffdf42beb1a9fe4e9222e0567
https://conda.anaconda.org/conda-forge/noarch/cached_property-2.0.1-pyhcf101f3_0.conda#256d863ded0f79464391a075944d24a6
https://conda.anaconda.org/conda-forge/noarch/certifi-2026.7.22-pyhd8ed1ab_0.conda#37e13edbe3b48f1095a9d085ef9cd83b
https://conda.anaconda.org/conda-forge/noarch/charset-normalizer-3.5.1-pyhd8ed1ab_0.conda#e0ac3accc64e23e40969d660e5f58ac8
https://conda.anaconda.org/conda-forge/noarch/cloudpickle-3.1.2-pyhcf101f3_1.conda#61b8078a0905b12529abc622406cb62c
https://conda.anaconda.org/conda-forge/noarch/comm-0.2.3-pyhe01879c_0.conda#2da13f2b299d8e1995bafbbe9689a2f7
https://conda.anaconda.org/conda-forge/noarch/cycler-0.12.1-pyhcf101f3_2.conda#4c2a8fef270f6c69591889b93f9f55c1
https://conda.anaconda.org/conda-forge/osx-arm64/debugpy-1.8.1-py312h20a0b95_0.conda#d850abbd9eeedbe2e734e397038f3f76
https://conda.anaconda.org/conda-forge/noarch/decorator-5.3.1-pyhd8ed1ab_0.conda#61dcf784d59ef0bd62c57d982b154ace
https://conda.anaconda.org/conda-forge/noarch/defusedxml-0.7.1-pyhd8ed1ab_0.tar.bz2#961b3a227b437d82ad7054484cfa71b2
https://conda.anaconda.org/conda-forge/noarch/et_xmlfile-2.0.0-pyhd8ed1ab_1.conda#71bf9646cbfabf3022c8da4b6b4da737
https://conda.anaconda.org/conda-forge/noarch/executing-2.2.1-pyhd8ed1ab_0.conda#ff9efb7f7469aed3c4a8106ffa29593c
https://conda.anaconda.org/conda-forge/osx-arm64/greenlet-3.0.3-py312h20a0b95_0.conda#92ca171dcc49aadb06ac7d1d68238633
https://conda.anaconda.org/conda-forge/noarch/hpack-4.2.0-pyhd8ed1ab_0.conda#b395909221b9bd1df066e5930e18855b
https://conda.anaconda.org/conda-forge/noarch/hyperframe-6.1.0-pyhd8ed1ab_0.conda#8e6923fc12f1fe8f8c4e5c9f343256ac
https://conda.anaconda.org/conda-forge/noarch/idna-3.19-pyhcf101f3_0.conda#a39ae05027e9b707742e41b30d296b75
https://conda.anaconda.org/conda-forge/noarch/json5-0.15.0-pyhd8ed1ab_0.conda#761a4a6b9cba303c66a97ca642447171
https://conda.anaconda.org/conda-forge/noarch/jsonpointer-3.1.1-pyhcf101f3_0.conda#89bf346df77603055d3c8fe5811691e6
https://conda.anaconda.org/conda-forge/noarch/jupyterlab_widgets-3.0.17-pyhcf101f3_0.conda#1fb3f0d175d6e92f56139fb46a17aa2d
https://conda.anaconda.org/conda-forge/osx-arm64/kiwisolver-1.4.5-py312h389731b_1.conda#77eeca70c1c4f4187d6b199015c99ee5
https://conda.anaconda.org/conda-forge/noarch/lark-1.3.1-pyhd8ed1ab_0.conda#9b965c999135d43a3d0f7bd7d024e26a
https://conda.anaconda.org/conda-forge/osx-arm64/libcurl-8.4.0-h2d989ff_0.conda#afabb3372209028627ec03e206f4d967
https://conda.anaconda.org/conda-forge/osx-arm64/libgfortran-16.2.0-h07b0088_5.conda#592ca0c6b8c4e1952fc28dbec011a86b
https://conda.anaconda.org/conda-forge/osx-arm64/libthrift-0.19.0-h026a170_1.conda#4b8b21eb00d9019e9fa351141da2a6ac
https://conda.anaconda.org/conda-forge/osx-arm64/lxml-5.1.1-py312h867102f_0.conda#74f505b8ef8462385ce1c134d0be5791
https://conda.anaconda.org/conda-forge/osx-arm64/markupsafe-2.1.5-py312he37b823_0.conda#ba3a8f8cf8bbdb81394275b1e1d271da
https://conda.anaconda.org/conda-forge/noarch/mdurl-0.1.2-pyhd8ed1ab_1.conda#592132998493b3ff25fd7479396e8351
https://conda.anaconda.org/conda-forge/noarch/munkres-1.1.4-pyhd8ed1ab_1.conda#37293a85a0f4f77bbd9cf7aaefc62609
https://conda.anaconda.org/conda-forge/noarch/narwhals-2.26.0-pyh5ded981_0.conda#afb7146667be7c8121f5f8337be60680
https://conda.anaconda.org/conda-forge/noarch/nest-asyncio-1.6.0-pyhd8ed1ab_1.conda#598fd7d4d0de2455fb74f56063969a97
https://conda.anaconda.org/conda-forge/noarch/packaging-26.3-pyhc364b38_0.conda#936687ed80f295a1f5dbcf8bd34c252c
https://conda.anaconda.org/conda-forge/noarch/pandocfilters-1.5.0-pyhd8ed1ab_0.tar.bz2#457c2c8c08e54905d6954e79cb5b5db9
https://conda.anaconda.org/conda-forge/noarch/parso-0.8.7-pyhcf101f3_0.conda#39894c952938276405a1bd30e4ce2caf
https://conda.anaconda.org/conda-forge/osx-arm64/pillow-10.3.0-py312h8a801b1_0.conda#1d42544faaed27dce36268912b8dfedf
https://conda.anaconda.org/conda-forge/noarch/platformdirs-4.11.11-pyh5ded981_0.conda#8fbbcac647ae8d387f011d2f0fe9041c
https://conda.anaconda.org/conda-forge/noarch/prometheus_client-0.26.0-pyhd8ed1ab_0.conda#3aa7e2d85645e61627c98082747dfdfe
https://conda.anaconda.org/conda-forge/osx-arm64/psutil-5.9.8-py312he37b823_0.conda#cd6e99b9c5a623735161973b5f693a86
https://conda.anaconda.org/conda-forge/noarch/ptyprocess-0.7.0-pyhd8ed1ab_1.conda#7d9daffbb8d8e0af0f769dbbcd173a54
https://conda.anaconda.org/conda-forge/noarch/pure_eval-0.2.4-pyhd8ed1ab_0.conda#35993ea8ef5e76333e6efb6a0ffb3771
https://conda.anaconda.org/conda-forge/noarch/pycparser-3.0-pyhcf101f3_0.conda#9c5491066224083c41b6d5635ed7107b
https://conda.anaconda.org/conda-forge/noarch/pygments-2.21.0-pyhcf101f3_0.conda#2882dee445dfa45b0c5afce3ffb7730a
https://conda.anaconda.org/conda-forge/noarch/pyparsing-3.3.2-pyhcf101f3_0.conda#3687cc0b82a8b4c17e1f0eb7e47163d5
https://conda.anaconda.org/conda-forge/noarch/pysocks-1.7.1-pyha55dd90_7.conda#461219d1a5bd61342293efa2c0c90eac
https://conda.anaconda.org/conda-forge/noarch/python-dotenv-1.2.3-pyhcf101f3_0.conda#b55edb60d527ce56226a1026abcb3e2c
https://conda.anaconda.org/conda-forge/osx-arm64/python-duckdb-0.10.2-py312h20a0b95_0.conda#1498bbaf5505229ac35cbfc2be8fda65
https://conda.anaconda.org/conda-forge/noarch/python-fastjsonschema-2.22.2-pyhcf101f3_0.conda#aa75b7f096d17621bc307b3025b29461
https://conda.anaconda.org/conda-forge/noarch/python-tzdata-2026.3-pyhd8ed1ab_0.conda#eefc8d916bd2e708d76d40398ef9a1ee
https://conda.anaconda.org/conda-forge/noarch/pytz-2026.3.post1-pyhcf101f3_0.conda#eb2fb9070c0232e96ae5515d8b28e4f9
https://conda.anaconda.org/conda-forge/osx-arm64/pyyaml-6.0.1-py312h02f2b3b_1.conda#a0c843e52a1c4422d8657dd76e9eb994
https://conda.anaconda.org/conda-forge/noarch/rfc3986-validator-0.1.1-pyh9f0ad1d_0.tar.bz2#912a71cc01012ee38e6b90ddd561e36f
https://conda.anaconda.org/conda-forge/osx-arm64/rpds-py-0.17.1-py312h5280bc4_0.conda#7b0b4879880d11be49c5edfdae68bc39
https://conda.anaconda.org/conda-forge/noarch/setuptools-84.0.0-pyh332efcf_0.conda#62ac906f1cd582c6c264c95625cb9d6f
https://conda.anaconda.org/conda-forge/noarch/six-1.17.0-pyhe01879c_1.conda#3339e3b65d58accf4ca4fb8748ab16b3
https://conda.anaconda.org/conda-forge/noarch/sniffio-1.3.1-pyhd8ed1ab_2.conda#03fe290994c5e4ec17293cfb6bdce520
https://conda.anaconda.org/conda-forge/noarch/soupsieve-2.9.2-pyhd8ed1ab_0.conda#ba33e6c8a46ee373fdf6dd8665212778
https://conda.anaconda.org/conda-forge/noarch/threadpoolctl-3.7.0-pyhc455866_0.conda#8c05910e780502e362d658f00f5ec10f
https://conda.anaconda.org/conda-forge/noarch/tomli-2.4.1-pyhcf101f3_0.conda#b5325cf06a000c5b14970462ff5e4d58
https://conda.anaconda.org/conda-forge/osx-arm64/tornado-6.4-py312he37b823_0.conda#a081e28c706477c8158f0432cc67c849
https://conda.anaconda.org/conda-forge/noarch/tqdm-4.70.1-pyhfa0c392_0.conda#ffc91f29264eeb8d3ba96fdc897316c3
https://conda.anaconda.org/conda-forge/noarch/traitlets-5.16.1-pyhcf101f3_0.conda#a79bf97561232a31447b6246c2153ab5
https://conda.anaconda.org/conda-forge/noarch/typing_extensions-4.16.0-pyhcf101f3_0.conda#c70ad746c22219b9700931707482992c
https://conda.anaconda.org/conda-forge/noarch/typing_utils-0.1.0-pyhd8ed1ab_1.conda#f6d7aa696c67756a650e91e15e88223c
https://conda.anaconda.org/conda-forge/noarch/uri-template-1.3.0-pyhd8ed1ab_1.conda#e7cb0f5745e4c5035a460248334af7eb
https://conda.anaconda.org/conda-forge/noarch/wcwidth-0.8.4-pyh5ded981_0.conda#cc58f30689ed64810d19777174d877f4
https://conda.anaconda.org/conda-forge/noarch/webcolors-25.10.0-pyhd8ed1ab_0.conda#6639b6b0d8b5a284f027a2003669aa65
https://conda.anaconda.org/conda-forge/noarch/webencodings-0.5.1-pyhd8ed1ab_3.conda#2841eb5bfc75ce15e9a0054b98dcd64d
https://conda.anaconda.org/conda-forge/noarch/websocket-client-1.9.2-pyh5ded981_1.conda#f4c7ad941991896940d58253f42f7212
https://conda.anaconda.org/conda-forge/noarch/widgetsnbextension-4.0.16-pyhd8ed1ab_0.conda#4e3aff9f40afb392477584e6a1a45b6f
https://conda.anaconda.org/conda-forge/osx-arm64/zeromq-4.3.5-hebf3989_2.conda#46321286c47a50080ca26383510884cd
https://conda.anaconda.org/conda-forge/noarch/zipp-4.1.0-pyhcf101f3_0.conda#ba3dcdc8584155c97c648ae9c044b7a3
https://conda.anaconda.org/conda-forge/noarch/anyio-4.15.1-pyh5ded981_1.conda#33cdc5ba7c481b371f08f88e6c048c55
https://conda.anaconda.org/conda-forge/noarch/async-lru-2.3.0-pyhcf101f3_0.conda#b85e84cb64c762569cc1a760c2327e0a
https://conda.anaconda.org/conda-forge/osx-arm64/aws-c-s3-0.3.17-hf064be9_3.conda#208b606834b0aba73dc867900bb610dc
https://conda.anaconda.org/conda-forge/noarch/bleach-6.4.0-pyhcf101f3_0.conda#93009c29cdd6f2500468f2502fff9209
https://conda.anaconda.org/conda-forge/noarch/cached-property-2.0.1-pyhcf101f3_0.conda#70e764e549c6c25de5e429d6e4a28b39
https://conda.anaconda.org/conda-forge/osx-arm64/cffi-1.16.0-py312h8e38eb3_0.conda#960ecbd65860d3b1de5e30373e1bffb1
https://conda.anaconda.org/conda-forge/noarch/duckdb-0.10.2-hd8ed1ab_1.conda#38ae7fafe93d4d30dba10394eea4b37b
https://conda.anaconda.org/conda-forge/osx-arm64/fonttools-4.51.0-py312he37b823_0.conda#30bd6e9be6d9f932bc54e7b88130bca3
https://conda.anaconda.org/conda-forge/noarch/h11-0.16.0-pyhcf101f3_1.conda#b8993c19b0c32a2f7b66cbb58ca27069
https://conda.anaconda.org/conda-forge/noarch/h2-4.4.1-pyhcf101f3_0.conda#e652ac7756069c456d0da2a922cd7df5
https://conda.anaconda.org/conda-forge/noarch/importlib-metadata-9.0.1-pyhcf101f3_0.conda#77ec68e0aa61c3fff9ecbf840f93d64e
https://conda.anaconda.org/conda-forge/noarch/ipython_pygments_lexers-1.1.1-pyhd8ed1ab_0.conda#bd80ba060603cc228d9d81c257093119
https://conda.anaconda.org/conda-forge/noarch/jedi-0.20.0-pyhcf101f3_0.conda#c2b3d37aa1411031126036ee76a8a861
https://conda.anaconda.org/conda-forge/noarch/jinja2-3.1.6-pyhcf101f3_1.conda#04558c96691bed63104678757beb4f8d
https://conda.anaconda.org/conda-forge/noarch/joblib-1.6.0-pyhcf101f3_0.conda#4ebc70ef1af2e21cdc8edb1bfa1ec28d
https://conda.anaconda.org/conda-forge/noarch/jupyter_core-5.9.1-pyhc90fa1f_0.conda#b38fe4e78ee75def7e599843ef4c1ab0
https://conda.anaconda.org/conda-forge/noarch/jupyterlab_pygments-0.3.0-pyhd8ed1ab_2.conda#fd312693df06da3578383232528c468d
https://conda.anaconda.org/conda-forge/osx-arm64/libgoogle-cloud-2.12.0-hde42cda_2.conda#c00f510ad8d6c789df20ec69072c162d
https://conda.anaconda.org/conda-forge/osx-arm64/libopenblas-0.3.27-openmp_h6c19121_0.conda#82eba59f4eca26a9fc904d584f8761c0
https://conda.anaconda.org/conda-forge/noarch/markdown-it-py-4.2.0-pyhd8ed1ab_0.conda#6d03368f2b2b0a5fb6839df53b2eb5e0
https://conda.anaconda.org/conda-forge/noarch/matplotlib-inline-0.2.2-pyhd8ed1ab_0.conda#9acc1c385be401d533ff70ef5b50dae6
https://conda.anaconda.org/conda-forge/noarch/mistune-3.3.4-pyhcf101f3_0.conda#1c0ebec41ef9214160da1ee6a0880fce
https://conda.anaconda.org/conda-forge/osx-arm64/openpyxl-3.1.5-py312h027802a_4.conda#10181d3347fa724c218a622c2cc59b15
https://conda.anaconda.org/conda-forge/noarch/overrides-7.7.0-pyhd8ed1ab_1.conda#e51f1e4089cad105b6cac64bd8166587
https://conda.anaconda.org/conda-forge/noarch/pexpect-4.9.0-pyhd8ed1ab_1.conda#d0d408b1f18883a944376da5cf8101ea
https://conda.anaconda.org/conda-forge/noarch/plotly-7.0.0-pyhd8ed1ab_0.conda#4ea81636839ff7155b001b33b0bfc589
https://conda.anaconda.org/conda-forge/noarch/prompt-toolkit-3.0.53-pyha770c72_0.conda#39c92a39517316e5001d645ae63d9ab9
https://conda.anaconda.org/conda-forge/osx-arm64/pyobjc-core-10.2-py312h9d22092_0.conda#e8e394bb93509a5f0dacd981dc06099d
https://conda.anaconda.org/conda-forge/noarch/python-dateutil-2.9.0.post0-pyhe01879c_2.conda#5b8d21249ff20967101ffa321cab24e8
https://conda.anaconda.org/conda-forge/noarch/python-json-logger-4.2.0-pyhd8ed1ab_0.conda#e5407c82510aab6a4baa31fcd4249655
https://conda.anaconda.org/conda-forge/osx-arm64/pyzmq-26.0.0-py312h2105c20_0.conda#a5e9d370c646a0d4cefedc5d6c5048b9
https://conda.anaconda.org/conda-forge/noarch/referencing-0.37.0-pyhcf101f3_0.conda#870293df500ca7e18bedefa5838a22ab
https://conda.anaconda.org/conda-forge/noarch/rfc3339-validator-0.1.4-pyhd8ed1ab_1.conda#36de09a8d3e5d5e6f4ee63af49e59706
https://conda.anaconda.org/conda-forge/noarch/rfc3987-syntax-1.1.0-pyhe01879c_1.conda#7234f99325263a5af6d4cd195035e8f2
https://conda.anaconda.org/conda-forge/noarch/stack_data-0.6.3-pyhd8ed1ab_1.conda#b1b505328da7a6b246787df4b5a49fbc
https://conda.anaconda.org/conda-forge/noarch/terminado-0.18.1-pyhc90fa1f_1.conda#17b43cee5cc84969529d5d0b0309b2cb
https://conda.anaconda.org/conda-forge/noarch/tinycss2-1.4.0-pyhd8ed1ab_0.conda#f1acf5fdefa8300de697982bcb1761c9
https://conda.anaconda.org/conda-forge/noarch/typing-extensions-4.16.0-h69aa097_0.conda#c680b5747e8c4c8f23dca0bb7042a8fc
https://conda.anaconda.org/conda-forge/noarch/wheel-0.48.0-pyhd8ed1ab_0.conda#9a2124517bfd5d792e0f7b86eefdfeb8
https://conda.anaconda.org/conda-forge/osx-arm64/argon2-cffi-bindings-21.2.0-py312h02f2b3b_4.conda#015edbb6fae68ab35881f55f149d4725
https://conda.anaconda.org/conda-forge/noarch/arrow-1.4.0-pyhcf101f3_0.conda#85c4f19f377424eafc4ed7911b291642
https://conda.anaconda.org/conda-forge/osx-arm64/aws-crt-cpp-0.23.1-h96fc18d_5.conda#ebc5b298b28d4853ff64a06c31df9170
https://conda.anaconda.org/conda-forge/noarch/beautifulsoup4-4.15.0-pyha770c72_0.conda#3b261da3fe9b4168738712832410b022
https://conda.anaconda.org/conda-forge/noarch/bleach-with-css-6.4.0-hac0b51c_0.conda#5f710eab1f3c4e773c75686f5e8e6481
https://conda.anaconda.org/conda-forge/noarch/fqdn-1.5.1-pyhd8ed1ab_1.conda#d3549fd50d450b6d9e7dddff25dd2110
https://conda.anaconda.org/conda-forge/noarch/httpcore-1.0.9-pyh29332c3_0.conda#4f14640d58e2cc0aa0819d9d8ba125bb
https://conda.anaconda.org/conda-forge/noarch/ipython-9.12.0-pyhecfbec7_0.conda#b293210beb192c3024683bf6a998a0b8
https://conda.anaconda.org/conda-forge/noarch/jsonschema-specifications-2025.9.1-pyhcf101f3_0.conda#439cd0f567d697b20a8f45cb70a1005a
https://conda.anaconda.org/conda-forge/noarch/jupyter-builder-1.2.3-pyh5ded981_0.conda#bac0e43cada154f38a627bde5e7e6016
https://conda.anaconda.org/conda-forge/noarch/jupyter_client-8.6.3-pyhd8ed1ab_1.conda#4ebae00eae9705b0c3d6d1018a81d047
https://conda.anaconda.org/conda-forge/noarch/jupyter_server_terminals-0.5.4-pyhcf101f3_0.conda#7b8bace4943e0dc345fc45938826f2b8
https://conda.anaconda.org/conda-forge/osx-arm64/libblas-3.9.0-24_osxarm64_openblas.conda#35cb711e7bc46ee5f3dd67af99ad1986
https://conda.anaconda.org/conda-forge/noarch/pip-26.2.1-pyh8b19718_0.conda#77b6cf3b0689d9fc68561df0db9b856d
https://conda.anaconda.org/conda-forge/osx-arm64/pyobjc-framework-cocoa-10.2-py312h9d22092_0.conda#b21b7942dd1d055073b95fed9cac0bff
https://conda.anaconda.org/conda-forge/noarch/rich-15.0.0-pyhcf101f3_0.conda#0242025a3c804966bf71aa04eee82f66
https://conda.anaconda.org/conda-forge/osx-arm64/sqlalchemy-2.0.29-py312he37b823_0.conda#cdd668dff380b982c6742ea0620cdf4c
https://conda.anaconda.org/conda-forge/osx-arm64/zstandard-0.22.0-py312h7975427_0.conda#10c282af2c570a5a52173fd571693ec6
https://conda.anaconda.org/conda-forge/noarch/argon2-cffi-25.1.0-pyhd8ed1ab_0.conda#8ac12aff0860280ee0cff7fa2cf63f3b
https://conda.anaconda.org/conda-forge/osx-arm64/aws-sdk-cpp-1.11.156-he831950_3.conda#4276b9c8572bb539b41225a4b5d065ea
https://conda.anaconda.org/conda-forge/noarch/httpx-0.28.1-pyhd8ed1ab_0.conda#d6989ead454181f4f9bc987d3dc4e285
https://conda.anaconda.org/conda-forge/noarch/ipykernel-7.1.0-pyh5552912_0.conda#1849eec35b60082d2bd66b4e36dec2b6
https://conda.anaconda.org/conda-forge/noarch/ipywidgets-8.1.9-pyhd8ed1ab_0.conda#1efaf89bb5d9a6ff2ce5f84d25678f53
https://conda.anaconda.org/conda-forge/noarch/isoduration-20.11.0-pyhd8ed1ab_1.conda#0b0154421989637d424ccf0f104be51a
https://conda.anaconda.org/conda-forge/noarch/jsonschema-4.25.1-pyhe01879c_0.conda#341fd940c242cf33e832c0402face56f
https://conda.anaconda.org/conda-forge/osx-arm64/libcblas-3.9.0-24_osxarm64_openblas.conda#c8977086a19233153e454bb2b332a920
https://conda.anaconda.org/conda-forge/osx-arm64/liblapack-3.9.0-24_osxarm64_openblas.conda#49a3241f76cdbe705e346204a328f66c
https://conda.anaconda.org/conda-forge/noarch/send2trash-2.1.0-pyh5552912_1.conda#b70e2d44e6aa2beb69ba64206a16e4c6
https://conda.anaconda.org/conda-forge/noarch/urllib3-2.5.0-pyhd8ed1ab_0.conda#436c165519e140cb08d246a4472a9d6a
https://conda.anaconda.org/conda-forge/noarch/jsonschema-with-format-nongpl-4.25.1-he01879c_0.conda#13e31c573c884962318a738405ca3487
https://conda.anaconda.org/conda-forge/osx-arm64/libarrow-13.0.0-h0c25ffe_6_cpu.conda#d3cd6a9dddf4c21e8a76be06bdfa19a9
https://conda.anaconda.org/conda-forge/noarch/nbformat-5.11.1-pyhcf101f3_0.conda#2fbbf92e1173ae024f0b12759c1e64a1
https://conda.anaconda.org/conda-forge/osx-arm64/numpy-1.26.4-py312h8442bc7_0.conda#d83fc83d589e2625a3451c9a7e21047c
https://conda.anaconda.org/conda-forge/noarch/requests-2.34.2-pyhcf101f3_0.conda#4a85203c1d80c1059086ae860836ffb9
https://conda.anaconda.org/conda-forge/osx-arm64/contourpy-1.2.1-py312h0fef576_0.conda#f825cced50aa6ae9f6ae158a49ecb68c
https://conda.anaconda.org/conda-forge/noarch/jupyter_events-0.12.1-pyhcf101f3_0.conda#bf42ee94c750c0b2e7e998b79ac299ea
https://conda.anaconda.org/conda-forge/noarch/nbclient-0.11.0-pyhcf101f3_1.conda#078709c0ef924f3bc331d0a9b5eae3d7
https://conda.anaconda.org/conda-forge/osx-arm64/pandas-2.2.2-py312h88edd18_0.conda#c51f44ebc5c37c2633875979e9669f61
https://conda.anaconda.org/conda-forge/noarch/patsy-1.0.3-pyhcf101f3_0.conda#13e1355debaf21a0b8c2726697ebb01b
https://conda.anaconda.org/conda-forge/osx-arm64/polars-0.20.13-py312he6d1ca8_0.conda#46a5c32dd31cc91a5a80312e47a693c0
https://conda.anaconda.org/conda-forge/osx-arm64/pyarrow-13.0.0-py312h14a4a34_6_cpu.conda#3580df9cbbdb6244b1ad5456a924d623
https://conda.anaconda.org/conda-forge/osx-arm64/scipy-1.13.0-py312h9d7df2b_0.conda#28685c45da745561d79dc47323746278
https://conda.anaconda.org/conda-forge/osx-arm64/matplotlib-base-3.8.4-py312ha6faf65_0.conda#db0735debe4ba42187aa5d46338fe697
https://conda.anaconda.org/conda-forge/noarch/nbconvert-core-7.17.1-pyhcf101f3_0.conda#2bce0d047658a91b99441390b9b27045
https://conda.anaconda.org/conda-forge/osx-arm64/scikit-learn-1.4.2-py312hd4306f4_0.conda#0c05d05db3c1d7d4092761b940cd4e1e
https://conda.anaconda.org/conda-forge/osx-arm64/statsmodels-0.14.1-py312hf635c46_0.conda#122cd1bb959c2533d571b2451f51da7c
https://conda.anaconda.org/conda-forge/noarch/jupyter_server-2.21.1-pyh5ded981_0.conda#421d2fbcc3a265fe9d843d382efeb4e0
https://conda.anaconda.org/conda-forge/osx-arm64/matplotlib-3.8.4-py312h1f38498_2.conda#4a1e2726be0a5378e1fc207716dff763
https://conda.anaconda.org/conda-forge/noarch/seaborn-base-0.13.2-pyhd8ed1ab_3.conda#fd96da444e81f9e6fcaac38590f3dd42
https://conda.anaconda.org/conda-forge/noarch/jupyter-lsp-2.3.1-pyhcf101f3_0.conda#0c3b465ceee138b9c39279cc02e5c4a0
https://conda.anaconda.org/conda-forge/noarch/jupyterlab_server-2.28.1-pyh5ded981_0.conda#7f8cd7ef088f7149f81d6d0f4e258519
https://conda.anaconda.org/conda-forge/noarch/notebook-shim-0.2.4-pyhd8ed1ab_1.conda#e7f89ea5f7ea9401642758ff50a2d9c1
https://conda.anaconda.org/conda-forge/noarch/seaborn-0.13.2-hd8ed1ab_3.conda#62afb877ca2c2b4b6f9ecb37320085b6
https://conda.anaconda.org/conda-forge/noarch/jupyterlab-4.6.3-pyhd8ed1ab_0.conda#e5527f195a1a1925b9207e9d47752480
https://conda.anaconda.org/conda-forge/noarch/notebook-7.6.2-pyhcf101f3_0.conda#ca3a76b7ae886c30f2ef6e0ca851b2ab
