# Generated by conda-lock.
# platform: osx-arm64
# input_hash: d6f904536ce80fcbe886c8ebc1ae61957ae5dfc6ef3496e0d8e99b3eeb4a5365
@EXPLICIT
https://conda.anaconda.org/conda-forge/osx-arm64/aws-c-common-0.9.3-hb547adb_0.conda#aadc66cc167bd7e71c743954dfa8db45
https://conda.anaconda.org/conda-forge/osx-arm64/bzip2-1.0.8-h93a5062_5.conda#1bbc659ca658bfd49a481b5ef7a0f40f
https://conda.anaconda.org/conda-forge/osx-arm64/c-ares-1.28.1-h93a5062_0.conda#04f776a6139f7eafc2f38668570eb7db
https://conda.anaconda.org/conda-forge/osx-arm64/dav1d-1.2.1-hb547adb_0.conda#5a74cdee497e6b65173e10d94582fae6
https://conda.anaconda.org/conda-forge/noarch/font-ttf-dejavu-sans-mono-2.37-hab24e00_0.tar.bz2#0c96522c6bdaed4b1566d11387caaf45
https://conda.anaconda.org/conda-forge/noarch/font-ttf-inconsolata-3.000-h77eed37_0.tar.bz2#34893075a5c9e55cdafac56607368fc6
https://conda.anaconda.org/conda-forge/noarch/font-ttf-source-code-pro-2.038-h77eed37_0.tar.bz2#4d59c254e01d9cde7957100457e2d5fb
https://conda.anaconda.org/conda-forge/noarch/font-ttf-ubuntu-0.83-h77eed37_3.conda#49023d73832ef61042f6a237cb2687e7
https://conda.anaconda.org/conda-forge/osx-arm64/fribidi-1.0.10-h27ca646_0.tar.bz2#c64443234ff91d70cb9c7dc926c58834
https://conda.anaconda.org/conda-forge/osx-arm64/icu-73.2-hc8870d7_0.conda#8521bd47c0e11c5902535bb1a17c565f
https://conda.anaconda.org/conda-forge/osx-arm64/lame-3.100-h1a8c8d9_1003.tar.bz2#bff0e851d66725f78dc2fd8b032ddb7e
https://conda.anaconda.org/conda-forge/osx-arm64/libasprintf-0.22.5-h8fbad5d_2.conda#1b27402397a76115679c4855ab2ece41
https://conda.anaconda.org/conda-forge/osx-arm64/libbrotlicommon-1.1.0-hb547adb_1.conda#cd68f024df0304be41d29a9088162b02
https://conda.anaconda.org/conda-forge/osx-arm64/libcxx-16.0.6-h4653b0c_0.conda#9d7d724faf0413bf1dbc5a85935700c8
https://conda.anaconda.org/conda-forge/osx-arm64/libdeflate-1.20-h93a5062_0.conda#97efeaeba2a9a82bdf46fc6d025e3a57
https://conda.anaconda.org/conda-forge/osx-arm64/libev-4.33-h93a5062_2.conda#36d33e440c31857372a72137f78bacf5
https://conda.anaconda.org/conda-forge/osx-arm64/libexpat-2.6.2-hebf3989_0.conda#e3cde7cfa87f82f7cb13d482d5e0ad09
https://conda.anaconda.org/conda-forge/osx-arm64/libffi-3.4.2-h3422bc3_5.tar.bz2#086914b672be056eb70fd4285b6783b6
https://conda.anaconda.org/conda-forge/osx-arm64/libiconv-1.17-h0d3ecfb_2.conda#69bda57310071cf6d2b86caf11573d2d
https://conda.anaconda.org/conda-forge/osx-arm64/libjpeg-turbo-3.0.0-hb547adb_1.conda#3ff1e053dc3a2b8e36b9bfa4256a58d1
https://conda.anaconda.org/conda-forge/osx-arm64/libopus-1.3.1-h27ca646_1.tar.bz2#3d0dbee0ccd2f6d6781d270313627b62
https://conda.anaconda.org/conda-forge/osx-arm64/libtasn1-4.19.0-h1a8c8d9_0.tar.bz2#c35bc17c31579789c76739486fc6d27a
https://conda.anaconda.org/conda-forge/osx-arm64/libunistring-0.9.10-h3422bc3_0.tar.bz2#d88e77a4861e20bd96bde6628ee7a5ae
https://conda.anaconda.org/conda-forge/osx-arm64/libutf8proc-2.8.0-h1a8c8d9_0.tar.bz2#f8c9c41a122ab3abdf8943b13f4957ee
https://conda.anaconda.org/conda-forge/osx-arm64/libuv-1.48.0-h93a5062_0.conda#abfd49e80f13453b62a56be226120ea8
https://conda.anaconda.org/conda-forge/osx-arm64/libwebp-base-1.4.0-h93a5062_0.conda#c0af0edfebe780b19940e94871f1a765
https://conda.anaconda.org/conda-forge/osx-arm64/libzlib-1.3.1-h0d3ecfb_0.conda#2a2463424cc5e961a6d04bbbfb5838cf
https://conda.anaconda.org/conda-forge/osx-arm64/llvm-openmp-18.1.3-hcd81f8e_0.conda#24cbf1fb1b83056f8ba1beaac0619bf8
https://conda.anaconda.org/conda-forge/osx-arm64/ncurses-6.5-hb89a1cb_0.conda#b13ad5724ac9ae98b6b4fd87e4500ba4
https://conda.anaconda.org/conda-forge/osx-arm64/nettle-3.8.1-h63371fa_1.tar.bz2#0da3266889a3febbb9840a7a89d29da9
https://conda.anaconda.org/conda-forge/osx-arm64/pthread-stubs-0.4-h27ca646_1001.tar.bz2#d3f26c6494d4105d4ecb85203d687102
https://conda.anaconda.org/conda-forge/noarch/python_abi-3.12-9_cp312.conda#4c32076993e6270825441d059ab5c18b
https://conda.anaconda.org/conda-forge/noarch/tzdata-2026c-h151e31d_0.conda#fcb489df604d100968b737f2cb6076c6
https://conda.anaconda.org/conda-forge/osx-arm64/x264-1%21164.3095-h57fd34a_2.tar.bz2#b1f6dccde5d3a1f911960b6e567113ff
https://conda.anaconda.org/conda-forge/osx-arm64/xorg-libxau-1.0.11-hb547adb_0.conda#ca73dc4f01ea91e44e3ed76602c5ea61
https://conda.anaconda.org/conda-forge/osx-arm64/xorg-libxdmcp-1.1.3-h27ca646_0.tar.bz2#6738b13f7fadc18725965abdd4129c36
https://conda.anaconda.org/conda-forge/osx-arm64/xz-5.2.6-h57fd34a_0.tar.bz2#39c6b54e94014701dd157f4f576ed211
https://conda.anaconda.org/conda-forge/osx-arm64/yaml-0.2.5-h3422bc3_2.tar.bz2#4bb3f014845110883a3c5ee811fd84b4
https://conda.anaconda.org/conda-forge/osx-arm64/_openmp_mutex-4.5-8_kmp_llvm.conda#a2d706b4a7d603524133037c34f7fb76
https://conda.anaconda.org/conda-forge/osx-arm64/aom-3.6.1-hb765f3a_0.conda#efe2c75abcf259999d1779bbbc9cd3ce
https://conda.anaconda.org/conda-forge/osx-arm64/aws-c-cal-0.6.2-h12c43c8_2.conda#423341b3cb1db3a396657724de60f36c
https://conda.anaconda.org/conda-forge/osx-arm64/aws-c-compression-0.2.17-h12c43c8_3.conda#c339bef71fc5d6350770c3248f720218
https://conda.anaconda.org/conda-forge/osx-arm64/aws-c-sdkutils-0.1.12-h12c43c8_2.conda#59aa1ab1702812aaa2473b758194c929
https://conda.anaconda.org/conda-forge/osx-arm64/aws-checksums-0.1.17-h12c43c8_2.conda#dbbfcdd6867ab169c8eacd56583d4754
https://conda.anaconda.org/conda-forge/noarch/ca-certificates-2026.7.22-hbd8a1cb_0.conda#0f51e2391ade309db462a55611263e9c
https://conda.anaconda.org/conda-forge/osx-arm64/expat-2.6.2-hebf3989_0.conda#de0cff0ec74f273c4b6aa281479906c3
https://conda.anaconda.org/conda-forge/noarch/fonts-conda-forge-1-hc364b38_1.conda#a7970cd949a077b7cb9696379d338681
https://conda.anaconda.org/conda-forge/osx-arm64/gflags-2.2.2-hc88da5d_1004.tar.bz2#aab9ddfad863e9ef81229a1f8852211b
https://conda.anaconda.org/conda-forge/osx-arm64/gmp-6.3.0-hebf3989_1.conda#64f45819921ba710398706e1a6404eb5
https://conda.anaconda.org/conda-forge/osx-arm64/graphite2-1.3.13-hebf3989_1003.conda#339991336eeddb70076d8ca826dac625
https://conda.anaconda.org/conda-forge/osx-arm64/lerc-4.0.0-h9a09cb3_0.tar.bz2#de462d5aacda3b30721b512c5da4e742
https://conda.anaconda.org/conda-forge/osx-arm64/libabseil-20230802.1-cxx17_h13dd4ca_0.conda#fb6dfadc1898666616dfda242d8aea10
https://conda.anaconda.org/conda-forge/osx-arm64/libasprintf-devel-0.22.5-h8fbad5d_2.conda#480c106e87d4c4791e6b55a6d1678866
https://conda.anaconda.org/conda-forge/osx-arm64/libbrotlidec-1.1.0-hb547adb_1.conda#ee1a519335cc10d0ec7e097602058c0a
https://conda.anaconda.org/conda-forge/osx-arm64/libbrotlienc-1.1.0-hb547adb_1.conda#d7e077f326a98b2cc60087eaff7c730b
https://conda.anaconda.org/conda-forge/osx-arm64/libcrc32c-1.1.2-hbdafb3b_0.tar.bz2#32bd82a6a625ea6ce090a81c3d34edeb
https://conda.anaconda.org/conda-forge/osx-arm64/libedit-3.1.20191231-hc8eb9b7_2.tar.bz2#30e4362988a2623e9eb34337b83e01f9
https://conda.anaconda.org/conda-forge/osx-arm64/libintl-0.22.5-h8fbad5d_2.conda#3d216d0add050129007de3342be7b8c5
https://conda.anaconda.org/conda-forge/osx-arm64/libpng-1.6.43-h091b4b1_0.conda#77e684ca58d82cae9deebafb95b1a2b8
https://conda.anaconda.org/conda-forge/osx-arm64/libsqlite-3.45.3-h091b4b1_0.conda#c8c1186c7f3351f6ffddb97b1f54fc58
https://conda.anaconda.org/conda-forge/osx-arm64/libvpx-1.13.1-hb765f3a_0.conda#d62a0d3d8c01bd9fad3fd17d720d0cf5
https://conda.anaconda.org/conda-forge/osx-arm64/libxcb-1.15-hf346824_0.conda#988d5f86ab60fa6de91b3ee3a88a3af9
https://conda.anaconda.org/conda-forge/osx-arm64/libxml2-2.12.6-h35eab27_2.conda#d3a4a3d691494491a08e05f66a0aa35a
https://conda.anaconda.org/conda-forge/osx-arm64/lz4-c-1.9.4-hb7217d7_0.conda#45505bec548634f7d05e02fb25262cb9
https://conda.anaconda.org/conda-forge/osx-arm64/openh264-2.3.1-hb7217d7_2.conda#6ce0517e73640933cf5916deb21d4f23
https://conda.anaconda.org/conda-forge/osx-arm64/p11-kit-0.24.1-h29577a5_0.tar.bz2#8f111d56c8c7c1895bde91a942c43d93
https://conda.anaconda.org/conda-forge/osx-arm64/pcre2-10.43-h26f9a81_0.conda#1ddc87f00014612830f3235b5ad6d821
https://conda.anaconda.org/conda-forge/osx-arm64/pixman-0.43.4-hebf3989_0.conda#0308c68e711cd295aaa026a4f8c4b1e5
https://conda.anaconda.org/conda-forge/osx-arm64/re2-2023.03.02-hc5e2d97_0.conda#7a851c0ab05247e3246eca2c3b243b9a
https://conda.anaconda.org/conda-forge/osx-arm64/readline-8.2-h1d1bf99_2.conda#63ef3f6e6d6d5c589e64f11263dc5676
https://conda.anaconda.org/conda-forge/osx-arm64/snappy-1.1.10-hd04f947_1.conda#1506177f0a11c04cd16f330b2f4ad21d
https://conda.anaconda.org/conda-forge/osx-arm64/svt-av1-1.7.0-hb765f3a_0.conda#e90a180c1ad53fe8e170db74e544cbf6
https://conda.anaconda.org/conda-forge/osx-arm64/tk-8.6.13-h5083fa2_1.conda#b50a57ba89c32b62428b71a875291c9b
https://conda.anaconda.org/conda-forge/osx-arm64/x265-3.5-hbc6ce65_3.tar.bz2#b1f7f2780feffe310b068c021e8ff9b2
https://conda.anaconda.org/conda-forge/osx-arm64/zlib-1.3.1-h0d3ecfb_0.conda#7ae2a86abebc82333e585a40b60fb1ab
https://conda.anaconda.org/conda-forge/osx-arm64/zstd-1.5.5-h4f39d0f_0.conda#5b212cfb7f9d71d603ad891879dc7933
https://conda.anaconda.org/conda-forge/osx-arm64/aws-c-io-0.13.32-h5bd1e48_6.conda#17e95d24c731a1de864d59e9ec521dbc
https://conda.anaconda.org/conda-forge/osx-arm64/brotli-bin-1.1.0-hb547adb_1.conda#990d04f8c017b1b77103f9a7730a5f12
https://conda.anaconda.org/conda-forge/noarch/fonts-conda-ecosystem-1-0.tar.bz2#fee5683a3f04bd15cbd8318b096a27ab
https://conda.anaconda.org/conda-forge/osx-arm64/freetype-2.12.1-hadb7bae_2.conda#e6085e516a3e304ce41a8ee08b9b89ad
https://conda.anaconda.org/conda-forge/osx-arm64/gettext-tools-0.22.5-h8fbad5d_2.conda#31117a80d73f4fac856ab09fd9f3c6b5
https://conda.anaconda.org/conda-forge/osx-arm64/glog-0.6.0-h6da1cb0_0.tar.bz2#5a570729c7709399cf8511aeeda6f989
https://conda.anaconda.org/conda-forge/osx-arm64/libgcc-16.2.0-h3cf6597_4.conda#408af8d9d5226ff45ff04756ff1aa91e
https://conda.anaconda.org/conda-forge/osx-arm64/libgettextpo-0.22.5-h8fbad5d_2.conda#a66fad933e22d22599a6dd149d359d25
https://conda.anaconda.org/conda-forge/osx-arm64/libglib-2.80.0-hfc324ee_6.conda#762a78b7637203d7ada1403e547470ec
https://conda.anaconda.org/conda-forge/osx-arm64/libintl-devel-0.22.5-h8fbad5d_2.conda#962b3348c68efd25da253e94590ea9a2
https://conda.anaconda.org/conda-forge/osx-arm64/libprotobuf-4.23.4-hf590ac1_6.conda#743cb961d7a0ccd8014ee7b3e4d731db
https://conda.anaconda.org/conda-forge/osx-arm64/libtiff-4.6.0-h07db509_3.conda#28c9f8c6dd75666dfb296aea06c49cb8
https://conda.anaconda.org/conda-forge/osx-arm64/openssl-3.3.0-h0d3ecfb_0.conda#25b0e522c3131886a637e347b2ca0c0f
https://conda.anaconda.org/conda-forge/osx-arm64/aws-c-event-stream-0.3.2-h88fe898_1.conda#3a85cb3bbafc0ec228374328322ca747
https://conda.anaconda.org/conda-forge/osx-arm64/aws-c-http-0.7.13-he062130_1.conda#5bbf0c00da06bdae9b745a4a7c61ef92
https://conda.anaconda.org/conda-forge/osx-arm64/brotli-1.1.0-hb547adb_1.conda#a33aa58d448cbc054f887e39dd1dfaea
https://conda.anaconda.org/conda-forge/osx-arm64/fontconfig-2.14.2-h82840c6_0.conda#f77d47ddb6d3cc5b39b9bdf65635afbb
https://conda.anaconda.org/conda-forge/osx-arm64/krb5-1.21.2-h92f50d5_0.conda#92f1cff174a538e0722bf2efb16fc0b2
https://conda.anaconda.org/conda-forge/osx-arm64/lcms2-2.16-ha0e7c42_0.conda#66f6c134e76fe13cce8a9ea5814b5dd5
https://conda.anaconda.org/conda-forge/osx-arm64/libevent-2.1.12-h2757513_1.conda#1a109764bff3bdc7bdd84088347d71dc
https://conda.anaconda.org/conda-forge/osx-arm64/libgettextpo-devel-0.22.5-h8fbad5d_2.conda#1113aa220b042b7ce8d077ea8f696f98
https://conda.anaconda.org/conda-forge/osx-arm64/libgfortran5-16.2.0-hdb7a957_4.conda#d54390644d893d50e739b19145aae45f
https://conda.anaconda.org/conda-forge/osx-arm64/libgrpc-1.57.0-hdbe17d8_1.conda#79e53c0f32d2c636513cd3314ef81eb8
https://conda.anaconda.org/conda-forge/osx-arm64/libnghttp2-1.52.0-hae82a92_0.conda#1d319e95a0216f801293626a00337712
https://conda.anaconda.org/conda-forge/osx-arm64/libssh2-1.11.0-h7a5bd25_0.conda#029f7dc931a3b626b94823bc77830b01
https://conda.anaconda.org/conda-forge/osx-arm64/openjpeg-2.5.2-h9f1df11_0.conda#5029846003f0bc14414b9128a1f7c84b
https://conda.anaconda.org/conda-forge/osx-arm64/orc-1.9.0-hbfdecac_2.conda#50090e3c6ce0570039cdf97650012307
https://conda.anaconda.org/conda-forge/osx-arm64/python-3.12.2-hdf0ec26_0_cpython.conda#85e91138ae921a2771f57a50120272bd
https://conda.anaconda.org/conda-forge/noarch/aiofiles-23.2.1-pyhd8ed1ab_0.conda#a2ee5b45771a700cf442a2edb151594e
https://conda.anaconda.org/conda-forge/noarch/annotated-doc-0.0.5-pyhcf101f3_0.conda#d68ec17cb915cab4642357417ec0a104
https://conda.anaconda.org/conda-forge/noarch/async-timeout-5.0.1-pyhcf101f3_2.conda#0d0ef7e4a0996b2c4ac2175a12b3bf69
https://conda.anaconda.org/conda-forge/noarch/attrs-26.1.0-pyhcf101f3_0.conda#c6b0543676ecb1fb2d7643941fe375f2
https://conda.anaconda.org/conda-forge/osx-arm64/aws-c-auth-0.7.4-h2ed40ff_1.conda#a897b4d99ffa78d5a24664620503ef07
https://conda.anaconda.org/conda-forge/osx-arm64/aws-c-mqtt-0.9.6-h3ffe4bb_2.conda#e5c6218bc68df45a7b7c0419f78fa5e0
https://conda.anaconda.org/conda-forge/osx-arm64/backports.zoneinfo-0.2.1-py312h81bd7bf_12.conda#7b988e6f547da293aa05d8e0b5d9915a
https://conda.anaconda.org/conda-forge/osx-arm64/billiard-4.2.0-py312he37b823_0.conda#3565d7b8a07ec407e8a871e050ac1b96
https://conda.anaconda.org/conda-forge/noarch/blinker-1.9.0-pyhff2d567_0.conda#42834439227a4551b939beeeb8a4b085
https://conda.anaconda.org/conda-forge/osx-arm64/brotli-python-1.1.0-py312h9f69965_1.conda#1bc01b9ffdf42beb1a9fe4e9222e0567
https://conda.anaconda.org/conda-forge/noarch/cachetools-7.1.8-pyhd8ed1ab_0.conda#14a1c0682312ba585d88dacdd21f3358
https://conda.anaconda.org/conda-forge/osx-arm64/cairo-1.16.0-hc5b65c1_1017.conda#927bb81770b8a71936ff8c9a737eacea
https://conda.anaconda.org/conda-forge/noarch/certifi-2026.7.22-pyhd8ed1ab_0.conda#37e13edbe3b48f1095a9d085ef9cd83b
https://conda.anaconda.org/conda-forge/noarch/charset-normalizer-3.5.1-pyhd8ed1ab_0.conda#e0ac3accc64e23e40969d660e5f58ac8
https://conda.anaconda.org/conda-forge/noarch/click-8.5.0-pyh5ded981_0.conda#dea5b13a211bbf99876deb980b408a66
https://conda.anaconda.org/conda-forge/noarch/colorama-0.4.6-pyhd8ed1ab_1.conda#962b9857ee8e7018c22f2776ffa0b2d7
https://conda.anaconda.org/conda-forge/noarch/cycler-0.12.1-pyhcf101f3_2.conda#4c2a8fef270f6c69591889b93f9f55c1
https://conda.anaconda.org/conda-forge/noarch/filelock-3.32.6-pyhd8ed1ab_0.conda#42afc06f6512975dc9ee5afc15dcc3ee
https://conda.anaconda.org/conda-forge/noarch/fsspec-2026.7.0-pyhd8ed1ab_0.conda#b9176565976c773a0739bd83deaf06cc
https://conda.anaconda.org/conda-forge/osx-arm64/gettext-0.22.5-h8fbad5d_2.conda#404e2894e9cb2835246cef47317ff763
https://conda.anaconda.org/conda-forge/osx-arm64/greenlet-3.0.3-py312h20a0b95_0.conda#92ca171dcc49aadb06ac7d1d68238633
https://conda.anaconda.org/conda-forge/noarch/hpack-4.2.0-pyhd8ed1ab_0.conda#b395909221b9bd1df066e5930e18855b
https://conda.anaconda.org/conda-forge/osx-arm64/httptools-0.6.1-py312he37b823_0.conda#40af54c28ad2a9e6d3d096566400377a
https://conda.anaconda.org/conda-forge/noarch/hyperframe-6.1.0-pyhd8ed1ab_0.conda#8e6923fc12f1fe8f8c4e5c9f343256ac
https://conda.anaconda.org/conda-forge/noarch/idna-3.19-pyhcf101f3_0.conda#a39ae05027e9b707742e41b30d296b75
https://conda.anaconda.org/conda-forge/noarch/itsdangerous-2.2.0-pyhd8ed1ab_1.conda#7ac5f795c15f288984e32add616cdc59
https://conda.anaconda.org/conda-forge/noarch/janus-2.0.0-pyhd8ed1ab_0.conda#7976bc14a87522ab9af904e8aec3ee70
https://conda.anaconda.org/conda-forge/noarch/jmespath-1.1.0-pyhcf101f3_1.conda#cc73a9bd315659dc5307a5270f44786f
https://conda.anaconda.org/conda-forge/osx-arm64/kiwisolver-1.4.5-py312h389731b_1.conda#77eeca70c1c4f4187d6b199015c99ee5
https://conda.anaconda.org/conda-forge/osx-arm64/libcurl-8.4.0-h2d989ff_0.conda#afabb3372209028627ec03e206f4d967
https://conda.anaconda.org/conda-forge/osx-arm64/libgfortran-16.2.0-h07b0088_4.conda#aa6c627acd0f5709d9c79bf708a7b81b
https://conda.anaconda.org/conda-forge/osx-arm64/libthrift-0.19.0-h026a170_1.conda#4b8b21eb00d9019e9fa351141da2a6ac
https://conda.anaconda.org/conda-forge/osx-arm64/markupsafe-2.1.5-py312he37b823_0.conda#ba3a8f8cf8bbdb81394275b1e1d271da
https://conda.anaconda.org/conda-forge/noarch/mdurl-0.1.2-pyhd8ed1ab_1.conda#592132998493b3ff25fd7479396e8351
https://conda.anaconda.org/conda-forge/noarch/munkres-1.1.4-pyhd8ed1ab_1.conda#37293a85a0f4f77bbd9cf7aaefc62609
https://conda.anaconda.org/conda-forge/noarch/narwhals-2.26.0-pyh5ded981_0.conda#afb7146667be7c8121f5f8337be60680
https://conda.anaconda.org/conda-forge/noarch/nest-asyncio-1.6.0-pyhd8ed1ab_1.conda#598fd7d4d0de2455fb74f56063969a97
https://conda.anaconda.org/conda-forge/osx-arm64/orjson-3.9.10-py312h37b1423_0.conda#cf6c799a699e618e75659bd8fb127c6c
https://conda.anaconda.org/conda-forge/noarch/packaging-26.3-pyhc364b38_0.conda#936687ed80f295a1f5dbcf8bd34c252c
https://conda.anaconda.org/conda-forge/osx-arm64/pillow-10.3.0-py312h8a801b1_0.conda#1d42544faaed27dce36268912b8dfedf
https://conda.anaconda.org/conda-forge/noarch/pycparser-3.0-pyhcf101f3_0.conda#9c5491066224083c41b6d5635ed7107b
https://conda.anaconda.org/conda-forge/noarch/pydub-0.25.1-pyhd8ed1ab_1.conda#a2fae5e32bb95478386c58f9c2cac980
https://conda.anaconda.org/conda-forge/noarch/pygments-2.21.0-pyhcf101f3_0.conda#2882dee445dfa45b0c5afce3ffb7730a
https://conda.anaconda.org/conda-forge/noarch/pyparsing-3.3.2-pyhcf101f3_0.conda#3687cc0b82a8b4c17e1f0eb7e47163d5
https://conda.anaconda.org/conda-forge/noarch/pysocks-1.7.1-pyha55dd90_7.conda#461219d1a5bd61342293efa2c0c90eac
https://conda.anaconda.org/conda-forge/noarch/python-dotenv-1.2.3-pyhcf101f3_0.conda#b55edb60d527ce56226a1026abcb3e2c
https://conda.anaconda.org/conda-forge/noarch/python-multipart-0.0.32-pyhcf101f3_0.conda#f54d00b369042e8e0e235b1a1a817487
https://conda.anaconda.org/conda-forge/noarch/python-tzdata-2026.3-pyhd8ed1ab_0.conda#eefc8d916bd2e708d76d40398ef9a1ee
https://conda.anaconda.org/conda-forge/noarch/pytz-2026.3.post1-pyhcf101f3_0.conda#eb2fb9070c0232e96ae5515d8b28e4f9
https://conda.anaconda.org/conda-forge/osx-arm64/pyyaml-6.0.1-py312h02f2b3b_1.conda#a0c843e52a1c4422d8657dd76e9eb994
https://conda.anaconda.org/conda-forge/noarch/retrying-1.4.2-pyhe01879c_0.conda#128b46a47ea164f9a8659cb6da2f3555
https://conda.anaconda.org/conda-forge/osx-arm64/rpds-py-0.17.1-py312h5280bc4_0.conda#7b0b4879880d11be49c5edfdae68bc39
https://conda.anaconda.org/conda-forge/osx-arm64/ruff-0.1.13-py312h1ae9fbf_1.conda#e84c9feb4adc9b834d5d7e15706803c7
https://conda.anaconda.org/conda-forge/noarch/semantic_version-2.10.0-pyhd8ed1ab_0.tar.bz2#7d5de798a497fbcd6720b862478975ed
https://conda.anaconda.org/conda-forge/noarch/setuptools-84.0.0-pyh332efcf_0.conda#62ac906f1cd582c6c264c95625cb9d6f
https://conda.anaconda.org/conda-forge/noarch/shellingham-1.5.4-pyhd8ed1ab_2.conda#83ea3a2ddb7a75c1b09cea582aa4f106
https://conda.anaconda.org/conda-forge/noarch/six-1.17.0-pyhe01879c_1.conda#3339e3b65d58accf4ca4fb8748ab16b3
https://conda.anaconda.org/conda-forge/noarch/smmap-5.0.3-pyhcf101f3_1.conda#b899f1195be56d8215ed1973a8f409c3
https://conda.anaconda.org/conda-forge/noarch/sniffio-1.3.1-pyhd8ed1ab_2.conda#03fe290994c5e4ec17293cfb6bdce520
https://conda.anaconda.org/conda-forge/noarch/sqlparse-0.6.0-pyhcf101f3_0.conda#16927944c557971e4f215168de9dbcfe
https://conda.anaconda.org/conda-forge/noarch/tenacity-9.1.4-pyhcf101f3_0.conda#043f0599dc8aa023369deacdb5ac24eb
https://conda.anaconda.org/conda-forge/noarch/toml-0.10.2-pyhcf101f3_3.conda#d0fc809fa4c4d85e959ce4ab6e1de800
https://conda.anaconda.org/conda-forge/noarch/tomli-2.4.1-pyhcf101f3_0.conda#b5325cf06a000c5b14970462ff5e4d58
https://conda.anaconda.org/conda-forge/noarch/tomlkit-0.12.0-pyha770c72_0.conda#e2d5f8153c4d4b5f4919ad1492775152
https://conda.anaconda.org/conda-forge/osx-arm64/tornado-6.4-py312he37b823_0.conda#a081e28c706477c8158f0432cc67c849
https://conda.anaconda.org/conda-forge/noarch/tqdm-4.70.1-pyhfa0c392_0.conda#ffc91f29264eeb8d3ba96fdc897316c3
https://conda.anaconda.org/conda-forge/noarch/typing_extensions-4.16.0-pyhcf101f3_0.conda#c70ad746c22219b9700931707482992c
https://conda.anaconda.org/conda-forge/osx-arm64/uvloop-0.19.0-py312he37b823_0.conda#4f653e7ae8df9adc84dedea6e1cb4ce6
https://conda.anaconda.org/conda-forge/noarch/vine-5.1.0-pyhd8ed1ab_1.conda#e827a22b019357c90c58d6b7c7c4eb7c
https://conda.anaconda.org/conda-forge/noarch/wcwidth-0.8.3-pyhcf101f3_0.conda#f62991f907a9830ab003b12d07dd3478
https://conda.anaconda.org/conda-forge/osx-arm64/websockets-11.0.3-py312h02f2b3b_1.conda#4def78137c8de8c6e99abbba2ca8ab6d
https://conda.anaconda.org/conda-forge/noarch/zipp-4.1.0-pyhcf101f3_0.conda#ba3dcdc8584155c97c648ae9c044b7a3
https://conda.anaconda.org/conda-forge/noarch/amqp-5.3.1-pyhd8ed1ab_0.conda#7b12e35821f20400ac419b830efb03d9
https://conda.anaconda.org/conda-forge/noarch/asgiref-3.12.1-pyhcf101f3_0.conda#06a9b6405e2fa5cbead1466f7f1da175
https://conda.anaconda.org/conda-forge/osx-arm64/aws-c-s3-0.3.17-hf064be9_3.conda#208b606834b0aba73dc867900bb610dc
https://conda.anaconda.org/conda-forge/osx-arm64/cffi-1.16.0-py312h8e38eb3_0.conda#960ecbd65860d3b1de5e30373e1bffb1
https://conda.anaconda.org/conda-forge/noarch/click-didyoumean-0.3.1-pyhd8ed1ab_1.conda#dd87c399586cac9f8bdd8c644b2592a6
https://conda.anaconda.org/conda-forge/noarch/click-plugins-1.1.1.2-pyhd8ed1ab_0.conda#e9b05deb91c013e5224672a4ba9cf8d1
https://conda.anaconda.org/conda-forge/noarch/dnspython-2.8.0-pyhcf101f3_0.conda#d73fdc05f10693b518f52c994d748c19
https://conda.anaconda.org/conda-forge/noarch/exceptiongroup-1.3.1-pyhd8ed1ab_0.conda#8e662bd460bda79b1ea39194e3c4c9ab
https://conda.anaconda.org/conda-forge/osx-arm64/fonttools-4.51.0-py312he37b823_0.conda#30bd6e9be6d9f932bc54e7b88130bca3
https://conda.anaconda.org/conda-forge/noarch/gitdb-4.0.12-pyhd8ed1ab_0.conda#7c14f3706e099f8fcd47af2d494616cc
https://conda.anaconda.org/conda-forge/osx-arm64/gunicorn-26.2.0-py312h81bd7bf_1.conda#80db6a9be95e512d69fbd5468bfb2521
https://conda.anaconda.org/conda-forge/noarch/h11-0.16.0-pyhcf101f3_1.conda#b8993c19b0c32a2f7b66cbb58ca27069
https://conda.anaconda.org/conda-forge/noarch/h2-4.4.1-pyhcf101f3_0.conda#e652ac7756069c456d0da2a922cd7df5
https://conda.anaconda.org/conda-forge/osx-arm64/harfbuzz-8.2.1-hf1a6348_0.conda#001c9b64c94fb7066525bff0dc0f30c2
https://conda.anaconda.org/conda-forge/noarch/importlib-metadata-9.0.1-pyhcf101f3_0.conda#77ec68e0aa61c3fff9ecbf840f93d64e
https://conda.anaconda.org/conda-forge/noarch/importlib_resources-6.5.2-pyhd8ed1ab_0.conda#c85c76dc67d75619a92f51dfbce06992
https://conda.anaconda.org/conda-forge/noarch/jinja2-3.1.6-pyhcf101f3_1.conda#04558c96691bed63104678757beb4f8d
https://conda.anaconda.org/conda-forge/osx-arm64/libgoogle-cloud-2.12.0-hde42cda_2.conda#c00f510ad8d6c789df20ec69072c162d
https://conda.anaconda.org/conda-forge/osx-arm64/libidn2-2.3.7-h93a5062_0.conda#6e4a21ef7a8e4c0cc65381854848e232
https://conda.anaconda.org/conda-forge/osx-arm64/libopenblas-0.3.27-openmp_h6c19121_0.conda#82eba59f4eca26a9fc904d584f8761c0
https://conda.anaconda.org/conda-forge/noarch/markdown-it-py-4.2.0-pyhd8ed1ab_0.conda#6d03368f2b2b0a5fb6839df53b2eb5e0
https://conda.anaconda.org/conda-forge/noarch/plotly-7.0.0-pyhd8ed1ab_0.conda#4ea81636839ff7155b001b33b0bfc589
https://conda.anaconda.org/conda-forge/noarch/prompt-toolkit-3.0.53-pyha770c72_0.conda#39c92a39517316e5001d645ae63d9ab9
https://conda.anaconda.org/conda-forge/osx-arm64/protobuf-4.23.4-py312h4b6616f_3.conda#e2c1b1a4a96441cda44b9c2240958c0f
https://conda.anaconda.org/conda-forge/noarch/python-dateutil-2.9.0.post0-pyhe01879c_2.conda#5b8d21249ff20967101ffa321cab24e8
https://conda.anaconda.org/conda-forge/noarch/redis-py-8.1.0-pyhd8ed1ab_0.conda#9bfcd030b42e5c6b7f7fb49f454e1e8c
https://conda.anaconda.org/conda-forge/noarch/referencing-0.37.0-pyhcf101f3_0.conda#870293df500ca7e18bedefa5838a22ab
https://conda.anaconda.org/conda-forge/noarch/typing-extensions-4.16.0-h69aa097_0.conda#c680b5747e8c4c8f23dca0bb7042a8fc
https://conda.anaconda.org/conda-forge/osx-arm64/watchdog-4.0.0-py312he37b823_0.conda#c483c04540c229b50564201c5432667c
https://conda.anaconda.org/conda-forge/noarch/werkzeug-3.1.8-pyhcf101f3_0.conda#3eeca039e7316268627f4116da9df64c
https://conda.anaconda.org/conda-forge/noarch/wheel-0.48.0-pyhd8ed1ab_0.conda#9a2124517bfd5d792e0f7b86eefdfeb8
https://conda.anaconda.org/conda-forge/noarch/annotated-types-0.8.0-pyhd8ed1ab_0.conda#108c928d2a8551832dbc762b535e90bb
https://conda.anaconda.org/conda-forge/noarch/anyio-4.4.0-pyhd8ed1ab_0.conda#1fa97c6e8db1f82c64ff17a5efc4ae8e
https://conda.anaconda.org/conda-forge/osx-arm64/aws-crt-cpp-0.23.1-h96fc18d_5.conda#ebc5b298b28d4853ff64a06c31df9170
https://conda.anaconda.org/conda-forge/noarch/django-6.1-pyhc364b38_0.conda#dc78d6e5ec70c21f9aaa33a6edc9e7ce
https://conda.anaconda.org/conda-forge/noarch/email-validator-2.3.0-pyhd8ed1ab_0.conda#3bc0ac31178387e8ed34094d9481bfe8
https://conda.anaconda.org/conda-forge/noarch/flask-3.1.3-pyhcf101f3_1.conda#156398929bf849da6df8f89a2c390185
https://conda.anaconda.org/conda-forge/noarch/gitpython-3.1.62-pyh5ded981_0.conda#bc66034cae0ff9168c130766eb2b33d1
https://conda.anaconda.org/conda-forge/osx-arm64/gnutls-3.7.8-h9f1a10d_0.tar.bz2#2367cca5a0451a70d01cff2dd2ce7d3e
https://conda.anaconda.org/conda-forge/noarch/importlib-resources-6.5.2-pyhd8ed1ab_0.conda#e376ea42e9ae40f3278b0f79c9bf9826
https://conda.anaconda.org/conda-forge/noarch/jsonschema-specifications-2025.9.1-pyhcf101f3_0.conda#439cd0f567d697b20a8f45cb70a1005a
https://conda.anaconda.org/conda-forge/osx-arm64/libass-0.17.1-hf7da4fe_1.conda#53fff6fc379154382f5121325c5fe2f5
https://conda.anaconda.org/conda-forge/osx-arm64/libblas-3.9.0-24_osxarm64_openblas.conda#35cb711e7bc46ee5f3dd67af99ad1986
https://conda.anaconda.org/conda-forge/noarch/mako-1.4.1-pyhcf101f3_0.conda#561fdcfee99e91e29e274eb8b4e77f5a
https://conda.anaconda.org/conda-forge/noarch/pip-26.2.1-pyh8b19718_0.conda#77b6cf3b0689d9fc68561df0db9b856d
https://conda.anaconda.org/conda-forge/noarch/prompt_toolkit-3.0.53-hd8ed1ab_0.conda#4c7171dde29a2f2b1dac681c1154a291
https://conda.anaconda.org/conda-forge/osx-arm64/pydantic-core-2.14.6-py312h5280bc4_1.conda#e15675908d5e686578b59a0155da7c1b
https://conda.anaconda.org/conda-forge/noarch/rich-15.0.0-pyhcf101f3_0.conda#0242025a3c804966bf71aa04eee82f66
https://conda.anaconda.org/conda-forge/osx-arm64/sqlalchemy-2.0.29-py312he37b823_0.conda#cdd668dff380b982c6742ea0620cdf4c
https://conda.anaconda.org/conda-forge/noarch/uvicorn-0.32.1-pyh31011fe_1.conda#7832640e5e302059e844d56f410487a6
https://conda.anaconda.org/conda-forge/osx-arm64/zstandard-0.22.0-py312h7975427_0.conda#10c282af2c570a5a52173fd571693ec6
https://conda.anaconda.org/conda-forge/noarch/alembic-1.20.0-pyh5ded981_0.conda#32e921ccaf2c0cd8b546c1bf064b201f
https://conda.anaconda.org/conda-forge/osx-arm64/aws-sdk-cpp-1.11.156-he831950_3.conda#4276b9c8572bb539b41225a4b5d065ea
https://conda.anaconda.org/conda-forge/noarch/click-repl-0.3.0-pyhd8ed1ab_0.conda#27eb8f68250666c1a19d1b6ec9d12c4e
https://conda.anaconda.org/conda-forge/noarch/email_validator-2.3.0-hd8ed1ab_0.conda#2452e434747a6b742adc5045f2182a8e
https://conda.anaconda.org/conda-forge/osx-arm64/ffmpeg-6.0.0-gpl_h1ceb99f_105.conda#ab473674ec333a0fec0de661107bc6c1
https://conda.anaconda.org/conda-forge/noarch/httpcore-1.0.9-pyh29332c3_0.conda#4f14640d58e2cc0aa0819d9d8ba125bb
https://conda.anaconda.org/conda-forge/noarch/jsonschema-4.25.1-pyhe01879c_0.conda#341fd940c242cf33e832c0402face56f
https://conda.anaconda.org/conda-forge/osx-arm64/libcblas-3.9.0-24_osxarm64_openblas.conda#c8977086a19233153e454bb2b332a920
https://conda.anaconda.org/conda-forge/osx-arm64/liblapack-3.9.0-24_osxarm64_openblas.conda#49a3241f76cdbe705e346204a328f66c
https://conda.anaconda.org/conda-forge/noarch/pydantic-2.5.3-pyhd8ed1ab_0.conda#3569001fd8b37e542aaefdf5de124e19
https://conda.anaconda.org/conda-forge/noarch/rich-toolkit-0.20.5-pyh5ded981_0.conda#99a9e4928b8fa7aa7aef2b568784e1a3
https://conda.anaconda.org/conda-forge/noarch/starlette-0.50.0-pyhfdc7a7d_0.conda#68bcb398c375177cf117cf608c274f9d
https://conda.anaconda.org/conda-forge/noarch/typer-0.27.2-pyhcf101f3_0.conda#d076f2370a590b3698399256b9b135e3
https://conda.anaconda.org/conda-forge/noarch/urllib3-2.5.0-pyhd8ed1ab_0.conda#436c165519e140cb08d246a4472a9d6a
https://conda.anaconda.org/conda-forge/osx-arm64/watchfiles-0.21.0-py312h5280bc4_0.conda#8e93cbba30589aeb3d940ebe0ff90465
https://conda.anaconda.org/conda-forge/noarch/altair-5.5.0-pyhd8ed1ab_1.conda#e54e67e5aea7288ba110cf685252f599
https://conda.anaconda.org/conda-forge/noarch/botocore-1.43.92-pyhd8ed1ab_0.conda#0b3cf03b9b7980a644d41e30efb6b239
https://conda.anaconda.org/conda-forge/noarch/fastapi-core-0.125.0-pyhcf101f3_0.conda#7eaf25d7294843e47afb3b072f047721
https://conda.anaconda.org/conda-forge/noarch/ffmpy-1.0.0-pyh017c687_0.conda#956e270602cec7c4c81f001fd503e51c
https://conda.anaconda.org/conda-forge/noarch/httpx-0.28.1-pyhd8ed1ab_0.conda#d6989ead454181f4f9bc987d3dc4e285
https://conda.anaconda.org/conda-forge/osx-arm64/libarrow-13.0.0-h0c25ffe_6_cpu.conda#d3cd6a9dddf4c21e8a76be06bdfa19a9
https://conda.anaconda.org/conda-forge/osx-arm64/numpy-1.26.4-py312h8442bc7_0.conda#d83fc83d589e2625a3451c9a7e21047c
https://conda.anaconda.org/conda-forge/noarch/requests-2.34.2-pyhcf101f3_0.conda#4a85203c1d80c1059086ae860836ffb9
https://conda.anaconda.org/conda-forge/noarch/uvicorn-standard-0.32.1-h31011fe_1.conda#0c233d5c71d398cf01d0281e72194005
https://conda.anaconda.org/conda-forge/osx-arm64/contourpy-1.2.1-py312h0fef576_0.conda#f825cced50aa6ae9f6ae158a49ecb68c
https://conda.anaconda.org/conda-forge/noarch/dash-4.2.0-pyhd8ed1ab_0.conda#3a5bbf41458303951167d7c4fb171c7f
https://conda.anaconda.org/conda-forge/noarch/fastapi-cli-0.0.32-pyhcf101f3_0.conda#873835dd2a01dd8844086f1cde2067ce
https://conda.anaconda.org/conda-forge/noarch/huggingface_hub-0.31.4-pyhd8ed1ab_0.conda#d92d502ff13c190010694d64375959b9
https://conda.anaconda.org/conda-forge/osx-arm64/pandas-2.2.2-py312h88edd18_0.conda#c51f44ebc5c37c2633875979e9669f61
https://conda.anaconda.org/conda-forge/osx-arm64/pyarrow-13.0.0-py312h14a4a34_6_cpu.conda#3580df9cbbdb6244b1ad5456a924d623
https://conda.anaconda.org/conda-forge/noarch/pydeck-0.9.3-pyhd8ed1ab_0.conda#7c94c948b32d681345f134ae11892fee
https://conda.anaconda.org/conda-forge/noarch/s3transfer-0.19.2-pyhd8ed1ab_0.conda#5548801d61c206d492b85613a02a87e3
https://conda.anaconda.org/conda-forge/noarch/boto3-1.43.91-pyhd8ed1ab_0.conda#f87253517bcc07356a9a763b8077cdd2
https://conda.anaconda.org/conda-forge/noarch/fastapi-0.125.0-h149372e_0.conda#4a8047d30190bb3fab194d02455e8647
https://conda.anaconda.org/conda-forge/noarch/gradio-client-0.10.0-pyhd8ed1ab_0.conda#92454ff9c9572d60c10c634f8da71386
https://conda.anaconda.org/conda-forge/osx-arm64/matplotlib-base-3.8.4-py312ha6faf65_0.conda#db0735debe4ba42187aa5d46338fe697
https://conda.anaconda.org/conda-forge/noarch/streamlit-1.56.0-pyhd8ed1ab_0.conda#d6811c328c7404021d17880c228a22bd
https://conda.anaconda.org/conda-forge/noarch/gradio-4.19.1-pyhd8ed1ab_0.conda#239df718971d2c8e977af72fde4dbe84
https://conda.anaconda.org/conda-forge/noarch/kombu-5.6.2-pyha770c72_0.conda#2835b89f91d340c6aecf900779721540
https://conda.anaconda.org/conda-forge/noarch/celery-5.4.0-pyhd8ed1ab_2.conda#75f52fbca71b701602ed237942e5cb4d
