# Generated by conda-lock.
# platform: osx-arm64
# input_hash: 4f213962b733e88f9d868f1a543473a2618b34596d92282cbff5e630dd076b34
@EXPLICIT
https://conda.anaconda.org/conda-forge/noarch/python_abi-3.12-8_cp312.conda#c3efd25ac4d74b1584d2f7a57195ddf1
https://conda.anaconda.org/conda-forge/noarch/tzdata-2026c-h151e31d_0.conda#fcb489df604d100968b737f2cb6076c6
https://conda.anaconda.org/conda-forge/osx-arm64/bzip2-1.0.8-hd037594_9.conda#620b85a3f45526a8bc4d23fd78fc22f0
https://conda.anaconda.org/conda-forge/noarch/ca-certificates-2026.7.22-hbd8a1cb_0.conda#0f51e2391ade309db462a55611263e9c
https://conda.anaconda.org/conda-forge/osx-arm64/icu-78.3-hc7cc350_2.conda#6133ddbb17ba2b50700dd88e9303ce27
https://conda.anaconda.org/conda-forge/osx-arm64/libcxx-22.1.8-h55c6f16_0.conda#89f76a2a21a3ec3ec983b5eb237c4113
https://conda.anaconda.org/conda-forge/osx-arm64/libexpat-2.8.1-hf6b4638_1.conda#a915151d5d3c5bf039f5ccc8402a436f
https://conda.anaconda.org/conda-forge/osx-arm64/libffi-3.5.2-hcf2aa1b_0.conda#43c04d9cb46ef176bb2a4c77e324d599
https://conda.anaconda.org/conda-forge/osx-arm64/liblzma-5.8.3-h8088a28_0.conda#b1fd823b5ae54fbec272cea0811bd8a9
https://conda.anaconda.org/conda-forge/osx-arm64/libsodium-1.0.22-h1a92334_1.conda#9ed5ab909c449bdcae72322e44875a18
https://conda.anaconda.org/conda-forge/osx-arm64/libzlib-1.3.2-h8088a28_3.conda#f39288f0ea63ae962e1a2e4f355a0d75
https://conda.anaconda.org/conda-forge/osx-arm64/ncurses-6.6-h1d4f5a5_0.conda#343d10ed5b44030a2f67193905aea159
https://conda.anaconda.org/conda-forge/osx-arm64/libedit-3.1.20250104-pl5321hafb1f1b_0.conda#44083d2d2c2025afca315c7a172eab2b
https://conda.anaconda.org/conda-forge/osx-arm64/libsqlite-3.53.4-h1ae2325_0.conda#0e3477c0c3e718dcf2eb74ccc8f68570
https://conda.anaconda.org/conda-forge/osx-arm64/openssl-3.6.3-hd24854e_0.conda#8187a86242741725bfa74785fe812979
https://conda.anaconda.org/conda-forge/osx-arm64/readline-8.3-h46df422_0.conda#f8381319127120ce51e081dce4865cf4
https://conda.anaconda.org/conda-forge/osx-arm64/tk-8.6.13-hd3d0363_3.conda#8e3cf0e455e6b54519f0b1c72c61780a
https://conda.anaconda.org/conda-forge/osx-arm64/krb5-1.22.2-hfd3d5f3_1.conda#8780f41b013d19219faef9c82260744b
https://conda.anaconda.org/conda-forge/osx-arm64/python-3.12.13-h8561d8f_0_cpython.conda#8e7608172fa4d1b90de9a745c2fd2b81
https://conda.anaconda.org/conda-forge/noarch/appnope-0.1.4-pyhd8ed1ab_1.conda#54898d0f524c9dee622d44bbb081a8ab
https://conda.anaconda.org/conda-forge/noarch/asttokens-3.0.2-pyhd8ed1ab_0.conda#89d495168582cb00428dad699d149624
https://conda.anaconda.org/conda-forge/noarch/comm-0.2.3-pyhe01879c_0.conda#2da13f2b299d8e1995bafbbe9689a2f7
https://conda.anaconda.org/conda-forge/noarch/cpython-3.12.13-py312hd8ed1ab_0.conda#f54c1ffb8ecedb85a8b7fcde3a187212
https://conda.anaconda.org/conda-forge/osx-arm64/debugpy-1.8.21-py312h6510ced_0.conda#178381b74c5e84ea90751c5e4291c41e
https://conda.anaconda.org/conda-forge/noarch/executing-2.2.1-pyhd8ed1ab_0.conda#ff9efb7f7469aed3c4a8106ffa29593c
https://conda.anaconda.org/conda-forge/noarch/mdurl-0.1.2-pyhd8ed1ab_1.conda#592132998493b3ff25fd7479396e8351
https://conda.anaconda.org/conda-forge/noarch/nest-asyncio2-1.7.2-pyhcf101f3_0.conda#fcd832bfd4749e9b246112b6894f97fc
https://conda.anaconda.org/conda-forge/noarch/packaging-26.2-pyhc364b38_0.conda#4c06a92e74452cfa53623a81592e8934
https://conda.anaconda.org/conda-forge/noarch/parso-0.8.7-pyhcf101f3_0.conda#39894c952938276405a1bd30e4ce2caf
https://conda.anaconda.org/conda-forge/noarch/platformdirs-4.11.0-pyhcf101f3_0.conda#1fadaa6dd1d03d062075f84157ac2cc7
https://conda.anaconda.org/conda-forge/osx-arm64/psutil-7.2.2-py312hb3ab3e3_0.conda#fd856899666759403b3c16dcba2f56ff
https://conda.anaconda.org/conda-forge/noarch/ptyprocess-0.7.0-pyhd8ed1ab_1.conda#7d9daffbb8d8e0af0f769dbbcd173a54
https://conda.anaconda.org/conda-forge/noarch/pure_eval-0.2.3-pyhd8ed1ab_1.conda#3bfdfb8dbcdc4af1ae3f9a8eb3948f04
https://conda.anaconda.org/conda-forge/noarch/pygments-2.20.0-pyhd8ed1ab_0.conda#16c18772b340887160c79a6acc022db0
https://conda.anaconda.org/conda-forge/noarch/setuptools-83.0.0-pyh332efcf_0.conda#6bf6acbab2499830180ec88c3aff2fa4
https://conda.anaconda.org/conda-forge/noarch/six-1.17.0-pyhe01879c_1.conda#3339e3b65d58accf4ca4fb8748ab16b3
https://conda.anaconda.org/conda-forge/osx-arm64/tornado-6.5.7-py312h2bbb03f_0.conda#d037e9adb0365ab53445f357bd9a035f
https://conda.anaconda.org/conda-forge/noarch/traitlets-5.16.0-pyhcf101f3_0.conda#fbdacf65d5d0535be79adc2de2c9f1d6
https://conda.anaconda.org/conda-forge/noarch/typing_extensions-4.16.0-pyhcf101f3_0.conda#c70ad746c22219b9700931707482992c
https://conda.anaconda.org/conda-forge/noarch/wcwidth-0.8.2-pyhd8ed1ab_0.conda#99f7755ec8648a042b0dbe906234f888
https://conda.anaconda.org/conda-forge/osx-arm64/zeromq-4.3.5-h10816f8_11.conda#d31c0e54c4f9c51100ec8c812ee925d1
https://conda.anaconda.org/conda-forge/noarch/ipython_pygments_lexers-1.1.1-pyhd8ed1ab_0.conda#bd80ba060603cc228d9d81c257093119
https://conda.anaconda.org/conda-forge/noarch/jedi-0.20.0-pyhcf101f3_0.conda#c2b3d37aa1411031126036ee76a8a861
https://conda.anaconda.org/conda-forge/noarch/jupyter_core-5.9.1-pyhc90fa1f_0.conda#b38fe4e78ee75def7e599843ef4c1ab0
https://conda.anaconda.org/conda-forge/noarch/markdown-it-py-4.2.0-pyhd8ed1ab_0.conda#6d03368f2b2b0a5fb6839df53b2eb5e0
https://conda.anaconda.org/conda-forge/noarch/matplotlib-inline-0.2.2-pyhd8ed1ab_0.conda#9acc1c385be401d533ff70ef5b50dae6
https://conda.anaconda.org/conda-forge/noarch/pexpect-4.9.0-pyhd8ed1ab_1.conda#d0d408b1f18883a944376da5cf8101ea
https://conda.anaconda.org/conda-forge/noarch/prompt-toolkit-3.0.53-pyha770c72_0.conda#39c92a39517316e5001d645ae63d9ab9
https://conda.anaconda.org/conda-forge/noarch/python-dateutil-2.9.0.post0-pyhe01879c_2.conda#5b8d21249ff20967101ffa321cab24e8
https://conda.anaconda.org/conda-forge/noarch/python-gil-3.12.13-hd8ed1ab_0.conda#32780d6794b8056b78602103a04e90ef
https://conda.anaconda.org/conda-forge/noarch/stack_data-0.6.3-pyhd8ed1ab_1.conda#b1b505328da7a6b246787df4b5a49fbc
https://conda.anaconda.org/conda-forge/noarch/wheel-0.47.0-pyhd8ed1ab_0.conda#d0e3b2f0030cf4fca58bde71d246e94c
https://conda.anaconda.org/conda-forge/noarch/_python_abi3_support-1.0-hd8ed1ab_3.conda#3845f3d75991bae0fb90884662f4327c
https://conda.anaconda.org/conda-forge/noarch/ipython-9.16.0-pyh53cf698_0.conda#a7acc62b37351137a15d0700e44e6793
https://conda.anaconda.org/conda-forge/noarch/pip-26.2-pyh8b19718_0.conda#2e8a3ed3e7935bd5e1729b6b27ed3f4e
https://conda.anaconda.org/conda-forge/noarch/rich-15.0.0-pyhcf101f3_0.conda#0242025a3c804966bf71aa04eee82f66
https://conda.anaconda.org/conda-forge/osx-arm64/pyzmq-27.1.0-py312h022ad19_3.conda#73f22bde4991f30ae2bfac3811577c15
https://conda.anaconda.org/conda-forge/noarch/jupyter_client-8.9.1-pyhcf101f3_0.conda#49440e66df843bee2273937e8032ec43
https://conda.anaconda.org/conda-forge/noarch/ipykernel-7.3.0-pyh01cf8df_0.conda#a1ddab91145f7f06eee769d2f3ac69cd
