# Generated by conda-lock.
# platform: win-64
# input_hash: 2fbeba4883481c19ffcb352bfc00ba49bc7a4c5ea442c41f061f1629fcb95db5
@EXPLICIT
https://conda.anaconda.org/conda-forge/noarch/font-ttf-dejavu-sans-mono-2.37-hab24e00_0.tar.bz2#0c96522c6bdaed4b1566d11387caaf45
https://conda.anaconda.org/conda-forge/noarch/font-ttf-inconsolata-3.000-h77eed37_0.tar.bz2#34893075a5c9e55cdafac56607368fc6
https://conda.anaconda.org/conda-forge/noarch/font-ttf-source-code-pro-2.038-h77eed37_0.tar.bz2#4d59c254e01d9cde7957100457e2d5fb
https://conda.anaconda.org/conda-forge/noarch/font-ttf-ubuntu-0.83-h77eed37_3.conda#49023d73832ef61042f6a237cb2687e7
https://conda.anaconda.org/conda-forge/win-64/libopentelemetry-cpp-headers-1.27.0-h57928b3_1.conda#85e4342d7e798c99a828d59303909d09
https://conda.anaconda.org/conda-forge/win-64/m2-conda-epoch-20250515-0_x86_64.conda#7d60fb16df2cd07fbc3dbff1c9df4244
https://conda.anaconda.org/conda-forge/win-64/nlohmann_json-3.12.0-h5112557_1.conda#24a9dde77833cc48289ef92b4e724da4
https://conda.anaconda.org/conda-forge/win-64/onemkl-license-2026.1.0-h57928b3_233.conda#1566e2ce8c3bc23a2feb866c4d9e91e3
https://conda.anaconda.org/conda-forge/noarch/python_abi-3.12-8_cp312.conda#c3efd25ac4d74b1584d2f7a57195ddf1
https://conda.anaconda.org/conda-forge/noarch/tzdata-2026c-h151e31d_0.conda#fcb489df604d100968b737f2cb6076c6
https://conda.anaconda.org/conda-forge/win-64/ucrt-10.0.26100.0-h57928b3_0.conda#71b24316859acd00bdb8b38f5e2ce328
https://conda.anaconda.org/conda-forge/noarch/ca-certificates-2026.7.22-h4c7d964_0.conda#e27d2ac27b096dc51fedfcf775a53f9b
https://conda.anaconda.org/conda-forge/noarch/fonts-conda-forge-1-hc364b38_1.conda#a7970cd949a077b7cb9696379d338681
https://conda.anaconda.org/conda-forge/noarch/libgcc-devel_win-64-14.4.0-h4af83d7_101.conda#e869d0d733d81adab4254577e845c779
https://conda.anaconda.org/conda-forge/noarch/libstdcxx-devel_win-64-14.4.0-hb333908_101.conda#24638ea77de4d68ffc29c68416bc0916
https://conda.anaconda.org/conda-forge/win-64/libwinpthread-12.0.0.r4.gg4f2fc60ca-h57928b3_10.conda#8a86073cf3b343b87d03f41790d8b4e5
https://conda.anaconda.org/conda-forge/noarch/m2-msys2-runtime-3.6.1.4-hc364b38_6.conda#fb7de65144b11c4c7284a00e3170c797
https://conda.anaconda.org/conda-forge/noarch/mingw-w64-ucrt-x86_64-headers-git-12.0.0.r4.gg4f2fc60ca-hd8ed1ab_10.conda#cab7b807024204893ef5bb1860d91408
https://conda.anaconda.org/conda-forge/noarch/mingw-w64-ucrt-x86_64-windows-default-manifest-6.4-he206cdd_7.conda#1d6b5c96d7e3cce773519d7d1a4482f0
https://conda.anaconda.org/conda-forge/win-64/vcomp14-14.51.36247-habf1de7_41.conda#350bb67a5c8e5f1c53347ac544ab6600
https://conda.anaconda.org/conda-forge/noarch/fonts-conda-ecosystem-1-0.tar.bz2#fee5683a3f04bd15cbd8318b096a27ab
https://conda.anaconda.org/conda-forge/win-64/gendef-v12.0.0.r1.ggdc42231f0-he1bec0e_2.conda#1ef764cd71f059154bf99cde8200ab19
https://conda.anaconda.org/conda-forge/win-64/libgomp-16.1.0-h8ee18e1_1.conda#baa80f69f3a43e4ec7e1cfb3addeae56
https://conda.anaconda.org/conda-forge/noarch/m2-filesystem-2025.02.23.1-hc364b38_10.conda#ddfb3ce6fae1278431bf949e15c90ca6
https://conda.anaconda.org/conda-forge/noarch/m2-gcc-libs-13.3.0.1-hc364b38_6.conda#5226906155606df581aa2d00b3ee3cbe
https://conda.anaconda.org/conda-forge/noarch/m2-gmp-6.3.0.1-hc364b38_6.conda#157445c0b38287742d43e3a09fcfaf78
https://conda.anaconda.org/conda-forge/noarch/mingw-w64-ucrt-x86_64-crt-git-12.0.0.r4.gg4f2fc60ca-hd8ed1ab_10.conda#44ffa6d68699ec9321f6d48d75bdc726
https://conda.anaconda.org/conda-forge/noarch/mingw-w64-ucrt-x86_64-winpthreads-git-12.0.0.r4.gg4f2fc60ca-hd8ed1ab_10.conda#ba0eeff6a5c62b83c771bb392e22dbb4
https://conda.anaconda.org/conda-forge/win-64/vc14_runtime-14.51.36247-habf1de7_41.conda#ac5333bb3d429361f23adf704cc49a78
https://conda.anaconda.org/conda-forge/win-64/_openmp_mutex-4.5-20_gnu.conda#1626967b574d1784b578b52eaeb071e7
https://conda.anaconda.org/conda-forge/noarch/m2-bash-5.2.037.2-hc364b38_6.conda#804c029d36d971e8de1e56016f8054a5
https://conda.anaconda.org/conda-forge/noarch/m2-libiconv-1.18.1-hc364b38_6.conda#4492469742acad4b4d0b25eb84d3091f
https://conda.anaconda.org/conda-forge/noarch/m2w64-sysroot_win-64-12.0.0.r4.gg4f2fc60ca-hd8ed1ab_10.conda#9676d2a30fa3ffa4e5350041d0993758
https://conda.anaconda.org/conda-forge/win-64/vc-14.5-ha367084_41.conda#aa805b5522c2a98fa286e551a1f48546
https://conda.anaconda.org/conda-forge/win-64/vs2015_runtime-14.51.36247-h633cb9f_41.conda#21504569fa34b5d3a67760219e3ff1cc
https://conda.anaconda.org/conda-forge/win-64/aws-c-common-0.14.2-hfd05255_0.conda#75b4445fec6477b271920f87830d22a3
https://conda.anaconda.org/conda-forge/win-64/azure-core-cpp-1.16.3-h49e36cd_0.conda#1e8ee0cbdb1822de68e488e98cd8a31e
https://conda.anaconda.org/conda-forge/win-64/bzip2-1.0.8-h0ad9c76_9.conda#4cb8e6b48f67de0b018719cdf1136306
https://conda.anaconda.org/conda-forge/win-64/c-ares-1.34.8-hfd05255_0.conda#09443b26341ad924595a16b1bd6b79ec
https://conda.anaconda.org/conda-forge/win-64/fribidi-1.0.16-hfd05255_0.conda#c27bd87e70f970010c1c6db104b88b18
https://conda.anaconda.org/conda-forge/win-64/graphite2-1.3.15-hac47afa_0.conda#ff9a9bfe791f56b0227597a7651a6af0
https://conda.anaconda.org/conda-forge/win-64/icu-78.3-h5112557_2.conda#e596942e8ee6ee17fdcf1e6a77757a66
https://conda.anaconda.org/conda-forge/win-64/lerc-4.2.0-hd936e49_0.conda#add59e2b60ac9d4299d17c938185c75a
https://conda.anaconda.org/conda-forge/win-64/libabseil-20260526.0-cxx17_h0eb2380_1.conda#50a46018a50bb1feeb4496dc98deae5b
https://conda.anaconda.org/conda-forge/win-64/libbrotlicommon-1.2.0-hfd05255_1.conda#444b0a45bbd1cb24f82eedb56721b9c4
https://conda.anaconda.org/conda-forge/win-64/libcrc32c-1.1.2-h0e60522_0.tar.bz2#cd4cc2d0c610c8cb5419ccc979f2d6ce
https://conda.anaconda.org/conda-forge/win-64/libdeflate-1.25-h51727cc_0.conda#e77030e67343e28b084fabd7db0ce43e
https://conda.anaconda.org/conda-forge/win-64/libexpat-2.8.1-hac47afa_1.conda#ccc490c81ffe14181861beac0e8f3169
https://conda.anaconda.org/conda-forge/win-64/libffi-3.5.2-h3d046cb_0.conda#720b39f5ec0610457b725eb3f396219a
https://conda.anaconda.org/conda-forge/win-64/libgcc-16.1.0-h110b43a_1.conda#0b5cc3373b5f925934421259463397a4
https://conda.anaconda.org/conda-forge/win-64/libiconv-1.18-hc1393d2_2.conda#64571d1dd6cdcfa25d0664a5950fdaa2
https://conda.anaconda.org/conda-forge/win-64/libjpeg-turbo-3.2.0-hfd05255_0.conda#cf219146d5bf2fee5907409ff9f5ac89
https://conda.anaconda.org/conda-forge/win-64/liblzma-5.8.3-hfd05255_0.conda#8f83619ab1588b98dd99c90b0bfc5c6d
https://conda.anaconda.org/conda-forge/win-64/libsqlite-3.53.4-hf5d6505_0.conda#ca0d59f40a02a15e9b5d0ff8db0f85e3
https://conda.anaconda.org/conda-forge/win-64/libutf8proc-2.11.3-hb980946_0.conda#5f34fcb6578ea9bdbfd53cc2cfb88200
https://conda.anaconda.org/conda-forge/win-64/libwebp-base-1.6.0-h4d5522a_0.conda#f9bbae5e2537e3b06e0f7310ba76c893
https://conda.anaconda.org/conda-forge/win-64/libzlib-1.3.2-hfd05255_3.conda#5d2ff29d465097458cc3ff6569151991
https://conda.anaconda.org/conda-forge/win-64/llvm-openmp-22.1.8-h4fa8253_0.conda#de3551bf6508d45ca46b714639e52823
https://conda.anaconda.org/conda-forge/win-64/lz4-c-1.10.0-h2466b09_1.conda#0b69331897a92fac3d8923549d48d092
https://conda.anaconda.org/conda-forge/noarch/m2-libintl-0.22.5.1-hc364b38_6.conda#880d8433f0b4843abe292ee648e6a2b3
https://conda.anaconda.org/conda-forge/win-64/openssl-3.6.3-hf411b9b_0.conda#e99f95734a326c0fd4d02bbd995150d4
https://conda.anaconda.org/conda-forge/win-64/pixman-0.46.4-h5112557_2.conda#df8da7fe89bdc91b880df69a8eb1c37b
https://conda.anaconda.org/conda-forge/win-64/qhull-2020.2-hc790b64_5.conda#854fbdff64b572b5c0b470f334d34c11
https://conda.anaconda.org/conda-forge/win-64/snappy-1.2.2-h7fa0ca8_1.conda#3075846de68f942150069d4289aaad63
https://conda.anaconda.org/conda-forge/win-64/tk-8.6.13-h967ab96_3.conda#aaf79e2af50a151fb5b5a3e3f38b7a69
https://conda.anaconda.org/conda-forge/win-64/zlib-ng-2.3.3-h0261ad2_1.conda#46a21c0a4e65f1a135251fc7c8663f83
https://conda.anaconda.org/conda-forge/win-64/aws-c-cal-0.9.14-h032d170_4.conda#fda8fa85ef5d8570d5a0aadea688bb82
https://conda.anaconda.org/conda-forge/win-64/aws-c-compression-0.3.2-h1da161f_4.conda#996e5c7da8f9e255eac094d2413b40c3
https://conda.anaconda.org/conda-forge/win-64/aws-c-sdkutils-0.2.7-h1da161f_2.conda#882d834f12e0abf4c7a0e9bb0c72e281
https://conda.anaconda.org/conda-forge/win-64/aws-checksums-0.2.10-h1da161f_4.conda#a3c81085892f2983979836f2937291ce
https://conda.anaconda.org/conda-forge/win-64/azure-identity-cpp-1.13.3-hf9fdf8e_2.conda#d1842ddabf2087c50e5305fc4f613cec
https://conda.anaconda.org/conda-forge/win-64/azure-storage-common-cpp-12.14.0-hf9fdf8e_1.conda#dbaa5d09d06d06a5febe0984667aa6d2
https://conda.anaconda.org/conda-forge/win-64/krb5-1.22.2-h719d79b_1.conda#00335c2c4a98656554771aaf6f1a7400
https://conda.anaconda.org/conda-forge/win-64/libbrotlidec-1.2.0-hfd05255_1.conda#450e3ae947fc46b60f1d8f8f318b40d4
https://conda.anaconda.org/conda-forge/win-64/libbrotlienc-1.2.0-hfd05255_1.conda#ccd93cfa8e54fd9df4e83dbe55ff6e8c
https://conda.anaconda.org/conda-forge/win-64/libevent-2.1.12-h3671451_1.conda#25efbd786caceef438be46da78a7b5ef
https://conda.anaconda.org/conda-forge/win-64/libintl-0.22.5-h5728263_3.conda#2cf0cf76cc15d360dfa2f17fd6cf9772
https://conda.anaconda.org/conda-forge/win-64/libpng-1.6.58-h7351971_0.conda#52f1280563f3b48b5f75414cd2d15dd1
https://conda.anaconda.org/conda-forge/win-64/libprotobuf-7.35.1-h1a71995_2.conda#86341febfb82a8beb84058167f41c3d5
https://conda.anaconda.org/conda-forge/win-64/libpsl-0.23.0-h9b16d47_0.conda#826ae14cd895bd1bf9d98a16ecba030e
https://conda.anaconda.org/conda-forge/win-64/libre2-11-2025.11.05-h45f70d9_2.conda#52d096d535c65d26ffb4b84a4bba2aa1
https://conda.anaconda.org/conda-forge/win-64/libssh2-1.11.1-h9aa295b_0.conda#9dce2f112bfd3400f4f432b3d0ac07b2
https://conda.anaconda.org/conda-forge/win-64/libstdcxx-16.1.0-hae5796f_1.conda#541cbb8cd624e48968a84ee16331eb92
https://conda.anaconda.org/conda-forge/win-64/libxml2-16-2.15.3-h3cfd58e_0.conda#9e8dd0d90ed830107b2c36801035b7db
https://conda.anaconda.org/conda-forge/noarch/m2-coreutils-8.32.5-hc364b38_6.conda#faac63967a21cbbdb1d29681e6b98ef5
https://conda.anaconda.org/conda-forge/noarch/m2-make-4.4.1.2-hc364b38_6.conda#9f94643fc107c0ea4a91c4c3cfa4f7ed
https://conda.anaconda.org/conda-forge/noarch/m2-sed-4.9.1-hc364b38_6.conda#a54c656117c664ce64d70a3853f5f9eb
https://conda.anaconda.org/conda-forge/win-64/pcre2-10.47-hd2b5f0e_0.conda#77eaf2336f3ae749e712f63e36b0f0a1
https://conda.anaconda.org/conda-forge/win-64/pthread-stubs-0.4-h0e40799_1002.conda#3c8f2573569bb816483e5cf57efbbe29
https://conda.anaconda.org/conda-forge/win-64/python-3.12.13-h0159041_0_cpython.conda#2956dff38eb9f8332ad4caeba941cfe7
https://conda.anaconda.org/conda-forge/win-64/xorg-libxau-1.0.12-hba3369d_1.conda#8436cab9a76015dfe7208d3c9f97c156
https://conda.anaconda.org/conda-forge/win-64/xorg-libxdmcp-1.1.5-hba3369d_1.conda#a7c03e38aa9c0e84d41881b9236eacfb
https://conda.anaconda.org/conda-forge/win-64/zlib-1.3.2-hfd05255_3.conda#945092a9bc1d0f250f7d5ecf51ecd471
https://conda.anaconda.org/conda-forge/win-64/zstd-1.5.7-h534d264_6.conda#053b84beec00b71ea8ff7a4f84b55207
https://conda.anaconda.org/conda-forge/win-64/aws-c-io-0.27.3-hbdc738f_1.conda#579600368b15fb523d69e2a3f8a9bc55
https://conda.anaconda.org/conda-forge/win-64/azure-storage-blobs-cpp-12.18.0-h4fb3251_1.conda#7d38f326139cefa0a9c2ec505c0177b1
https://conda.anaconda.org/conda-forge/win-64/brotli-bin-1.2.0-hfd05255_1.conda#6abd7089eb3f0c790235fe469558d190
https://conda.anaconda.org/conda-forge/noarch/cloudpickle-3.1.2-pyhcf101f3_1.conda#61b8078a0905b12529abc622406cb62c
https://conda.anaconda.org/conda-forge/noarch/colorama-0.4.6-pyhd8ed1ab_1.conda#962b9857ee8e7018c22f2776ffa0b2d7
https://conda.anaconda.org/conda-forge/noarch/cycler-0.12.1-pyhcf101f3_2.conda#4c2a8fef270f6c69591889b93f9f55c1
https://conda.anaconda.org/conda-forge/noarch/fsspec-2026.7.0-pyhd8ed1ab_0.conda#b9176565976c773a0739bd83deaf06cc
https://conda.anaconda.org/conda-forge/win-64/kiwisolver-1.5.0-py312h78d62e6_0.conda#4ff6f76c2c16c85806ee7533768f5e64
https://conda.anaconda.org/conda-forge/win-64/ld_impl_win-64-2.46.1-default_hfd38196_102.conda#179ed4e90a5c9560bebb28292a726f12
https://conda.anaconda.org/conda-forge/win-64/libcurl-8.21.0-hdb0ef4a_4.conda#5e9c5b83929cf7ab2c04121af771e7b5
https://conda.anaconda.org/conda-forge/win-64/libfreetype6-2.14.3-hdbac1cb_1.conda#4e4d54f9f98383d977ba56ef39ebf46d
https://conda.anaconda.org/conda-forge/win-64/libglib-2.88.3-h7ce1215_0.conda#2f43ad5d918b2e6968bd61cc8daff62c
https://conda.anaconda.org/conda-forge/win-64/libthrift-0.22.0-h2e43b2f_2.conda#42856184560e5cf901551fd414ad25c1
https://conda.anaconda.org/conda-forge/win-64/libtiff-4.7.2-h8f73337_0.conda#e83f459471905a04ebe15e21d063c49d
https://conda.anaconda.org/conda-forge/win-64/libxcb-1.17.0-h0e4246c_0.conda#a69bbf778a462da324489976c84cfc8c
https://conda.anaconda.org/conda-forge/win-64/libxml2-2.15.3-h8ef44ab_0.conda#95591ca5671d2213f5b2d5aa7818420d
https://conda.anaconda.org/conda-forge/win-64/llvmlite-0.48.0-py312h1534abe_1.conda#b81cc4ed24f7661ab64c61fa91da2f75
https://conda.anaconda.org/conda-forge/noarch/munkres-1.1.4-pyhd8ed1ab_1.conda#37293a85a0f4f77bbd9cf7aaefc62609
https://conda.anaconda.org/conda-forge/noarch/narwhals-2.24.0-pyhcf101f3_0.conda#42ef6cbb3e1d0e6689b9dd160f560eae
https://conda.anaconda.org/conda-forge/win-64/orc-2.3.1-hf7eca67_0.conda#d0e00e318dceb35f9a66f52225609ed2
https://conda.anaconda.org/conda-forge/noarch/packaging-26.2-pyhc364b38_0.conda#4c06a92e74452cfa53623a81592e8934
https://conda.anaconda.org/conda-forge/noarch/pyparsing-3.3.2-pyhcf101f3_0.conda#3687cc0b82a8b4c17e1f0eb7e47163d5
https://conda.anaconda.org/conda-forge/noarch/python-tzdata-2026.3-pyhd8ed1ab_0.conda#eefc8d916bd2e708d76d40398ef9a1ee
https://conda.anaconda.org/conda-forge/noarch/pytz-2026.3.post1-pyhcf101f3_0.conda#eb2fb9070c0232e96ae5515d8b28e4f9
https://conda.anaconda.org/conda-forge/win-64/re2-2025.11.05-haef9524_2.conda#5d51319ef836277672d665c2fc04bab0
https://conda.anaconda.org/conda-forge/noarch/scikit-base-0.13.0-pyhc455866_0.conda#bd37443d1704c81a2412d94faaaae7de
https://conda.anaconda.org/conda-forge/noarch/setuptools-83.0.0-pyh332efcf_0.conda#6bf6acbab2499830180ec88c3aff2fa4
https://conda.anaconda.org/conda-forge/noarch/six-1.17.0-pyhe01879c_1.conda#3339e3b65d58accf4ca4fb8748ab16b3
https://conda.anaconda.org/conda-forge/noarch/threadpoolctl-3.6.0-pyhecae5ae_0.conda#9d64911b31d57ca443e9f1e36b04385f
https://conda.anaconda.org/conda-forge/win-64/unicodedata2-17.0.1-py312he06e257_0.conda#9c46f390eb4b5c6e502df20378e442dd
https://conda.anaconda.org/conda-forge/noarch/zipp-4.1.0-pyhcf101f3_0.conda#ba3dcdc8584155c97c648ae9c044b7a3
https://conda.anaconda.org/conda-forge/win-64/aws-c-event-stream-0.7.1-h88938e3_4.conda#6f00186d3ab808e5b04c6063f1e2b48c
https://conda.anaconda.org/conda-forge/win-64/aws-c-http-0.11.0-h667fc28_4.conda#c17a284b159959a8639298ed7da8ad0b
https://conda.anaconda.org/conda-forge/win-64/azure-storage-files-datalake-cpp-12.16.0-heb2e695_1.conda#59a1891edca316111ad277dc3535f2f0
https://conda.anaconda.org/conda-forge/win-64/binutils_impl_win-64-2.46.1-default_ha84baeb_102.conda#7832bada38267be3333319febcf5e4fc
https://conda.anaconda.org/conda-forge/win-64/brotli-1.2.0-h2d644bc_1.conda#bc58fdbced45bb096364de0fba1637af
https://conda.anaconda.org/conda-forge/noarch/importlib_resources-7.1.0-pyhd8ed1ab_0.conda#0ba6225c279baf7ea9473a62ea0ec9ae
https://conda.anaconda.org/conda-forge/noarch/joblib-1.5.3-pyhd8ed1ab_0.conda#615de2a4d97af50c350e5cf160149e77
https://conda.anaconda.org/conda-forge/win-64/lcms2-2.19.1-hf2c6c5f_1.conda#1df4012c8a2478699d07bc26af66d41e
https://conda.anaconda.org/conda-forge/win-64/libfreetype-2.14.3-h57928b3_1.conda#e45b52fb9a81c9e2708465a706e05952
https://conda.anaconda.org/conda-forge/win-64/libgrpc-1.82.1-he6cc664_0.conda#343241db44cbda08b4b41689608a07af
https://conda.anaconda.org/conda-forge/win-64/libhwloc-2.13.0-default_h049141e_1000.conda#6a01c986e30292c715038d2788aa1385
https://conda.anaconda.org/conda-forge/win-64/openjpeg-2.5.4-h0e57b4f_0.conda#e723ab7cc2794c954e1b22fde51c16e4
https://conda.anaconda.org/conda-forge/win-64/prometheus-cpp-1.3.0-hcea2f5d_0.conda#128297355faf0afcb84e22e43d472101
https://conda.anaconda.org/conda-forge/noarch/python-dateutil-2.9.0.post0-pyhe01879c_2.conda#5b8d21249ff20967101ffa321cab24e8
https://conda.anaconda.org/conda-forge/noarch/tqdm-4.70.0-pyha7b4d00_0.conda#7eac270516c8221cedc7f40a96d7fb8f
https://conda.anaconda.org/conda-forge/noarch/wheel-0.47.0-pyhd8ed1ab_0.conda#d0e3b2f0030cf4fca58bde71d246e94c
https://conda.anaconda.org/conda-forge/win-64/aws-c-auth-0.10.4-hc6e9107_1.conda#f7069cdc81f7a5e781f1faf6aab6c171
https://conda.anaconda.org/conda-forge/win-64/aws-c-mqtt-0.16.0-hd7b40c3_2.conda#87bbe253aafe6d570a176b6aa2ef9c68
https://conda.anaconda.org/conda-forge/win-64/binutils_win-64-2.46.1-default_hd1c8def_102.conda#6f075a6d0060a1d43f85a94baa163ad2
https://conda.anaconda.org/conda-forge/win-64/fontconfig-2.18.2-hd47e2ca_0.conda#8a2cb80ec7f2a366dd53b48403844154
https://conda.anaconda.org/conda-forge/win-64/fonttools-4.63.0-py312h05f76fc_0.conda#2944f5f8ea7e2db9cea01ed951e09194
https://conda.anaconda.org/conda-forge/win-64/freetype-2.14.3-h57928b3_1.conda#e77293b32225b136a8be300f93d0e89f
https://conda.anaconda.org/conda-forge/win-64/gcc_impl_win-64-14.4.0-h22d8ade_1.conda#ce37b3ba24e7a57c0ea45b35dafd14c1
https://conda.anaconda.org/conda-forge/noarch/holidays-0.101-pyhcf101f3_0.conda#37923b49cd43a78944ebf20fac75fce4
https://conda.anaconda.org/conda-forge/win-64/libopentelemetry-cpp-1.27.0-h4cd8edf_1.conda#300e6113eae2004627a2c2233bbd5a55
https://conda.anaconda.org/conda-forge/win-64/pillow-12.3.0-py312h31f0997_0.conda#7e163dfd8d118658c0ca0ebffe80ad7d
https://conda.anaconda.org/conda-forge/noarch/pip-26.2-pyh8b19718_0.conda#2e8a3ed3e7935bd5e1729b6b27ed3f4e
https://conda.anaconda.org/conda-forge/win-64/tbb-2023.0.0-hd3d4ead_2.conda#8ee01a693aecff5432069eaaf1183c45
https://conda.anaconda.org/conda-forge/win-64/aws-c-s3-0.12.8-hd7ee1a1_1.conda#4ac02fa15bf3809101e2eeb340b6078c
https://conda.anaconda.org/conda-forge/win-64/cairo-1.18.4-h477c42c_1.conda#52ea1beba35b69852d210242dd20f97d
https://conda.anaconda.org/conda-forge/win-64/gcc_win-64-14.4.0-hd2d5470_0.conda#206f263f1d74b8f0b31f4a51e45ec196
https://conda.anaconda.org/conda-forge/win-64/gxx_impl_win-64-14.4.0-h6b24d39_1.conda#766144658da30119c3acf47468a660fa
https://conda.anaconda.org/conda-forge/win-64/libgoogle-cloud-3.7.0-hfe3f7e9_0.conda#4957e887b8ff6e7c1108e217b879ebc3
https://conda.anaconda.org/conda-forge/win-64/mkl-2026.1.0-hac47afa_233.conda#5afbf28c4ca3e05b5469dbbd78c8e704
https://conda.anaconda.org/conda-forge/win-64/aws-crt-cpp-0.40.1-he7c1723_3.conda#2b25be5d69a7ed4a63cde762e82cd1e0
https://conda.anaconda.org/conda-forge/win-64/gxx_win-64-14.4.0-h2a64713_0.conda#88f8e7cf4c388e00c4a4ba02171e5aae
https://conda.anaconda.org/conda-forge/win-64/libblas-3.11.0-8_h8455456_mkl.conda#4a0ce24b1a946ff77ae9eaa7ef015a33
https://conda.anaconda.org/conda-forge/win-64/libgoogle-cloud-storage-3.7.0-he04ea4c_0.conda#58728b379859ceb2d41642f49411e440
https://conda.anaconda.org/conda-forge/win-64/libharfbuzz-14.2.1-h03b5201_1.conda#005469a341088900ca235892d3154c24
https://conda.anaconda.org/conda-forge/win-64/aws-sdk-cpp-1.11.833-hdf1b151_9.conda#0d6b7d24ad2b8454b061404b76382e0d
https://conda.anaconda.org/conda-forge/win-64/cmdstan-2.37.0-h3ca9ed2_1.conda#9dc8f7fb61c0405683da694150fe5d19
https://conda.anaconda.org/conda-forge/win-64/libcblas-3.11.0-8_h2a3cdd5_mkl.conda#09f1d8e4d2675d34ad2acb115211d10c
https://conda.anaconda.org/conda-forge/win-64/liblapack-3.11.0-8_hf9ab0e9_mkl.conda#d584799b920ecae9b75a2b70743a3de7
https://conda.anaconda.org/conda-forge/win-64/libraqm-0.11.0-h50d6d30_0.conda#df92be5685f712989830bdb7ee39383a
https://conda.anaconda.org/conda-forge/win-64/libarrow-25.0.0-h20c36f3_3_cpu.conda#082ecab7d62fcf79ce26236b80e76578
https://conda.anaconda.org/conda-forge/win-64/numpy-2.3.5-py312ha72d056_1.conda#7c5be40fd2acb37ca897f018f7c5f921
https://conda.anaconda.org/conda-forge/win-64/contourpy-1.3.3-py312h78d62e6_4.conda#475bd41a63e613f2f2a2764cd1cd3b25
https://conda.anaconda.org/conda-forge/win-64/coreforecast-0.0.18-py312hf90b1b7_0.conda#cd42d2905cb0efb179107b1111689ac1
https://conda.anaconda.org/conda-forge/win-64/libarrow-compute-25.0.0-h081cd8e_3_cpu.conda#5231ee28028c0e342550873d25d21d07
https://conda.anaconda.org/conda-forge/win-64/libparquet-25.0.0-h7051d1f_3_cpu.conda#6fd6233ec7bd1ee2423a28eab21e8f75
https://conda.anaconda.org/conda-forge/win-64/numba-0.66.0-py312h5c1b14b_1.conda#46d0856f3b5ddca82c7d1fbddce5d153
https://conda.anaconda.org/conda-forge/win-64/pandas-2.3.3-py312hc128f0a_2.conda#57d80e87a8b3161bcf26472deceaa556
https://conda.anaconda.org/conda-forge/noarch/patsy-1.0.2-pyhcf101f3_0.conda#8678577a52161cc4e1c93fcc18e8a646
https://conda.anaconda.org/conda-forge/win-64/scipy-1.15.2-py312h451d5c4_0.conda#50632c72cc92ae3ebb615cb496bbf946
https://conda.anaconda.org/conda-forge/noarch/stanio-0.5.1-pyhd8ed1ab_1.conda#a4b46bbc8e0159f7970afef0ca758fdd
https://conda.anaconda.org/conda-forge/noarch/cmdstanpy-1.3.0-pyhd8ed1ab_0.conda#c44f1676a19ea9bc30d1f0be70a356dc
https://conda.anaconda.org/conda-forge/win-64/libarrow-acero-25.0.0-h7d8d6a5_3_cpu.conda#1f948e54f605402994877c1df640c668
https://conda.anaconda.org/conda-forge/win-64/matplotlib-base-3.11.1-py312hf9659c1_2.conda#a3871999aaea72bdf1cd63937ae3560c
https://conda.anaconda.org/conda-forge/win-64/pyarrow-core-25.0.0-py312h12c7521_0_cpu.conda#53cffbf212097b8333f1baeb1e13ead9
https://conda.anaconda.org/conda-forge/win-64/ruptures-1.1.10-py312h196c9fc_0.conda#c42183fc62a6913a9c9a8fff329682d4
https://conda.anaconda.org/conda-forge/win-64/scikit-learn-1.7.2-py312h91ac024_0.conda#640f74b19cfe413de754391df630a15a
https://conda.anaconda.org/conda-forge/win-64/statsmodels-0.14.6-py312h196c9fc_0.conda#180f6ee9579c0c6111af5a5638686a64
https://conda.anaconda.org/conda-forge/noarch/utilsforecast-0.2.16-pyhd8ed1ab_0.conda#b71267d48352df4356bd1c353abc290d
https://conda.anaconda.org/conda-forge/win-64/libarrow-dataset-25.0.0-h7d8d6a5_3_cpu.conda#592863e63dbcec46b876042faf6158b2
https://conda.anaconda.org/conda-forge/win-64/prophet-1.3.0-py312h01a9f9e_1.conda#87cf8c9ae268daba16aa80f59abe0f54
https://conda.anaconda.org/conda-forge/win-64/sktime-0.40.1-py312h2e8e312_0.conda#31847a384cbe69b96e6b2a988ca6f499
https://conda.anaconda.org/conda-forge/win-64/libarrow-substrait-25.0.0-hffb5221_3_cpu.conda#d28db517034293dbb393d649c5063b68
https://conda.anaconda.org/conda-forge/win-64/pyarrow-25.0.0-py312h2e8e312_0.conda#e2d238b9b91a6bbf66b6daee1b382661
https://conda.anaconda.org/conda-forge/noarch/triad-1.0.2-pyhcf101f3_0.conda#b4608921102594e611b8dfb95d4f93cd
https://conda.anaconda.org/conda-forge/noarch/adagio-0.2.6-pyhd8ed1ab_1.conda#e501931a052662243622ca1a56147f5f
https://conda.anaconda.org/conda-forge/noarch/fugue-0.9.7-pyhcf101f3_0.conda#12d96cc81c40a19039cabd9e540b71fa
https://conda.anaconda.org/conda-forge/win-64/statsforecast-2.0.3-py312hf90b1b7_0.conda#435f09dfe2e50a5ab02ebecdcc1a489b
