# Generated by conda-lock.
# platform: win-64
# input_hash: 2fbeba4883481c19ffcb352bfc00ba49bc7a4c5ea442c41f061f1629fcb95db5
@EXPLICIT
https://conda.anaconda.org/conda-forge/noarch/font-ttf-dejavu-sans-mono-2.37-hab24e00_0.tar.bz2#0c96522c6bdaed4b1566d11387caaf45
https://conda.anaconda.org/conda-forge/noarch/font-ttf-inconsolata-3.000-h77eed37_0.tar.bz2#34893075a5c9e55cdafac56607368fc6
https://conda.anaconda.org/conda-forge/noarch/font-ttf-source-code-pro-2.038-h77eed37_0.tar.bz2#4d59c254e01d9cde7957100457e2d5fb
https://conda.anaconda.org/conda-forge/noarch/font-ttf-ubuntu-0.83-h77eed37_3.conda#49023d73832ef61042f6a237cb2687e7
https://conda.anaconda.org/conda-forge/win-64/libopentelemetry-cpp-headers-1.27.0-h57928b3_1.conda#85e4342d7e798c99a828d59303909d09
https://conda.anaconda.org/conda-forge/win-64/m2-conda-epoch-20250515-0_x86_64.conda#7d60fb16df2cd07fbc3dbff1c9df4244
https://conda.anaconda.org/conda-forge/win-64/nlohmann_json-3.12.0-h5112557_2.conda#faf4e3f7981777629dd7cbef578834ad
https://conda.anaconda.org/conda-forge/noarch/python_abi-3.12-9_cp312.conda#4c32076993e6270825441d059ab5c18b
https://conda.anaconda.org/conda-forge/noarch/tzdata-2026c-h151e31d_0.conda#fcb489df604d100968b737f2cb6076c6
https://conda.anaconda.org/conda-forge/win-64/ucrt-10.0.26100.0-h57928b3_0.conda#71b24316859acd00bdb8b38f5e2ce328
https://conda.anaconda.org/conda-forge/noarch/ca-certificates-2026.7.22-h4c7d964_0.conda#e27d2ac27b096dc51fedfcf775a53f9b
https://conda.anaconda.org/conda-forge/noarch/fonts-conda-forge-1-hc364b38_1.conda#a7970cd949a077b7cb9696379d338681
https://conda.anaconda.org/conda-forge/noarch/libgcc-devel_win-64-14.4.0-h4af83d7_104.conda#5af2b1835a32163b8d2cab00a29efd2c
https://conda.anaconda.org/conda-forge/noarch/libstdcxx-devel_win-64-14.4.0-hb333908_104.conda#13a177f74d6f7307e295439998dd9bb2
https://conda.anaconda.org/conda-forge/win-64/libwinpthread-12.0.0.r4.gg4f2fc60ca-h57928b3_10.conda#8a86073cf3b343b87d03f41790d8b4e5
https://conda.anaconda.org/conda-forge/noarch/m2-msys2-runtime-3.6.1.4-hc364b38_6.conda#fb7de65144b11c4c7284a00e3170c797
https://conda.anaconda.org/conda-forge/noarch/mingw-w64-ucrt-x86_64-headers-git-12.0.0.r4.gg4f2fc60ca-hd8ed1ab_10.conda#cab7b807024204893ef5bb1860d91408
https://conda.anaconda.org/conda-forge/noarch/mingw-w64-ucrt-x86_64-windows-default-manifest-6.4-he206cdd_7.conda#1d6b5c96d7e3cce773519d7d1a4482f0
https://conda.anaconda.org/conda-forge/win-64/vcomp14-14.51.36247-habf1de7_41.conda#350bb67a5c8e5f1c53347ac544ab6600
https://conda.anaconda.org/conda-forge/noarch/fonts-conda-ecosystem-1-0.tar.bz2#fee5683a3f04bd15cbd8318b096a27ab
https://conda.anaconda.org/conda-forge/win-64/gendef-v12.0.0.r1.ggdc42231f0-he1bec0e_2.conda#1ef764cd71f059154bf99cde8200ab19
https://conda.anaconda.org/conda-forge/win-64/libgomp-16.2.0-h8ee18e1_4.conda#91189f0bc9ff21f385fcda6232346612
https://conda.anaconda.org/conda-forge/noarch/m2-filesystem-2025.02.23.1-hc364b38_10.conda#ddfb3ce6fae1278431bf949e15c90ca6
https://conda.anaconda.org/conda-forge/noarch/m2-gcc-libs-13.3.0.1-hc364b38_6.conda#5226906155606df581aa2d00b3ee3cbe
https://conda.anaconda.org/conda-forge/noarch/m2-gmp-6.3.0.1-hc364b38_6.conda#157445c0b38287742d43e3a09fcfaf78
https://conda.anaconda.org/conda-forge/noarch/mingw-w64-ucrt-x86_64-crt-git-12.0.0.r4.gg4f2fc60ca-hd8ed1ab_10.conda#44ffa6d68699ec9321f6d48d75bdc726
https://conda.anaconda.org/conda-forge/noarch/mingw-w64-ucrt-x86_64-winpthreads-git-12.0.0.r4.gg4f2fc60ca-hd8ed1ab_10.conda#ba0eeff6a5c62b83c771bb392e22dbb4
https://conda.anaconda.org/conda-forge/win-64/vc14_runtime-14.51.36247-habf1de7_41.conda#ac5333bb3d429361f23adf704cc49a78
https://conda.anaconda.org/conda-forge/win-64/_openmp_mutex-4.5-20_gnu.conda#1626967b574d1784b578b52eaeb071e7
https://conda.anaconda.org/conda-forge/noarch/m2-bash-5.2.037.2-hc364b38_6.conda#804c029d36d971e8de1e56016f8054a5
https://conda.anaconda.org/conda-forge/noarch/m2-libiconv-1.18.1-hc364b38_6.conda#4492469742acad4b4d0b25eb84d3091f
https://conda.anaconda.org/conda-forge/noarch/m2w64-sysroot_win-64-12.0.0.r4.gg4f2fc60ca-hd8ed1ab_10.conda#9676d2a30fa3ffa4e5350041d0993758
https://conda.anaconda.org/conda-forge/win-64/vc-14.5-ha367084_41.conda#aa805b5522c2a98fa286e551a1f48546
https://conda.anaconda.org/conda-forge/win-64/vs2015_runtime-14.51.36247-h633cb9f_41.conda#21504569fa34b5d3a67760219e3ff1cc
https://conda.anaconda.org/conda-forge/win-64/aws-c-common-0.14.2-hfd05255_0.conda#75b4445fec6477b271920f87830d22a3
https://conda.anaconda.org/conda-forge/win-64/azure-core-cpp-1.16.3-h49e36cd_0.conda#1e8ee0cbdb1822de68e488e98cd8a31e
https://conda.anaconda.org/conda-forge/win-64/bzip2-1.0.8-h0ad9c76_10.conda#c3301c058362f340100d91cd8be0393f
https://conda.anaconda.org/conda-forge/win-64/c-ares-1.34.8-h6a83c73_2.conda#b5a0be28d048d8bbe81df51e4b750500
https://conda.anaconda.org/conda-forge/win-64/fribidi-1.0.16-hfd05255_2.conda#130c9b1af59ff14131c661cc14e4a632
https://conda.anaconda.org/conda-forge/win-64/graphite2-1.3.15-h5112557_1.conda#79538e7a7bc024084eda5989f73fde35
https://conda.anaconda.org/conda-forge/win-64/icu-78.3-h5112557_2.conda#e596942e8ee6ee17fdcf1e6a77757a66
https://conda.anaconda.org/conda-forge/win-64/lerc-4.2.0-hd936e49_0.conda#add59e2b60ac9d4299d17c938185c75a
https://conda.anaconda.org/conda-forge/win-64/libabseil-20260526.0-cxx17_h04e5de1_2.conda#7cd4be232c8e6388fcf5fadc7f429dd7
https://conda.anaconda.org/conda-forge/win-64/libbrotlicommon-1.2.0-hf02afa3_4.conda#35d7e4a581c8364e8c675f6b95d183d0
https://conda.anaconda.org/conda-forge/win-64/libcrc32c-1.1.2-h0e60522_0.tar.bz2#cd4cc2d0c610c8cb5419ccc979f2d6ce
https://conda.anaconda.org/conda-forge/win-64/libdeflate-1.25-h1a1d4e4_1.conda#e4e122e124676a49eebf241399ad8393
https://conda.anaconda.org/conda-forge/win-64/libexpat-2.8.1-hac47afa_1.conda#ccc490c81ffe14181861beac0e8f3169
https://conda.anaconda.org/conda-forge/win-64/libffi-3.7.0-h3d046cb_1.conda#ceb38b0ba900847d8da4289c3c8e5708
https://conda.anaconda.org/conda-forge/win-64/libgcc-16.2.0-h110b43a_4.conda#02793cf48b68687fee158a48c92850a6
https://conda.anaconda.org/conda-forge/win-64/libiconv-1.18-hc1393d2_3.conda#a8a2abdf0f901bc4779d9b7be0845921
https://conda.anaconda.org/conda-forge/win-64/libjpeg-turbo-3.2.0-hfd05255_1.conda#fc2c23bacefd1e733f1e1d6cd3b2aaeb
https://conda.anaconda.org/conda-forge/win-64/liblzma-5.8.3-hfd05255_1.conda#880a0c8549479b198af21ba5dc49b109
https://conda.anaconda.org/conda-forge/win-64/libpython-3.12.14-hcc31f7b_3_cpython.conda#2a7b3fc2441dc4df29a5804d677fb720
https://conda.anaconda.org/conda-forge/win-64/libsqlite-3.53.4-hf5d6505_1.conda#a72d495965b144bb7da033642d389047
https://conda.anaconda.org/conda-forge/win-64/libutf8proc-2.11.3-hb980946_0.conda#5f34fcb6578ea9bdbfd53cc2cfb88200
https://conda.anaconda.org/conda-forge/win-64/libwebp-base-1.6.0-h4d5522a_1.conda#35a9475e4cc999d52921f57c181979fc
https://conda.anaconda.org/conda-forge/win-64/libzlib-1.3.2-hfd05255_3.conda#5d2ff29d465097458cc3ff6569151991
https://conda.anaconda.org/conda-forge/win-64/llvm-openmp-23.1.0-h49e36cd_0.conda#79055ec79e1b43749763122cead30976
https://conda.anaconda.org/conda-forge/win-64/lz4-c-1.10.0-h6a83c73_2.conda#3e0691cb20fcaf922df78ccea08b771a
https://conda.anaconda.org/conda-forge/noarch/m2-libintl-0.22.5.1-hc364b38_6.conda#880d8433f0b4843abe292ee648e6a2b3
https://conda.anaconda.org/conda-forge/win-64/openssl-3.6.4-hf411b9b_0.conda#73cb1783f47c452be4c309430fbef89f
https://conda.anaconda.org/conda-forge/win-64/pixman-0.46.4-h5112557_3.conda#27c5be39d9e4d25fe85b89a069360d1e
https://conda.anaconda.org/conda-forge/win-64/qhull-2020.2-hc790b64_5.conda#854fbdff64b572b5c0b470f334d34c11
https://conda.anaconda.org/conda-forge/win-64/snappy-1.2.2-h7fa0ca8_1.conda#3075846de68f942150069d4289aaad63
https://conda.anaconda.org/conda-forge/win-64/tk-8.6.13-h967ab96_4.conda#dd9eb33c99d352b6356f86964d6040f7
https://conda.anaconda.org/conda-forge/win-64/zlib-ng-2.3.3-h0261ad2_1.conda#46a21c0a4e65f1a135251fc7c8663f83
https://conda.anaconda.org/conda-forge/win-64/aws-c-cal-0.9.14-h032d170_4.conda#fda8fa85ef5d8570d5a0aadea688bb82
https://conda.anaconda.org/conda-forge/win-64/aws-c-compression-0.3.2-h1da161f_4.conda#996e5c7da8f9e255eac094d2413b40c3
https://conda.anaconda.org/conda-forge/win-64/aws-c-sdkutils-0.2.7-h1da161f_2.conda#882d834f12e0abf4c7a0e9bb0c72e281
https://conda.anaconda.org/conda-forge/win-64/aws-checksums-0.2.10-h1da161f_4.conda#a3c81085892f2983979836f2937291ce
https://conda.anaconda.org/conda-forge/win-64/azure-identity-cpp-1.13.3-hf9fdf8e_2.conda#d1842ddabf2087c50e5305fc4f613cec
https://conda.anaconda.org/conda-forge/win-64/azure-storage-common-cpp-12.14.0-hf9fdf8e_1.conda#dbaa5d09d06d06a5febe0984667aa6d2
https://conda.anaconda.org/conda-forge/win-64/krb5-1.22.2-h719d79b_2.conda#93f5a01dec294a2228f757fe2f3432d4
https://conda.anaconda.org/conda-forge/win-64/libbrotlidec-1.2.0-h84f9c24_4.conda#1b4637ca71b21c0d31ab28c3c0b34c8e
https://conda.anaconda.org/conda-forge/win-64/libbrotlienc-1.2.0-he2a975b_4.conda#562b5e39b7797423e7fd04bae1c6ad70
https://conda.anaconda.org/conda-forge/win-64/libevent-2.1.12-h3671451_1.conda#25efbd786caceef438be46da78a7b5ef
https://conda.anaconda.org/conda-forge/win-64/libintl-0.22.5-h5728263_4.conda#36d6e0045173974521fabd42bd5033d6
https://conda.anaconda.org/conda-forge/win-64/libpng-1.6.58-hdc8cecf_1.conda#5aa7348e73691187c81d51616f17e48a
https://conda.anaconda.org/conda-forge/win-64/libprotobuf-7.35.1-h1a71995_3.conda#4d0c07f8d96e268fc4221c19e51fa165
https://conda.anaconda.org/conda-forge/win-64/libpsl-0.23.1-h9b16d47_1.conda#39cdf8c4f59e4d253cfa8091c8b3d7de
https://conda.anaconda.org/conda-forge/win-64/libre2-11-2025.11.05-h45f70d9_2.conda#52d096d535c65d26ffb4b84a4bba2aa1
https://conda.anaconda.org/conda-forge/win-64/libssh2-1.11.1-h734d217_1.conda#a21dd9ca39e74910bb96989feb916420
https://conda.anaconda.org/conda-forge/win-64/libstdcxx-16.2.0-hae5796f_4.conda#a7add5cf4172713f611e714767c56c2d
https://conda.anaconda.org/conda-forge/win-64/libxml2-16-2.15.4-h3cfd58e_0.conda#bab5489f4bd38494ffaa83d6ab924c1f
https://conda.anaconda.org/conda-forge/noarch/m2-coreutils-8.32.5-hc364b38_6.conda#faac63967a21cbbdb1d29681e6b98ef5
https://conda.anaconda.org/conda-forge/noarch/m2-make-4.4.1.2-hc364b38_6.conda#9f94643fc107c0ea4a91c4c3cfa4f7ed
https://conda.anaconda.org/conda-forge/noarch/m2-sed-4.9.1-hc364b38_6.conda#a54c656117c664ce64d70a3853f5f9eb
https://conda.anaconda.org/conda-forge/win-64/pcre2-10.47-h8466c1e_1.conda#009af999dbe2d1db36a37187a4ca4eb4
https://conda.anaconda.org/conda-forge/win-64/pthread-stubs-0.4-hfa92662_1004.conda#fda2f9fedee1b85ba855ea26a9b6bbf8
https://conda.anaconda.org/conda-forge/win-64/python-3.12.14-hb12b558_3_cpython.conda#ca6b5db05602d2a98f8694c2ad6aa6fb
https://conda.anaconda.org/conda-forge/win-64/xorg-libxau-1.0.12-hba3369d_2.conda#87aee04978ab77bf4c0f42b983c216cc
https://conda.anaconda.org/conda-forge/win-64/xorg-libxdmcp-1.1.5-hba3369d_2.conda#0e21a45f1bb429b6e35e82631e60554a
https://conda.anaconda.org/conda-forge/win-64/zlib-1.3.2-hfd05255_3.conda#945092a9bc1d0f250f7d5ecf51ecd471
https://conda.anaconda.org/conda-forge/win-64/zstd-1.5.7-h534d264_7.conda#e4ac308c39d6d0e131154976da67cf3b
https://conda.anaconda.org/conda-forge/win-64/aws-c-io-0.27.3-hbdc738f_1.conda#579600368b15fb523d69e2a3f8a9bc55
https://conda.anaconda.org/conda-forge/win-64/azure-storage-blobs-cpp-12.18.0-h4fb3251_1.conda#7d38f326139cefa0a9c2ec505c0177b1
https://conda.anaconda.org/conda-forge/win-64/brotli-bin-1.2.0-hd477307_4.conda#5353bd43aaade891fc9b614c5d537ce3
https://conda.anaconda.org/conda-forge/noarch/cloudpickle-3.1.2-pyhcf101f3_1.conda#61b8078a0905b12529abc622406cb62c
https://conda.anaconda.org/conda-forge/noarch/colorama-0.4.6-pyhd8ed1ab_1.conda#962b9857ee8e7018c22f2776ffa0b2d7
https://conda.anaconda.org/conda-forge/noarch/cycler-0.12.1-pyhcf101f3_2.conda#4c2a8fef270f6c69591889b93f9f55c1
https://conda.anaconda.org/conda-forge/noarch/fsspec-2026.7.0-pyhd8ed1ab_0.conda#b9176565976c773a0739bd83deaf06cc
https://conda.anaconda.org/conda-forge/noarch/interface_meta-1.3.0-pyhd8ed1ab_1.conda#97f07ae607e01877f0454fce4c833e40
https://conda.anaconda.org/conda-forge/win-64/kiwisolver-1.5.1-py312h78d62e6_1.conda#459a5f0502a3063097459466d562f6c4
https://conda.anaconda.org/conda-forge/win-64/ld_impl_win-64-2.46.1-default_hfd38196_102.conda#179ed4e90a5c9560bebb28292a726f12
https://conda.anaconda.org/conda-forge/win-64/libcurl-8.22.0-hdb0ef4a_0.conda#e8405e754eaac42d66f957222fcfd876
https://conda.anaconda.org/conda-forge/win-64/libfreetype6-2.14.3-hdbac1cb_2.conda#8157483eb7ed3fcba71aad3b50a97131
https://conda.anaconda.org/conda-forge/win-64/libglib-2.88.3-h261a839_3.conda#6326b3f7af94482676d8eef011b2f9d6
https://conda.anaconda.org/conda-forge/win-64/libthrift-0.22.0-h2e43b2f_2.conda#42856184560e5cf901551fd414ad25c1
https://conda.anaconda.org/conda-forge/win-64/libtiff-4.7.2-h8f73337_1.conda#970dbe48f843e7fbd179a9b6c22f865a
https://conda.anaconda.org/conda-forge/win-64/libxcb-1.17.0-h874e120_2.conda#3658b0201b32da9607ea5e3c1c463c1f
https://conda.anaconda.org/conda-forge/win-64/libxml2-2.15.4-he095d88_0.conda#3ce54d0f8f24dfab99d82414411640aa
https://conda.anaconda.org/conda-forge/win-64/llvmlite-0.49.0-py312h1534abe_3.conda#246cf54cd6e3846e875cf4e48bb36add
https://conda.anaconda.org/conda-forge/noarch/munkres-1.1.4-pyhd8ed1ab_1.conda#37293a85a0f4f77bbd9cf7aaefc62609
https://conda.anaconda.org/conda-forge/noarch/narwhals-2.25.0-pyhcf101f3_0.conda#0117bf65e45c951a9b0004172cfaeef6
https://conda.anaconda.org/conda-forge/win-64/orc-2.3.1-hf7eca67_0.conda#d0e00e318dceb35f9a66f52225609ed2
https://conda.anaconda.org/conda-forge/noarch/packaging-26.3-pyhc364b38_0.conda#936687ed80f295a1f5dbcf8bd34c252c
https://conda.anaconda.org/conda-forge/noarch/pyparsing-3.3.2-pyhcf101f3_0.conda#3687cc0b82a8b4c17e1f0eb7e47163d5
https://conda.anaconda.org/conda-forge/noarch/python-tzdata-2026.3-pyhd8ed1ab_0.conda#eefc8d916bd2e708d76d40398ef9a1ee
https://conda.anaconda.org/conda-forge/noarch/pytz-2026.3.post1-pyhcf101f3_0.conda#eb2fb9070c0232e96ae5515d8b28e4f9
https://conda.anaconda.org/conda-forge/win-64/re2-2025.11.05-haef9524_2.conda#5d51319ef836277672d665c2fc04bab0
https://conda.anaconda.org/conda-forge/noarch/scikit-base-0.13.0-pyhc455866_0.conda#bd37443d1704c81a2412d94faaaae7de
https://conda.anaconda.org/conda-forge/noarch/setuptools-84.0.0-pyh332efcf_0.conda#62ac906f1cd582c6c264c95625cb9d6f
https://conda.anaconda.org/conda-forge/noarch/six-1.17.0-pyhe01879c_1.conda#3339e3b65d58accf4ca4fb8748ab16b3
https://conda.anaconda.org/conda-forge/noarch/threadpoolctl-3.6.0-pyhecae5ae_0.conda#9d64911b31d57ca443e9f1e36b04385f
https://conda.anaconda.org/conda-forge/noarch/typing_extensions-4.16.0-pyhcf101f3_0.conda#c70ad746c22219b9700931707482992c
https://conda.anaconda.org/conda-forge/win-64/unicodedata2-17.0.1-py312he06e257_1.conda#e5254df27f6810b880f4540ceb2af6b5
https://conda.anaconda.org/conda-forge/win-64/wrapt-2.4.0-py312he5662c2_1.conda#4ce30ae984bfde48a99a0ec4df37abe0
https://conda.anaconda.org/conda-forge/noarch/zipp-4.1.0-pyhcf101f3_0.conda#ba3dcdc8584155c97c648ae9c044b7a3
https://conda.anaconda.org/conda-forge/win-64/aws-c-event-stream-0.7.1-h88938e3_4.conda#6f00186d3ab808e5b04c6063f1e2b48c
https://conda.anaconda.org/conda-forge/win-64/aws-c-http-0.11.0-h667fc28_4.conda#c17a284b159959a8639298ed7da8ad0b
https://conda.anaconda.org/conda-forge/win-64/azure-storage-files-datalake-cpp-12.16.0-heb2e695_1.conda#59a1891edca316111ad277dc3535f2f0
https://conda.anaconda.org/conda-forge/win-64/binutils_impl_win-64-2.46.1-default_ha84baeb_102.conda#7832bada38267be3333319febcf5e4fc
https://conda.anaconda.org/conda-forge/win-64/brotli-1.2.0-hc8c2fe1_4.conda#bdbb2939efe8af10e7c5885367395710
https://conda.anaconda.org/conda-forge/noarch/importlib_resources-7.1.0-pyhd8ed1ab_0.conda#0ba6225c279baf7ea9473a62ea0ec9ae
https://conda.anaconda.org/conda-forge/noarch/joblib-1.5.3-pyhd8ed1ab_0.conda#615de2a4d97af50c350e5cf160149e77
https://conda.anaconda.org/conda-forge/win-64/lcms2-2.19.1-hf2c6c5f_2.conda#2bd9052d2e496ea54f47d9db8ae4f881
https://conda.anaconda.org/conda-forge/win-64/libfreetype-2.14.3-h57928b3_2.conda#740f99c3c91079c03874b809fedace1b
https://conda.anaconda.org/conda-forge/win-64/libgrpc-1.82.1-he6cc664_0.conda#343241db44cbda08b4b41689608a07af
https://conda.anaconda.org/conda-forge/win-64/libhwloc-2.13.0-default_h049141e_1000.conda#6a01c986e30292c715038d2788aa1385
https://conda.anaconda.org/conda-forge/win-64/openjpeg-2.5.4-h90fa87c_2.conda#d9b2cb1079cf59651722c09aa3a9f840
https://conda.anaconda.org/conda-forge/win-64/prometheus-cpp-1.3.0-hcea2f5d_0.conda#128297355faf0afcb84e22e43d472101
https://conda.anaconda.org/conda-forge/noarch/python-dateutil-2.9.0.post0-pyhe01879c_2.conda#5b8d21249ff20967101ffa321cab24e8
https://conda.anaconda.org/conda-forge/noarch/tqdm-4.70.0-pyha7b4d00_0.conda#7eac270516c8221cedc7f40a96d7fb8f
https://conda.anaconda.org/conda-forge/noarch/typing-extensions-4.16.0-h69aa097_0.conda#c680b5747e8c4c8f23dca0bb7042a8fc
https://conda.anaconda.org/conda-forge/noarch/wheel-0.48.0-pyhd8ed1ab_0.conda#9a2124517bfd5d792e0f7b86eefdfeb8
https://conda.anaconda.org/conda-forge/win-64/aws-c-auth-0.10.4-hc6e9107_1.conda#f7069cdc81f7a5e781f1faf6aab6c171
https://conda.anaconda.org/conda-forge/win-64/aws-c-mqtt-0.16.0-hd7b40c3_2.conda#87bbe253aafe6d570a176b6aa2ef9c68
https://conda.anaconda.org/conda-forge/win-64/binutils_win-64-2.46.1-default_hd1c8def_102.conda#6f075a6d0060a1d43f85a94baa163ad2
https://conda.anaconda.org/conda-forge/win-64/fontconfig-2.18.3-hd47e2ca_1.conda#ed95670fed91b091fe34ba6cae6677d7
https://conda.anaconda.org/conda-forge/win-64/fonttools-4.63.0-py312h05f76fc_0.conda#2944f5f8ea7e2db9cea01ed951e09194
https://conda.anaconda.org/conda-forge/win-64/freetype-2.14.3-h57928b3_2.conda#6fc6c09c05a099d58efd9b2e96598e41
https://conda.anaconda.org/conda-forge/win-64/gcc_impl_win-64-14.4.0-h7a088a1_4.conda#d952cd7f4cb710bfb27aaee9bafb48ea
https://conda.anaconda.org/conda-forge/noarch/holidays-0.103-pyhcf101f3_0.conda#78433d4d859c2bd4041eb3c35e833538
https://conda.anaconda.org/conda-forge/win-64/libopentelemetry-cpp-1.27.0-h4cd8edf_1.conda#300e6113eae2004627a2c2233bbd5a55
https://conda.anaconda.org/conda-forge/win-64/pillow-12.3.0-py312h31f0997_2.conda#cfa0dc8a49e980c17de9a3f942dabf3d
https://conda.anaconda.org/conda-forge/noarch/pip-26.2.1-pyh8b19718_0.conda#77b6cf3b0689d9fc68561df0db9b856d
https://conda.anaconda.org/conda-forge/win-64/tbb-2023.0.0-hdcfe883_3.conda#632effc5cd23068512f7661821764807
https://conda.anaconda.org/conda-forge/win-64/aws-c-s3-0.12.8-hd7ee1a1_1.conda#4ac02fa15bf3809101e2eeb340b6078c
https://conda.anaconda.org/conda-forge/win-64/cairo-1.18.4-h477c42c_3.conda#37e4ca2dd35c4171f0587d985976b30e
https://conda.anaconda.org/conda-forge/win-64/gcc_win-64-14.4.0-hd2d5470_1.conda#c342764f680c4f43a4b53af820311aa1
https://conda.anaconda.org/conda-forge/win-64/gxx_impl_win-64-14.4.0-h6b24d39_4.conda#d49d10c07c6a5972b21c23bdca9f780b
https://conda.anaconda.org/conda-forge/win-64/libgoogle-cloud-3.8.0-hfe3f7e9_0.conda#7cde0aad4d85855fd8eec8457f5f45d8
https://conda.anaconda.org/conda-forge/win-64/mkl-2026.1.0-hac47afa_235.conda#ace316c48c178d7faa403dee51e30c7b
https://conda.anaconda.org/conda-forge/win-64/aws-crt-cpp-0.40.1-he7c1723_3.conda#2b25be5d69a7ed4a63cde762e82cd1e0
https://conda.anaconda.org/conda-forge/win-64/gxx_win-64-14.4.0-hf0ad824_1.conda#904f6b3e6f84b751c62e25e88838dfa2
https://conda.anaconda.org/conda-forge/win-64/libblas-3.11.0-10_h8455456_mkl.conda#0d13dde4466d62a488e58f12aedacc1c
https://conda.anaconda.org/conda-forge/win-64/libgoogle-cloud-storage-3.8.0-he04ea4c_0.conda#4befd053046045818ea5eedb91c70fd4
https://conda.anaconda.org/conda-forge/win-64/libharfbuzz-14.4.0-h03b5201_1.conda#d7b92075b7461e40fd8e90f08669a742
https://conda.anaconda.org/conda-forge/win-64/aws-sdk-cpp-1.11.833-hdf1b151_9.conda#0d6b7d24ad2b8454b061404b76382e0d
https://conda.anaconda.org/conda-forge/win-64/cmdstan-2.37.0-h3ca9ed2_1.conda#9dc8f7fb61c0405683da694150fe5d19
https://conda.anaconda.org/conda-forge/win-64/libcblas-3.11.0-10_h2a3cdd5_mkl.conda#7f19a81a13d7e167c42c096ff311a341
https://conda.anaconda.org/conda-forge/win-64/liblapack-3.11.0-10_hf9ab0e9_mkl.conda#3a442b27a0ca4153d07b3ceb12fd486f
https://conda.anaconda.org/conda-forge/win-64/libraqm-0.11.0-h50d6d30_0.conda#df92be5685f712989830bdb7ee39383a
https://conda.anaconda.org/conda-forge/win-64/libarrow-25.0.0-h048d329_4_cuda.conda#c5f36a24c6a6446a5dfa1f598628e81d
https://conda.anaconda.org/conda-forge/win-64/numpy-2.3.5-py312ha72d056_1.conda#7c5be40fd2acb37ca897f018f7c5f921
https://conda.anaconda.org/conda-forge/win-64/contourpy-1.3.3-py312h78d62e6_4.conda#475bd41a63e613f2f2a2764cd1cd3b25
https://conda.anaconda.org/conda-forge/win-64/coreforecast-0.0.18-py312hf90b1b7_0.conda#cd42d2905cb0efb179107b1111689ac1
https://conda.anaconda.org/conda-forge/win-64/libarrow-compute-25.0.0-h081cd8e_4_cuda.conda#3eaad898d0ca49a9a735a297f3e88b5e
https://conda.anaconda.org/conda-forge/win-64/libparquet-25.0.0-h7051d1f_4_cuda.conda#8576faa4a84c676904fed3d364f0174f
https://conda.anaconda.org/conda-forge/win-64/numba-0.67.0-py312ha1a9051_1.conda#9a6d06022a9d035bcb9a687f0a573f12
https://conda.anaconda.org/conda-forge/win-64/pandas-2.3.3-py312hc128f0a_2.conda#57d80e87a8b3161bcf26472deceaa556
https://conda.anaconda.org/conda-forge/noarch/patsy-1.0.3-pyhcf101f3_0.conda#13e1355debaf21a0b8c2726697ebb01b
https://conda.anaconda.org/conda-forge/win-64/scipy-1.15.2-py312h451d5c4_0.conda#50632c72cc92ae3ebb615cb496bbf946
https://conda.anaconda.org/conda-forge/noarch/stanio-0.5.1-pyhd8ed1ab_1.conda#a4b46bbc8e0159f7970afef0ca758fdd
https://conda.anaconda.org/conda-forge/noarch/cmdstanpy-1.3.0-pyhd8ed1ab_0.conda#c44f1676a19ea9bc30d1f0be70a356dc
https://conda.anaconda.org/conda-forge/noarch/formulaic-1.2.2-pyhd8ed1ab_0.conda#f18f43fb3e20ab309d46faebfb3348b0
https://conda.anaconda.org/conda-forge/win-64/libarrow-acero-25.0.0-h7d8d6a5_4_cuda.conda#8538f8f51d9b62a1e4495df968b5d4ab
https://conda.anaconda.org/conda-forge/win-64/matplotlib-base-3.11.1-py312hf9659c1_2.conda#a3871999aaea72bdf1cd63937ae3560c
https://conda.anaconda.org/conda-forge/win-64/pyarrow-core-25.0.0-py312h0dba86e_0_cuda.conda#9dbef1650c55b0d90acaf800f884ce8a
https://conda.anaconda.org/conda-forge/win-64/ruptures-1.1.10-py312h196c9fc_0.conda#c42183fc62a6913a9c9a8fff329682d4
https://conda.anaconda.org/conda-forge/win-64/scikit-learn-1.7.2-py312h91ac024_0.conda#640f74b19cfe413de754391df630a15a
https://conda.anaconda.org/conda-forge/noarch/utilsforecast-0.2.16-pyhd8ed1ab_0.conda#b71267d48352df4356bd1c353abc290d
https://conda.anaconda.org/conda-forge/win-64/libarrow-dataset-25.0.0-h7d8d6a5_4_cuda.conda#a219f955d9d72f4256a20dd1d6cdb502
https://conda.anaconda.org/conda-forge/win-64/prophet-1.4.0-py312h01a9f9e_0.conda#4af61fc05d8c214a53188c4723875d72
https://conda.anaconda.org/conda-forge/win-64/sktime-0.40.1-py312h2e8e312_0.conda#31847a384cbe69b96e6b2a988ca6f499
https://conda.anaconda.org/conda-forge/win-64/statsmodels-0.15.0-np2py312h226b611_1.conda#04248156047e048f17f1ea9288a83097
https://conda.anaconda.org/conda-forge/win-64/libarrow-substrait-25.0.0-hffb5221_4_cuda.conda#50be03e51b500ca9743a1c27e59cc320
https://conda.anaconda.org/conda-forge/win-64/pyarrow-25.0.0-py312h2e8e312_0.conda#e2d238b9b91a6bbf66b6daee1b382661
https://conda.anaconda.org/conda-forge/noarch/triad-1.0.2-pyhcf101f3_0.conda#b4608921102594e611b8dfb95d4f93cd
https://conda.anaconda.org/conda-forge/noarch/adagio-0.2.6-pyhd8ed1ab_1.conda#e501931a052662243622ca1a56147f5f
https://conda.anaconda.org/conda-forge/noarch/fugue-0.9.7-pyhcf101f3_0.conda#12d96cc81c40a19039cabd9e540b71fa
https://conda.anaconda.org/conda-forge/win-64/statsforecast-2.0.3-py312hf90b1b7_0.conda#435f09dfe2e50a5ab02ebecdcc1a489b
